Microsoft Visual Studio Solution File, Format Version 12.00
# Visual Studio 15
VisualStudioVersion = 15.0.27130.2010
MinimumVisualStudioVersion = 10.0.40219.1
Project("{2150E333-8FDC-42A3-9474-1A3956D46DE8}") = "NEsper", "NEsper", "{16AEE05C-3742-489F-B4AE-9C935DC2F250}"
EndProject
Project("{2150E333-8FDC-42A3-9474-1A3956D46DE8}") = "NEsper.IO", "NEsper.IO", "{035E9430-69D3-4E52-A173-F0538CE06CA2}"
EndProject
Project("{9A19103F-16F7-4668-BE54-9A1E7A4F7556}") = "NEsper.IO", "NEsper.IO\NEsper.IO\NEsper.IO.csproj", "{6B178E01-D598-4D42-BA2A-B215CC87D85E}"
EndProject
Project("{2150E333-8FDC-42A3-9474-1A3956D46DE8}") = ".nuget", ".nuget", "{18D87AC3-8AC1-4904-BF7C-5DB7FE9FA6CF}"
	ProjectSection(SolutionItems) = preProject
		.nuget\NuGet.Config = .nuget\NuGet.Config
		.nuget\NuGet.exe = .nuget\NuGet.exe
		.nuget\NuGet.targets = .nuget\NuGet.targets
	EndProjectSection
EndProject
Project("{9A19103F-16F7-4668-BE54-9A1E7A4F7556}") = "NEsper.Avro", "NEsper.Avro\NEsper.Avro.csproj", "{FF1F81C2-1E8F-44DA-A659-710C4A65A234}"
EndProject
Project("{9A19103F-16F7-4668-BE54-9A1E7A4F7556}") = "NEsper.Scripting.Jurassic", "NEsper\NEsper.Scripting.Jurassic\NEsper.Scripting.Jurassic.csproj", "{57230212-9E7D-4923-9C7F-A9EE2226A676}"
EndProject
Project("{9A19103F-16F7-4668-BE54-9A1E7A4F7556}") = "NEsper.Scripting.ClearScript", "NEsper\NEsper.Scripting.ClearScript\NEsper.Scripting.ClearScript.csproj", "{C3E171D1-9C94-4E1C-8763-0648AF65BE96}"
EndProject
Project("{9A19103F-16F7-4668-BE54-9A1E7A4F7556}") = "NEsper.Data.MySQL", "NEsper\NEsper.Data.MySQL\NEsper.Data.MySQL.csproj", "{2D559181-5569-43E6-AB09-F5222FF54F62}"
EndProject
Project("{9A19103F-16F7-4668-BE54-9A1E7A4F7556}") = "NEsper.Data.SQLite", "NEsper\NEsper.Data.SQLite\NEsper.Data.SQLite.csproj", "{F9D5392C-0599-4DB4-B5D5-1A208009BD38}"
EndProject
Project("{9A19103F-16F7-4668-BE54-9A1E7A4F7556}") = "NEsper.Data.PgSQL", "NEsper\NEsper.Data.PgSQL\NEsper.Data.PgSQL.csproj", "{FF8FF86D-EEA2-462B-8776-F3C7C0A97C5C}"
EndProject
Project("{9A19103F-16F7-4668-BE54-9A1E7A4F7556}") = "NEsper.Log.NLog", "NEsper\NEsper.Log.NLog\NEsper.Log.NLog.csproj", "{59B2D0BF-BC55-4BCB-A6E0-988829498436}"
EndProject
Project("{9A19103F-16F7-4668-BE54-9A1E7A4F7556}") = "NEsper.Compiler", "NEsper\NEsper.Compiler\NEsper.Compiler.csproj", "{FE7042F3-39FE-4EB9-A23A-FCDA15CA9B58}"
EndProject
Project("{9A19103F-16F7-4668-BE54-9A1E7A4F7556}") = "NEsper.Compat", "NEsper\NEsper.Compat\NEsper.Compat.csproj", "{CD027F12-1979-42B4-82F3-283A21DAA155}"
EndProject
Project("{9A19103F-16F7-4668-BE54-9A1E7A4F7556}") = "NEsper.Common", "NEsper\NEsper.Common\NEsper.Common.csproj", "{FF6C416D-25E3-461E-9403-A8E92F742509}"
EndProject
Project("{9A19103F-16F7-4668-BE54-9A1E7A4F7556}") = "NEsper.Runtime", "NEsper\NEsper.Runtime\NEsper.Runtime.csproj", "{C5922011-85E2-4999-846B-4B837AD0F70F}"
EndProject
Project("{9A19103F-16F7-4668-BE54-9A1E7A4F7556}") = "NEsper.LINQ", "NEsper\NEsper.LINQ\NEsper.LINQ.csproj", "{980651A5-4D15-4319-847E-735832C8F2B6}"
EndProject
Project("{9A19103F-16F7-4668-BE54-9A1E7A4F7556}") = "NEsper.Common.Tests", "NEsper\NEsper.Common.Tests\NEsper.Common.Tests.csproj", "{FCAD825D-07E0-48AC-843C-FB21F15B3C89}"
EndProject
Project("{9A19103F-16F7-4668-BE54-9A1E7A4F7556}") = "NEsper.Runtime.Tests", "NEsper\NEsper.Runtime.Tests\NEsper.Runtime.Tests.csproj", "{0360EA85-7290-4AFF-BFB0-B7FDE6806D93}"
EndProject
Project("{9A19103F-16F7-4668-BE54-9A1E7A4F7556}") = "NEsper.Regression", "NEsper\NEsper.Regression\NEsper.Regression.csproj", "{B43A16FE-816B-4A1F-A09E-2167E1BDABC0}"
EndProject
Project("{FAE04EC0-301F-11D3-BF4B-00C04F79EFBC}") = "NEsper.Regression.Runner", "NEsper\NEsper.Regression.Runner\NEsper.Regression.Runner.csproj", "{043DF7C0-C6F7-4059-A5FD-2BA0F27CF2BE}"
EndProject
Global
	GlobalSection(SolutionConfigurationPlatforms) = preSolution
		Debug|Any CPU = Debug|Any CPU
		Debug|x64 = Debug|x64
		Debug|x86 = Debug|x86
		Release|Any CPU = Release|Any CPU
		Release|x64 = Release|x64
		Release|x86 = Release|x86
		ReleaseNET40_Only|Any CPU = ReleaseNET40_Only|Any CPU
		ReleaseNET40_Only|x64 = ReleaseNET40_Only|x64
		ReleaseNET40_Only|x86 = ReleaseNET40_Only|x86
	EndGlobalSection
	GlobalSection(ProjectConfigurationPlatforms) = postSolution
		{6B178E01-D598-4D42-BA2A-B215CC87D85E}.Debug|Any CPU.ActiveCfg = Debug|Any CPU
		{6B178E01-D598-4D42-BA2A-B215CC87D85E}.Debug|Any CPU.Build.0 = Debug|Any CPU
		{6B178E01-D598-4D42-BA2A-B215CC87D85E}.Debug|x64.ActiveCfg = Debug|Any CPU
		{6B178E01-D598-4D42-BA2A-B215CC87D85E}.Debug|x64.Build.0 = Debug|Any CPU
		{6B178E01-D598-4D42-BA2A-B215CC87D85E}.Debug|x86.ActiveCfg = Debug|Any CPU
		{6B178E01-D598-4D42-BA2A-B215CC87D85E}.Debug|x86.Build.0 = Debug|Any CPU
		{6B178E01-D598-4D42-BA2A-B215CC87D85E}.Release|Any CPU.ActiveCfg = Release|Any CPU
		{6B178E01-D598-4D42-BA2A-B215CC87D85E}.Release|Any CPU.Build.0 = Release|Any CPU
		{6B178E01-D598-4D42-BA2A-B215CC87D85E}.Release|x64.ActiveCfg = Release|Any CPU
		{6B178E01-D598-4D42-BA2A-B215CC87D85E}.Release|x64.Build.0 = Release|Any CPU
		{6B178E01-D598-4D42-BA2A-B215CC87D85E}.Release|x86.ActiveCfg = Release|Any CPU
		{6B178E01-D598-4D42-BA2A-B215CC87D85E}.Release|x86.Build.0 = Release|Any CPU
		{6B178E01-D598-4D42-BA2A-B215CC87D85E}.ReleaseNET40_Only|Any CPU.ActiveCfg = Release|Any CPU
		{6B178E01-D598-4D42-BA2A-B215CC87D85E}.ReleaseNET40_Only|Any CPU.Build.0 = Release|Any CPU
		{6B178E01-D598-4D42-BA2A-B215CC87D85E}.ReleaseNET40_Only|x64.ActiveCfg = Release|Any CPU
		{6B178E01-D598-4D42-BA2A-B215CC87D85E}.ReleaseNET40_Only|x64.Build.0 = Release|Any CPU
		{6B178E01-D598-4D42-BA2A-B215CC87D85E}.ReleaseNET40_Only|x86.ActiveCfg = Release|Any CPU
		{6B178E01-D598-4D42-BA2A-B215CC87D85E}.ReleaseNET40_Only|x86.Build.0 = Release|Any CPU
		{FF1F81C2-1E8F-44DA-A659-710C4A65A234}.Debug|Any CPU.ActiveCfg = Debug|Any CPU
		{FF1F81C2-1E8F-44DA-A659-710C4A65A234}.Debug|Any CPU.Build.0 = Debug|Any CPU
		{FF1F81C2-1E8F-44DA-A659-710C4A65A234}.Debug|x64.ActiveCfg = Debug|Any CPU
		{FF1F81C2-1E8F-44DA-A659-710C4A65A234}.Debug|x64.Build.0 = Debug|Any CPU
		{FF1F81C2-1E8F-44DA-A659-710C4A65A234}.Debug|x86.ActiveCfg = Debug|Any CPU
		{FF1F81C2-1E8F-44DA-A659-710C4A65A234}.Debug|x86.Build.0 = Debug|Any CPU
		{FF1F81C2-1E8F-44DA-A659-710C4A65A234}.Release|Any CPU.ActiveCfg = Release|Any CPU
		{FF1F81C2-1E8F-44DA-A659-710C4A65A234}.Release|Any CPU.Build.0 = Release|Any CPU
		{FF1F81C2-1E8F-44DA-A659-710C4A65A234}.Release|x64.ActiveCfg = Release|Any CPU
		{FF1F81C2-1E8F-44DA-A659-710C4A65A234}.Release|x64.Build.0 = Release|Any CPU
		{FF1F81C2-1E8F-44DA-A659-710C4A65A234}.Release|x86.ActiveCfg = Release|Any CPU
		{FF1F81C2-1E8F-44DA-A659-710C4A65A234}.Release|x86.Build.0 = Release|Any CPU
		{FF1F81C2-1E8F-44DA-A659-710C4A65A234}.ReleaseNET40_Only|Any CPU.ActiveCfg = Release|Any CPU
		{FF1F81C2-1E8F-44DA-A659-710C4A65A234}.ReleaseNET40_Only|Any CPU.Build.0 = Release|Any CPU
		{FF1F81C2-1E8F-44DA-A659-710C4A65A234}.ReleaseNET40_Only|x64.ActiveCfg = Release|Any CPU
		{FF1F81C2-1E8F-44DA-A659-710C4A65A234}.ReleaseNET40_Only|x64.Build.0 = Release|Any CPU
		{FF1F81C2-1E8F-44DA-A659-710C4A65A234}.ReleaseNET40_Only|x86.ActiveCfg = Release|Any CPU
		{FF1F81C2-1E8F-44DA-A659-710C4A65A234}.ReleaseNET40_Only|x86.Build.0 = Release|Any CPU
		{57230212-9E7D-4923-9C7F-A9EE2226A676}.Debug|Any CPU.ActiveCfg = Debug|Any CPU
		{57230212-9E7D-4923-9C7F-A9EE2226A676}.Debug|Any CPU.Build.0 = Debug|Any CPU
		{57230212-9E7D-4923-9C7F-A9EE2226A676}.Debug|x64.ActiveCfg = Debug|Any CPU
		{57230212-9E7D-4923-9C7F-A9EE2226A676}.Debug|x64.Build.0 = Debug|Any CPU
		{57230212-9E7D-4923-9C7F-A9EE2226A676}.Debug|x86.ActiveCfg = Debug|Any CPU
		{57230212-9E7D-4923-9C7F-A9EE2226A676}.Debug|x86.Build.0 = Debug|Any CPU
		{57230212-9E7D-4923-9C7F-A9EE2226A676}.Release|Any CPU.ActiveCfg = Release|Any CPU
		{57230212-9E7D-4923-9C7F-A9EE2226A676}.Release|Any CPU.Build.0 = Release|Any CPU
		{57230212-9E7D-4923-9C7F-A9EE2226A676}.Release|x64.ActiveCfg = Release|Any CPU
		{57230212-9E7D-4923-9C7F-A9EE2226A676}.Release|x64.Build.0 = Release|Any CPU
		{57230212-9E7D-4923-9C7F-A9EE2226A676}.Release|x86.ActiveCfg = Release|Any CPU
		{57230212-9E7D-4923-9C7F-A9EE2226A676}.Release|x86.Build.0 = Release|Any CPU
		{57230212-9E7D-4923-9C7F-A9EE2226A676}.ReleaseNET40_Only|Any CPU.ActiveCfg = Release|Any CPU
		{57230212-9E7D-4923-9C7F-A9EE2226A676}.ReleaseNET40_Only|Any CPU.Build.0 = Release|Any CPU
		{57230212-9E7D-4923-9C7F-A9EE2226A676}.ReleaseNET40_Only|x64.ActiveCfg = Release|Any CPU
		{57230212-9E7D-4923-9C7F-A9EE2226A676}.ReleaseNET40_Only|x64.Build.0 = Release|Any CPU
		{57230212-9E7D-4923-9C7F-A9EE2226A676}.ReleaseNET40_Only|x86.ActiveCfg = Release|Any CPU
		{57230212-9E7D-4923-9C7F-A9EE2226A676}.ReleaseNET40_Only|x86.Build.0 = Release|Any CPU
		{C3E171D1-9C94-4E1C-8763-0648AF65BE96}.Debug|Any CPU.ActiveCfg = Debug|Any CPU
		{C3E171D1-9C94-4E1C-8763-0648AF65BE96}.Debug|Any CPU.Build.0 = Debug|Any CPU
		{C3E171D1-9C94-4E1C-8763-0648AF65BE96}.Debug|x64.ActiveCfg = Debug|Any CPU
		{C3E171D1-9C94-4E1C-8763-0648AF65BE96}.Debug|x64.Build.0 = Debug|Any CPU
		{C3E171D1-9C94-4E1C-8763-0648AF65BE96}.Debug|x86.ActiveCfg = Debug|Any CPU
		{C3E171D1-9C94-4E1C-8763-0648AF65BE96}.Debug|x86.Build.0 = Debug|Any CPU
		{C3E171D1-9C94-4E1C-8763-0648AF65BE96}.Release|Any CPU.ActiveCfg = Release|Any CPU
		{C3E171D1-9C94-4E1C-8763-0648AF65BE96}.Release|Any CPU.Build.0 = Release|Any CPU
		{C3E171D1-9C94-4E1C-8763-0648AF65BE96}.Release|x64.ActiveCfg = Release|Any CPU
		{C3E171D1-9C94-4E1C-8763-0648AF65BE96}.Release|x64.Build.0 = Release|Any CPU
		{C3E171D1-9C94-4E1C-8763-0648AF65BE96}.Release|x86.ActiveCfg = Release|Any CPU
		{C3E171D1-9C94-4E1C-8763-0648AF65BE96}.Release|x86.Build.0 = Release|Any CPU
		{C3E171D1-9C94-4E1C-8763-0648AF65BE96}.ReleaseNET40_Only|Any CPU.ActiveCfg = Release|Any CPU
		{C3E171D1-9C94-4E1C-8763-0648AF65BE96}.ReleaseNET40_Only|Any CPU.Build.0 = Release|Any CPU
		{C3E171D1-9C94-4E1C-8763-0648AF65BE96}.ReleaseNET40_Only|x64.ActiveCfg = Release|Any CPU
		{C3E171D1-9C94-4E1C-8763-0648AF65BE96}.ReleaseNET40_Only|x64.Build.0 = Release|Any CPU
		{C3E171D1-9C94-4E1C-8763-0648AF65BE96}.ReleaseNET40_Only|x86.ActiveCfg = Release|Any CPU
		{C3E171D1-9C94-4E1C-8763-0648AF65BE96}.ReleaseNET40_Only|x86.Build.0 = Release|Any CPU
		{2D559181-5569-43E6-AB09-F5222FF54F62}.Debug|Any CPU.ActiveCfg = Debug|Any CPU
		{2D559181-5569-43E6-AB09-F5222FF54F62}.Debug|Any CPU.Build.0 = Debug|Any CPU
		{2D559181-5569-43E6-AB09-F5222FF54F62}.Debug|x64.ActiveCfg = Debug|Any CPU
		{2D559181-5569-43E6-AB09-F5222FF54F62}.Debug|x64.Build.0 = Debug|Any CPU
		{2D559181-5569-43E6-AB09-F5222FF54F62}.Debug|x86.ActiveCfg = Debug|Any CPU
		{2D559181-5569-43E6-AB09-F5222FF54F62}.Debug|x86.Build.0 = Debug|Any CPU
		{2D559181-5569-43E6-AB09-F5222FF54F62}.Release|Any CPU.ActiveCfg = Release|Any CPU
		{2D559181-5569-43E6-AB09-F5222FF54F62}.Release|Any CPU.Build.0 = Release|Any CPU
		{2D559181-5569-43E6-AB09-F5222FF54F62}.Release|x64.ActiveCfg = Release|Any CPU
		{2D559181-5569-43E6-AB09-F5222FF54F62}.Release|x64.Build.0 = Release|Any CPU
		{2D559181-5569-43E6-AB09-F5222FF54F62}.Release|x86.ActiveCfg = Release|Any CPU
		{2D559181-5569-43E6-AB09-F5222FF54F62}.Release|x86.Build.0 = Release|Any CPU
		{2D559181-5569-43E6-AB09-F5222FF54F62}.ReleaseNET40_Only|Any CPU.ActiveCfg = Release|Any CPU
		{2D559181-5569-43E6-AB09-F5222FF54F62}.ReleaseNET40_Only|Any CPU.Build.0 = Release|Any CPU
		{2D559181-5569-43E6-AB09-F5222FF54F62}.ReleaseNET40_Only|x64.ActiveCfg = Release|Any CPU
		{2D559181-5569-43E6-AB09-F5222FF54F62}.ReleaseNET40_Only|x64.Build.0 = Release|Any CPU
		{2D559181-5569-43E6-AB09-F5222FF54F62}.ReleaseNET40_Only|x86.ActiveCfg = Release|Any CPU
		{2D559181-5569-43E6-AB09-F5222FF54F62}.ReleaseNET40_Only|x86.Build.0 = Release|Any CPU
		{F9D5392C-0599-4DB4-B5D5-1A208009BD38}.Debug|Any CPU.ActiveCfg = Debug|Any CPU
		{F9D5392C-0599-4DB4-B5D5-1A208009BD38}.Debug|Any CPU.Build.0 = Debug|Any CPU
		{F9D5392C-0599-4DB4-B5D5-1A208009BD38}.Debug|x64.ActiveCfg = Debug|Any CPU
		{F9D5392C-0599-4DB4-B5D5-1A208009BD38}.Debug|x64.Build.0 = Debug|Any CPU
		{F9D5392C-0599-4DB4-B5D5-1A208009BD38}.Debug|x86.ActiveCfg = Debug|Any CPU
		{F9D5392C-0599-4DB4-B5D5-1A208009BD38}.Debug|x86.Build.0 = Debug|Any CPU
		{F9D5392C-0599-4DB4-B5D5-1A208009BD38}.Release|Any CPU.ActiveCfg = Release|Any CPU
		{F9D5392C-0599-4DB4-B5D5-1A208009BD38}.Release|Any CPU.Build.0 = Release|Any CPU
		{F9D5392C-0599-4DB4-B5D5-1A208009BD38}.Release|x64.ActiveCfg = Release|Any CPU
		{F9D5392C-0599-4DB4-B5D5-1A208009BD38}.Release|x64.Build.0 = Release|Any CPU
		{F9D5392C-0599-4DB4-B5D5-1A208009BD38}.Release|x86.ActiveCfg = Release|Any CPU
		{F9D5392C-0599-4DB4-B5D5-1A208009BD38}.Release|x86.Build.0 = Release|Any CPU
		{F9D5392C-0599-4DB4-B5D5-1A208009BD38}.ReleaseNET40_Only|Any CPU.ActiveCfg = Release|Any CPU
		{F9D5392C-0599-4DB4-B5D5-1A208009BD38}.ReleaseNET40_Only|Any CPU.Build.0 = Release|Any CPU
		{F9D5392C-0599-4DB4-B5D5-1A208009BD38}.ReleaseNET40_Only|x64.ActiveCfg = Release|Any CPU
		{F9D5392C-0599-4DB4-B5D5-1A208009BD38}.ReleaseNET40_Only|x64.Build.0 = Release|Any CPU
		{F9D5392C-0599-4DB4-B5D5-1A208009BD38}.ReleaseNET40_Only|x86.ActiveCfg = Release|Any CPU
		{F9D5392C-0599-4DB4-B5D5-1A208009BD38}.ReleaseNET40_Only|x86.Build.0 = Release|Any CPU
		{FF8FF86D-EEA2-462B-8776-F3C7C0A97C5C}.Debug|Any CPU.ActiveCfg = Debug|Any CPU
		{FF8FF86D-EEA2-462B-8776-F3C7C0A97C5C}.Debug|Any CPU.Build.0 = Debug|Any CPU
		{FF8FF86D-EEA2-462B-8776-F3C7C0A97C5C}.Debug|x64.ActiveCfg = Debug|Any CPU
		{FF8FF86D-EEA2-462B-8776-F3C7C0A97C5C}.Debug|x64.Build.0 = Debug|Any CPU
		{FF8FF86D-EEA2-462B-8776-F3C7C0A97C5C}.Debug|x86.ActiveCfg = Debug|Any CPU
		{FF8FF86D-EEA2-462B-8776-F3C7C0A97C5C}.Debug|x86.Build.0 = Debug|Any CPU
		{FF8FF86D-EEA2-462B-8776-F3C7C0A97C5C}.Release|Any CPU.ActiveCfg = Release|Any CPU
		{FF8FF86D-EEA2-462B-8776-F3C7C0A97C5C}.Release|Any CPU.Build.0 = Release|Any CPU
		{FF8FF86D-EEA2-462B-8776-F3C7C0A97C5C}.Release|x64.ActiveCfg = Release|Any CPU
		{FF8FF86D-EEA2-462B-8776-F3C7C0A97C5C}.Release|x64.Build.0 = Release|Any CPU
		{FF8FF86D-EEA2-462B-8776-F3C7C0A97C5C}.Release|x86.ActiveCfg = Release|Any CPU
		{FF8FF86D-EEA2-462B-8776-F3C7C0A97C5C}.Release|x86.Build.0 = Release|Any CPU
		{FF8FF86D-EEA2-462B-8776-F3C7C0A97C5C}.ReleaseNET40_Only|Any CPU.ActiveCfg = Release|Any CPU
		{FF8FF86D-EEA2-462B-8776-F3C7C0A97C5C}.ReleaseNET40_Only|Any CPU.Build.0 = Release|Any CPU
		{FF8FF86D-EEA2-462B-8776-F3C7C0A97C5C}.ReleaseNET40_Only|x64.ActiveCfg = Release|Any CPU
		{FF8FF86D-EEA2-462B-8776-F3C7C0A97C5C}.ReleaseNET40_Only|x64.Build.0 = Release|Any CPU
		{FF8FF86D-EEA2-462B-8776-F3C7C0A97C5C}.ReleaseNET40_Only|x86.ActiveCfg = Release|Any CPU
		{FF8FF86D-EEA2-462B-8776-F3C7C0A97C5C}.ReleaseNET40_Only|x86.Build.0 = Release|Any CPU
		{59B2D0BF-BC55-4BCB-A6E0-988829498436}.Debug|Any CPU.ActiveCfg = Debug|Any CPU
		{59B2D0BF-BC55-4BCB-A6E0-988829498436}.Debug|Any CPU.Build.0 = Debug|Any CPU
		{59B2D0BF-BC55-4BCB-A6E0-988829498436}.Debug|x64.ActiveCfg = Debug|Any CPU
		{59B2D0BF-BC55-4BCB-A6E0-988829498436}.Debug|x64.Build.0 = Debug|Any CPU
		{59B2D0BF-BC55-4BCB-A6E0-988829498436}.Debug|x86.ActiveCfg = Debug|Any CPU
		{59B2D0BF-BC55-4BCB-A6E0-988829498436}.Debug|x86.Build.0 = Debug|Any CPU
		{59B2D0BF-BC55-4BCB-A6E0-988829498436}.Release|Any CPU.ActiveCfg = Release|Any CPU
		{59B2D0BF-BC55-4BCB-A6E0-988829498436}.Release|Any CPU.Build.0 = Release|Any CPU
		{59B2D0BF-BC55-4BCB-A6E0-988829498436}.Release|x64.ActiveCfg = Release|Any CPU
		{59B2D0BF-BC55-4BCB-A6E0-988829498436}.Release|x64.Build.0 = Release|Any CPU
		{59B2D0BF-BC55-4BCB-A6E0-988829498436}.Release|x86.ActiveCfg = Release|Any CPU
		{59B2D0BF-BC55-4BCB-A6E0-988829498436}.Release|x86.Build.0 = Release|Any CPU
		{59B2D0BF-BC55-4BCB-A6E0-988829498436}.ReleaseNET40_Only|Any CPU.ActiveCfg = Release|Any CPU
		{59B2D0BF-BC55-4BCB-A6E0-988829498436}.ReleaseNET40_Only|Any CPU.Build.0 = Release|Any CPU
		{59B2D0BF-BC55-4BCB-A6E0-988829498436}.ReleaseNET40_Only|x64.ActiveCfg = Release|Any CPU
		{59B2D0BF-BC55-4BCB-A6E0-988829498436}.ReleaseNET40_Only|x64.Build.0 = Release|Any CPU
		{59B2D0BF-BC55-4BCB-A6E0-988829498436}.ReleaseNET40_Only|x86.ActiveCfg = Release|Any CPU
		{59B2D0BF-BC55-4BCB-A6E0-988829498436}.ReleaseNET40_Only|x86.Build.0 = Release|Any CPU
		{FE7042F3-39FE-4EB9-A23A-FCDA15CA9B58}.Debug|Any CPU.ActiveCfg = Debug|Any CPU
		{FE7042F3-39FE-4EB9-A23A-FCDA15CA9B58}.Debug|Any CPU.Build.0 = Debug|Any CPU
		{FE7042F3-39FE-4EB9-A23A-FCDA15CA9B58}.Debug|x64.ActiveCfg = Debug|Any CPU
		{FE7042F3-39FE-4EB9-A23A-FCDA15CA9B58}.Debug|x64.Build.0 = Debug|Any CPU
		{FE7042F3-39FE-4EB9-A23A-FCDA15CA9B58}.Debug|x86.ActiveCfg = Debug|Any CPU
		{FE7042F3-39FE-4EB9-A23A-FCDA15CA9B58}.Debug|x86.Build.0 = Debug|Any CPU
		{FE7042F3-39FE-4EB9-A23A-FCDA15CA9B58}.Release|Any CPU.ActiveCfg = Release|Any CPU
		{FE7042F3-39FE-4EB9-A23A-FCDA15CA9B58}.Release|Any CPU.Build.0 = Release|Any CPU
		{FE7042F3-39FE-4EB9-A23A-FCDA15CA9B58}.Release|x64.ActiveCfg = Release|Any CPU
		{FE7042F3-39FE-4EB9-A23A-FCDA15CA9B58}.Release|x64.Build.0 = Release|Any CPU
		{FE7042F3-39FE-4EB9-A23A-FCDA15CA9B58}.Release|x86.ActiveCfg = Release|Any CPU
		{FE7042F3-39FE-4EB9-A23A-FCDA15CA9B58}.Release|x86.Build.0 = Release|Any CPU
		{FE7042F3-39FE-4EB9-A23A-FCDA15CA9B58}.ReleaseNET40_Only|Any CPU.ActiveCfg = Release|Any CPU
		{FE7042F3-39FE-4EB9-A23A-FCDA15CA9B58}.ReleaseNET40_Only|Any CPU.Build.0 = Release|Any CPU
		{FE7042F3-39FE-4EB9-A23A-FCDA15CA9B58}.ReleaseNET40_Only|x64.ActiveCfg = Release|Any CPU
		{FE7042F3-39FE-4EB9-A23A-FCDA15CA9B58}.ReleaseNET40_Only|x64.Build.0 = Release|Any CPU
		{FE7042F3-39FE-4EB9-A23A-FCDA15CA9B58}.ReleaseNET40_Only|x86.ActiveCfg = Release|Any CPU
		{FE7042F3-39FE-4EB9-A23A-FCDA15CA9B58}.ReleaseNET40_Only|x86.Build.0 = Release|Any CPU
		{CD027F12-1979-42B4-82F3-283A21DAA155}.Debug|Any CPU.ActiveCfg = Debug|Any CPU
		{CD027F12-1979-42B4-82F3-283A21DAA155}.Debug|Any CPU.Build.0 = Debug|Any CPU
		{CD027F12-1979-42B4-82F3-283A21DAA155}.Debug|x64.ActiveCfg = Debug|Any CPU
		{CD027F12-1979-42B4-82F3-283A21DAA155}.Debug|x64.Build.0 = Debug|Any CPU
		{CD027F12-1979-42B4-82F3-283A21DAA155}.Debug|x86.ActiveCfg = Debug|Any CPU
		{CD027F12-1979-42B4-82F3-283A21DAA155}.Debug|x86.Build.0 = Debug|Any CPU
		{CD027F12-1979-42B4-82F3-283A21DAA155}.Release|Any CPU.ActiveCfg = Release|Any CPU
		{CD027F12-1979-42B4-82F3-283A21DAA155}.Release|Any CPU.Build.0 = Release|Any CPU
		{CD027F12-1979-42B4-82F3-283A21DAA155}.Release|x64.ActiveCfg = Release|Any CPU
		{CD027F12-1979-42B4-82F3-283A21DAA155}.Release|x64.Build.0 = Release|Any CPU
		{CD027F12-1979-42B4-82F3-283A21DAA155}.Release|x86.ActiveCfg = Release|Any CPU
		{CD027F12-1979-42B4-82F3-283A21DAA155}.Release|x86.Build.0 = Release|Any CPU
		{CD027F12-1979-42B4-82F3-283A21DAA155}.ReleaseNET40_Only|Any CPU.ActiveCfg = Release|Any CPU
		{CD027F12-1979-42B4-82F3-283A21DAA155}.ReleaseNET40_Only|Any CPU.Build.0 = Release|Any CPU
		{CD027F12-1979-42B4-82F3-283A21DAA155}.ReleaseNET40_Only|x64.ActiveCfg = Release|Any CPU
		{CD027F12-1979-42B4-82F3-283A21DAA155}.ReleaseNET40_Only|x64.Build.0 = Release|Any CPU
		{CD027F12-1979-42B4-82F3-283A21DAA155}.ReleaseNET40_Only|x86.ActiveCfg = Release|Any CPU
		{CD027F12-1979-42B4-82F3-283A21DAA155}.ReleaseNET40_Only|x86.Build.0 = Release|Any CPU
		{FF6C416D-25E3-461E-9403-A8E92F742509}.Debug|Any CPU.ActiveCfg = Debug|Any CPU
		{FF6C416D-25E3-461E-9403-A8E92F742509}.Debug|Any CPU.Build.0 = Debug|Any CPU
		{FF6C416D-25E3-461E-9403-A8E92F742509}.Debug|x64.ActiveCfg = Debug|Any CPU
		{FF6C416D-25E3-461E-9403-A8E92F742509}.Debug|x64.Build.0 = Debug|Any CPU
		{FF6C416D-25E3-461E-9403-A8E92F742509}.Debug|x86.ActiveCfg = Debug|Any CPU
		{FF6C416D-25E3-461E-9403-A8E92F742509}.Debug|x86.Build.0 = Debug|Any CPU
		{FF6C416D-25E3-461E-9403-A8E92F742509}.Release|Any CPU.ActiveCfg = Release|Any CPU
		{FF6C416D-25E3-461E-9403-A8E92F742509}.Release|Any CPU.Build.0 = Release|Any CPU
		{FF6C416D-25E3-461E-9403-A8E92F742509}.Release|x64.ActiveCfg = Release|Any CPU
		{FF6C416D-25E3-461E-9403-A8E92F742509}.Release|x64.Build.0 = Release|Any CPU
		{FF6C416D-25E3-461E-9403-A8E92F742509}.Release|x86.ActiveCfg = Release|Any CPU
		{FF6C416D-25E3-461E-9403-A8E92F742509}.Release|x86.Build.0 = Release|Any CPU
		{FF6C416D-25E3-461E-9403-A8E92F742509}.ReleaseNET40_Only|Any CPU.ActiveCfg = Release|Any CPU
		{FF6C416D-25E3-461E-9403-A8E92F742509}.ReleaseNET40_Only|Any CPU.Build.0 = Release|Any CPU
		{FF6C416D-25E3-461E-9403-A8E92F742509}.ReleaseNET40_Only|x64.ActiveCfg = Release|Any CPU
		{FF6C416D-25E3-461E-9403-A8E92F742509}.ReleaseNET40_Only|x64.Build.0 = Release|Any CPU
		{FF6C416D-25E3-461E-9403-A8E92F742509}.ReleaseNET40_Only|x86.ActiveCfg = Release|Any CPU
		{FF6C416D-25E3-461E-9403-A8E92F742509}.ReleaseNET40_Only|x86.Build.0 = Release|Any CPU
		{C5922011-85E2-4999-846B-4B837AD0F70F}.Debug|Any CPU.ActiveCfg = Debug|Any CPU
		{C5922011-85E2-4999-846B-4B837AD0F70F}.Debug|Any CPU.Build.0 = Debug|Any CPU
		{C5922011-85E2-4999-846B-4B837AD0F70F}.Debug|x64.ActiveCfg = Debug|Any CPU
		{C5922011-85E2-4999-846B-4B837AD0F70F}.Debug|x64.Build.0 = Debug|Any CPU
		{C5922011-85E2-4999-846B-4B837AD0F70F}.Debug|x86.ActiveCfg = Debug|Any CPU
		{C5922011-85E2-4999-846B-4B837AD0F70F}.Debug|x86.Build.0 = Debug|Any CPU
		{C5922011-85E2-4999-846B-4B837AD0F70F}.Release|Any CPU.ActiveCfg = Release|Any CPU
		{C5922011-85E2-4999-846B-4B837AD0F70F}.Release|Any CPU.Build.0 = Release|Any CPU
		{C5922011-85E2-4999-846B-4B837AD0F70F}.Release|x64.ActiveCfg = Release|Any CPU
		{C5922011-85E2-4999-846B-4B837AD0F70F}.Release|x64.Build.0 = Release|Any CPU
		{C5922011-85E2-4999-846B-4B837AD0F70F}.Release|x86.ActiveCfg = Release|Any CPU
		{C5922011-85E2-4999-846B-4B837AD0F70F}.Release|x86.Build.0 = Release|Any CPU
		{C5922011-85E2-4999-846B-4B837AD0F70F}.ReleaseNET40_Only|Any CPU.ActiveCfg = Release|Any CPU
		{C5922011-85E2-4999-846B-4B837AD0F70F}.ReleaseNET40_Only|Any CPU.Build.0 = Release|Any CPU
		{C5922011-85E2-4999-846B-4B837AD0F70F}.ReleaseNET40_Only|x64.ActiveCfg = Release|Any CPU
		{C5922011-85E2-4999-846B-4B837AD0F70F}.ReleaseNET40_Only|x64.Build.0 = Release|Any CPU
		{C5922011-85E2-4999-846B-4B837AD0F70F}.ReleaseNET40_Only|x86.ActiveCfg = Release|Any CPU
		{C5922011-85E2-4999-846B-4B837AD0F70F}.ReleaseNET40_Only|x86.Build.0 = Release|Any CPU
		{980651A5-4D15-4319-847E-735832C8F2B6}.Debug|Any CPU.ActiveCfg = Debug|Any CPU
		{980651A5-4D15-4319-847E-735832C8F2B6}.Debug|Any CPU.Build.0 = Debug|Any CPU
		{980651A5-4D15-4319-847E-735832C8F2B6}.Debug|x64.ActiveCfg = Debug|Any CPU
		{980651A5-4D15-4319-847E-735832C8F2B6}.Debug|x64.Build.0 = Debug|Any CPU
		{980651A5-4D15-4319-847E-735832C8F2B6}.Debug|x86.ActiveCfg = Debug|Any CPU
		{980651A5-4D15-4319-847E-735832C8F2B6}.Debug|x86.Build.0 = Debug|Any CPU
		{980651A5-4D15-4319-847E-735832C8F2B6}.Release|Any CPU.ActiveCfg = Release|Any CPU
		{980651A5-4D15-4319-847E-735832C8F2B6}.Release|Any CPU.Build.0 = Release|Any CPU
		{980651A5-4D15-4319-847E-735832C8F2B6}.Release|x64.ActiveCfg = Release|Any CPU
		{980651A5-4D15-4319-847E-735832C8F2B6}.Release|x64.Build.0 = Release|Any CPU
		{980651A5-4D15-4319-847E-735832C8F2B6}.Release|x86.ActiveCfg = Release|Any CPU
		{980651A5-4D15-4319-847E-735832C8F2B6}.Release|x86.Build.0 = Release|Any CPU
		{980651A5-4D15-4319-847E-735832C8F2B6}.ReleaseNET40_Only|Any CPU.ActiveCfg = Release|Any CPU
		{980651A5-4D15-4319-847E-735832C8F2B6}.ReleaseNET40_Only|Any CPU.Build.0 = Release|Any CPU
		{980651A5-4D15-4319-847E-735832C8F2B6}.ReleaseNET40_Only|x64.ActiveCfg = Release|Any CPU
		{980651A5-4D15-4319-847E-735832C8F2B6}.ReleaseNET40_Only|x64.Build.0 = Release|Any CPU
		{980651A5-4D15-4319-847E-735832C8F2B6}.ReleaseNET40_Only|x86.ActiveCfg = Release|Any CPU
		{980651A5-4D15-4319-847E-735832C8F2B6}.ReleaseNET40_Only|x86.Build.0 = Release|Any CPU
		{FCAD825D-07E0-48AC-843C-FB21F15B3C89}.Debug|Any CPU.ActiveCfg = Debug|Any CPU
		{FCAD825D-07E0-48AC-843C-FB21F15B3C89}.Debug|Any CPU.Build.0 = Debug|Any CPU
		{FCAD825D-07E0-48AC-843C-FB21F15B3C89}.Debug|x64.ActiveCfg = Debug|Any CPU
		{FCAD825D-07E0-48AC-843C-FB21F15B3C89}.Debug|x64.Build.0 = Debug|Any CPU
		{FCAD825D-07E0-48AC-843C-FB21F15B3C89}.Debug|x86.ActiveCfg = Debug|Any CPU
		{FCAD825D-07E0-48AC-843C-FB21F15B3C89}.Debug|x86.Build.0 = Debug|Any CPU
		{FCAD825D-07E0-48AC-843C-FB21F15B3C89}.Release|Any CPU.ActiveCfg = Release|Any CPU
		{FCAD825D-07E0-48AC-843C-FB21F15B3C89}.Release|Any CPU.Build.0 = Release|Any CPU
		{FCAD825D-07E0-48AC-843C-FB21F15B3C89}.Release|x64.ActiveCfg = Release|Any CPU
		{FCAD825D-07E0-48AC-843C-FB21F15B3C89}.Release|x64.Build.0 = Release|Any CPU
		{FCAD825D-07E0-48AC-843C-FB21F15B3C89}.Release|x86.ActiveCfg = Release|Any CPU
		{FCAD825D-07E0-48AC-843C-FB21F15B3C89}.Release|x86.Build.0 = Release|Any CPU
		{FCAD825D-07E0-48AC-843C-FB21F15B3C89}.ReleaseNET40_Only|Any CPU.ActiveCfg = Release|Any CPU
		{FCAD825D-07E0-48AC-843C-FB21F15B3C89}.ReleaseNET40_Only|Any CPU.Build.0 = Release|Any CPU
		{FCAD825D-07E0-48AC-843C-FB21F15B3C89}.ReleaseNET40_Only|x64.ActiveCfg = Release|Any CPU
		{FCAD825D-07E0-48AC-843C-FB21F15B3C89}.ReleaseNET40_Only|x64.Build.0 = Release|Any CPU
		{FCAD825D-07E0-48AC-843C-FB21F15B3C89}.ReleaseNET40_Only|x86.ActiveCfg = Release|Any CPU
		{FCAD825D-07E0-48AC-843C-FB21F15B3C89}.ReleaseNET40_Only|x86.Build.0 = Release|Any CPU
		{0360EA85-7290-4AFF-BFB0-B7FDE6806D93}.Debug|Any CPU.ActiveCfg = Debug|Any CPU
		{0360EA85-7290-4AFF-BFB0-B7FDE6806D93}.Debug|Any CPU.Build.0 = Debug|Any CPU
		{0360EA85-7290-4AFF-BFB0-B7FDE6806D93}.Debug|x64.ActiveCfg = Debug|Any CPU
		{0360EA85-7290-4AFF-BFB0-B7FDE6806D93}.Debug|x64.Build.0 = Debug|Any CPU
		{0360EA85-7290-4AFF-BFB0-B7FDE6806D93}.Debug|x86.ActiveCfg = Debug|Any CPU
		{0360EA85-7290-4AFF-BFB0-B7FDE6806D93}.Debug|x86.Build.0 = Debug|Any CPU
		{0360EA85-7290-4AFF-BFB0-B7FDE6806D93}.Release|Any CPU.ActiveCfg = Release|Any CPU
		{0360EA85-7290-4AFF-BFB0-B7FDE6806D93}.Release|Any CPU.Build.0 = Release|Any CPU
		{0360EA85-7290-4AFF-BFB0-B7FDE6806D93}.Release|x64.ActiveCfg = Release|Any CPU
		{0360EA85-7290-4AFF-BFB0-B7FDE6806D93}.Release|x64.Build.0 = Release|Any CPU
		{0360EA85-7290-4AFF-BFB0-B7FDE6806D93}.Release|x86.ActiveCfg = Release|Any CPU
		{0360EA85-7290-4AFF-BFB0-B7FDE6806D93}.Release|x86.Build.0 = Release|Any CPU
		{0360EA85-7290-4AFF-BFB0-B7FDE6806D93}.ReleaseNET40_Only|Any CPU.ActiveCfg = Release|Any CPU
		{0360EA85-7290-4AFF-BFB0-B7FDE6806D93}.ReleaseNET40_Only|Any CPU.Build.0 = Release|Any CPU
		{0360EA85-7290-4AFF-BFB0-B7FDE6806D93}.ReleaseNET40_Only|x64.ActiveCfg = Release|Any CPU
		{0360EA85-7290-4AFF-BFB0-B7FDE6806D93}.ReleaseNET40_Only|x64.Build.0 = Release|Any CPU
		{0360EA85-7290-4AFF-BFB0-B7FDE6806D93}.ReleaseNET40_Only|x86.ActiveCfg = Release|Any CPU
		{0360EA85-7290-4AFF-BFB0-B7FDE6806D93}.ReleaseNET40_Only|x86.Build.0 = Release|Any CPU
		{B43A16FE-816B-4A1F-A09E-2167E1BDABC0}.Debug|Any CPU.ActiveCfg = Debug|Any CPU
		{B43A16FE-816B-4A1F-A09E-2167E1BDABC0}.Debug|Any CPU.Build.0 = Debug|Any CPU
		{B43A16FE-816B-4A1F-A09E-2167E1BDABC0}.Debug|x64.ActiveCfg = Debug|Any CPU
		{B43A16FE-816B-4A1F-A09E-2167E1BDABC0}.Debug|x64.Build.0 = Debug|Any CPU
		{B43A16FE-816B-4A1F-A09E-2167E1BDABC0}.Debug|x86.ActiveCfg = Debug|Any CPU
		{B43A16FE-816B-4A1F-A09E-2167E1BDABC0}.Debug|x86.Build.0 = Debug|Any CPU
		{B43A16FE-816B-4A1F-A09E-2167E1BDABC0}.Release|Any CPU.ActiveCfg = Release|Any CPU
		{B43A16FE-816B-4A1F-A09E-2167E1BDABC0}.Release|Any CPU.Build.0 = Release|Any CPU
		{B43A16FE-816B-4A1F-A09E-2167E1BDABC0}.Release|x64.ActiveCfg = Release|Any CPU
		{B43A16FE-816B-4A1F-A09E-2167E1BDABC0}.Release|x64.Build.0 = Release|Any CPU
		{B43A16FE-816B-4A1F-A09E-2167E1BDABC0}.Release|x86.ActiveCfg = Release|Any CPU
		{B43A16FE-816B-4A1F-A09E-2167E1BDABC0}.Release|x86.Build.0 = Release|Any CPU
		{B43A16FE-816B-4A1F-A09E-2167E1BDABC0}.ReleaseNET40_Only|Any CPU.ActiveCfg = Release|Any CPU
		{B43A16FE-816B-4A1F-A09E-2167E1BDABC0}.ReleaseNET40_Only|Any CPU.Build.0 = Release|Any CPU
		{B43A16FE-816B-4A1F-A09E-2167E1BDABC0}.ReleaseNET40_Only|x64.ActiveCfg = Release|Any CPU
		{B43A16FE-816B-4A1F-A09E-2167E1BDABC0}.ReleaseNET40_Only|x64.Build.0 = Release|Any CPU
		{B43A16FE-816B-4A1F-A09E-2167E1BDABC0}.ReleaseNET40_Only|x86.ActiveCfg = Release|Any CPU
		{B43A16FE-816B-4A1F-A09E-2167E1BDABC0}.ReleaseNET40_Only|x86.Build.0 = Release|Any CPU
		{043DF7C0-C6F7-4059-A5FD-2BA0F27CF2BE}.Debug|Any CPU.ActiveCfg = Debug|Any CPU
		{043DF7C0-C6F7-4059-A5FD-2BA0F27CF2BE}.Debug|Any CPU.Build.0 = Debug|Any CPU
		{043DF7C0-C6F7-4059-A5FD-2BA0F27CF2BE}.Debug|x64.ActiveCfg = Debug|Any CPU
		{043DF7C0-C6F7-4059-A5FD-2BA0F27CF2BE}.Debug|x64.Build.0 = Debug|Any CPU
		{043DF7C0-C6F7-4059-A5FD-2BA0F27CF2BE}.Debug|x86.ActiveCfg = Debug|Any CPU
		{043DF7C0-C6F7-4059-A5FD-2BA0F27CF2BE}.Debug|x86.Build.0 = Debug|Any CPU
		{043DF7C0-C6F7-4059-A5FD-2BA0F27CF2BE}.Release|Any CPU.ActiveCfg = Release|Any CPU
		{043DF7C0-C6F7-4059-A5FD-2BA0F27CF2BE}.Release|Any CPU.Build.0 = Release|Any CPU
		{043DF7C0-C6F7-4059-A5FD-2BA0F27CF2BE}.Release|x64.ActiveCfg = Release|Any CPU
		{043DF7C0-C6F7-4059-A5FD-2BA0F27CF2BE}.Release|x64.Build.0 = Release|Any CPU
		{043DF7C0-C6F7-4059-A5FD-2BA0F27CF2BE}.Release|x86.ActiveCfg = Release|Any CPU
		{043DF7C0-C6F7-4059-A5FD-2BA0F27CF2BE}.Release|x86.Build.0 = Release|Any CPU
		{043DF7C0-C6F7-4059-A5FD-2BA0F27CF2BE}.ReleaseNET40_Only|Any CPU.ActiveCfg = Release|Any CPU
		{043DF7C0-C6F7-4059-A5FD-2BA0F27CF2BE}.ReleaseNET40_Only|Any CPU.Build.0 = Release|Any CPU
		{043DF7C0-C6F7-4059-A5FD-2BA0F27CF2BE}.ReleaseNET40_Only|x64.ActiveCfg = Release|Any CPU
		{043DF7C0-C6F7-4059-A5FD-2BA0F27CF2BE}.ReleaseNET40_Only|x64.Build.0 = Release|Any CPU
		{043DF7C0-C6F7-4059-A5FD-2BA0F27CF2BE}.ReleaseNET40_Only|x86.ActiveCfg = Release|Any CPU
		{043DF7C0-C6F7-4059-A5FD-2BA0F27CF2BE}.ReleaseNET40_Only|x86.Build.0 = Release|Any CPU
	EndGlobalSection
	GlobalSection(SolutionProperties) = preSolution
		HideSolutionNode = FALSE
	EndGlobalSection
	GlobalSection(NestedProjects) = preSolution
		{6B178E01-D598-4D42-BA2A-B215CC87D85E} = {035E9430-69D3-4E52-A173-F0538CE06CA2}
		{FF1F81C2-1E8F-44DA-A659-710C4A65A234} = {16AEE05C-3742-489F-B4AE-9C935DC2F250}
		{57230212-9E7D-4923-9C7F-A9EE2226A676} = {16AEE05C-3742-489F-B4AE-9C935DC2F250}
		{C3E171D1-9C94-4E1C-8763-0648AF65BE96} = {16AEE05C-3742-489F-B4AE-9C935DC2F250}
		{2D559181-5569-43E6-AB09-F5222FF54F62} = {16AEE05C-3742-489F-B4AE-9C935DC2F250}
		{F9D5392C-0599-4DB4-B5D5-1A208009BD38} = {16AEE05C-3742-489F-B4AE-9C935DC2F250}
		{FF8FF86D-EEA2-462B-8776-F3C7C0A97C5C} = {16AEE05C-3742-489F-B4AE-9C935DC2F250}
		{59B2D0BF-BC55-4BCB-A6E0-988829498436} = {16AEE05C-3742-489F-B4AE-9C935DC2F250}
		{FE7042F3-39FE-4EB9-A23A-FCDA15CA9B58} = {16AEE05C-3742-489F-B4AE-9C935DC2F250}
		{CD027F12-1979-42B4-82F3-283A21DAA155} = {16AEE05C-3742-489F-B4AE-9C935DC2F250}
		{FF6C416D-25E3-461E-9403-A8E92F742509} = {16AEE05C-3742-489F-B4AE-9C935DC2F250}
		{C5922011-85E2-4999-846B-4B837AD0F70F} = {16AEE05C-3742-489F-B4AE-9C935DC2F250}
		{980651A5-4D15-4319-847E-735832C8F2B6} = {16AEE05C-3742-489F-B4AE-9C935DC2F250}
		{FCAD825D-07E0-48AC-843C-FB21F15B3C89} = {16AEE05C-3742-489F-B4AE-9C935DC2F250}
		{0360EA85-7290-4AFF-BFB0-B7FDE6806D93} = {16AEE05C-3742-489F-B4AE-9C935DC2F250}
		{B43A16FE-816B-4A1F-A09E-2167E1BDABC0} = {16AEE05C-3742-489F-B4AE-9C935DC2F250}
		{043DF7C0-C6F7-4059-A5FD-2BA0F27CF2BE} = {16AEE05C-3742-489F-B4AE-9C935DC2F250}
	EndGlobalSection
	GlobalSection(ExtensibilityGlobals) = postSolution
		SolutionGuid = {ECCBA704-EBC2-49C4-8521-486AF157D4B2}
	EndGlobalSection
EndGlobal
