Microsoft Visual Studio Solution File, Format Version 12.00
# Visual Studio 15
VisualStudioVersion = 15.0.27130.2010
MinimumVisualStudioVersion = 10.0.40219.1
Project("{2150E333-8FDC-42A3-9474-1A3956D46DE8}") = ".nuget", ".nuget", "{18D87AC3-8AC1-4904-BF7C-5DB7FE9FA6CF}"
	ProjectSection(SolutionItems) = preProject
		.nuget\NuGet.Config = .nuget\NuGet.Config
		.nuget\NuGet.exe = .nuget\NuGet.exe
		.nuget\NuGet.targets = .nuget\NuGet.targets
	EndProjectSection
EndProject
Project("{2150E333-8FDC-42A3-9474-1A3956D46DE8}") = "src", "src", "{CE67CBBF-87FE-4964-96B0-A5A4DC8E8C6F}"
EndProject
Project("{2150E333-8FDC-42A3-9474-1A3956D46DE8}") = "tst", "tst", "{CB410E7E-6D3D-4100-8339-C2C818E12D51}"
EndProject
Project("{FAE04EC0-301F-11D3-BF4B-00C04F79EFBC}") = "NEsper.Compat", "src\NEsper.Compat\NEsper.Compat.csproj", "{03683DF5-537C-4357-8A70-0DA8EA250059}"
EndProject
Project("{FAE04EC0-301F-11D3-BF4B-00C04F79EFBC}") = "NEsper.Common", "src\NEsper.Common\NEsper.Common.csproj", "{096215A4-C9E6-47F8-AC93-BEFD94CA9198}"
EndProject
Project("{FAE04EC0-301F-11D3-BF4B-00C04F79EFBC}") = "NEsper.Grammar", "src\NEsper.Grammar\NEsper.Grammar.csproj", "{F88793CF-E3CB-4C1D-9726-15600015FB2B}"
EndProject
Project("{FAE04EC0-301F-11D3-BF4B-00C04F79EFBC}") = "NEsper.Runtime", "src\NEsper.Runtime\NEsper.Runtime.csproj", "{97C48287-A8AC-4152-AABC-8B5A87BBA99E}"
EndProject
Project("{FAE04EC0-301F-11D3-BF4B-00C04F79EFBC}") = "NEsper.Avro", "src\NEsper.Avro\NEsper.Avro.csproj", "{A6D7FD8F-118A-4C24-8465-DF28F325E2E8}"
EndProject
Project("{FAE04EC0-301F-11D3-BF4B-00C04F79EFBC}") = "NEsper.Compiler", "src\NEsper.Compiler\NEsper.Compiler.csproj", "{362A5033-80B9-4FEB-B7E9-1D34B42FA4BE}"
EndProject
Project("{FAE04EC0-301F-11D3-BF4B-00C04F79EFBC}") = "NEsper.Data.MySQL", "src\NEsper.Data.MySQL\NEsper.Data.MySQL.csproj", "{EB79F7AD-E760-45AD-87D9-A4E5C7E6859D}"
EndProject
Project("{FAE04EC0-301F-11D3-BF4B-00C04F79EFBC}") = "NEsper.Data.ODBC", "src\NEsper.Data.ODBC\NEsper.Data.ODBC.csproj", "{06EE9AE0-7DC9-4BC5-A726-443E80FDC42A}"
EndProject
Project("{FAE04EC0-301F-11D3-BF4B-00C04F79EFBC}") = "NEsper.Data.PgSQL", "src\NEsper.Data.PgSQL\NEsper.Data.PgSQL.csproj", "{046C7239-886B-4FBF-8231-49A1E5BBDD40}"
EndProject
Project("{FAE04EC0-301F-11D3-BF4B-00C04F79EFBC}") = "NEsper.Data.SQLite", "src\NEsper.Data.SQLite\NEsper.Data.SQLite.csproj", "{F765A8BE-997B-4236-A47C-4B67AE239DD1}"
EndProject
Project("{FAE04EC0-301F-11D3-BF4B-00C04F79EFBC}") = "NEsper.Data.SQLServer", "src\NEsper.Data.SQLServer\NEsper.Data.SQLServer.csproj", "{7AB00430-606B-457E-9F2E-EC351A0E5489}"
EndProject
Project("{FAE04EC0-301F-11D3-BF4B-00C04F79EFBC}") = "NEsper.IO", "src\NEsper.IO\NEsper.IO.csproj", "{9451614F-CEB2-49EC-9145-C93B976AE21E}"
EndProject
Project("{FAE04EC0-301F-11D3-BF4B-00C04F79EFBC}") = "NEsper.Log.NLog", "src\NEsper.Log.NLog\NEsper.Log.NLog.csproj", "{C6B06C78-FACF-4983-81F0-1D13B3981721}"
EndProject
Project("{FAE04EC0-301F-11D3-BF4B-00C04F79EFBC}") = "NEsper.Scripting.ClearScript", "src\NEsper.Scripting.ClearScript\NEsper.Scripting.ClearScript.csproj", "{D3678D35-8B1D-43AC-A268-C1B3FC4A54AF}"
EndProject
Project("{FAE04EC0-301F-11D3-BF4B-00C04F79EFBC}") = "NEsper.Compat.Tests", "tst\NEsper.Compat.Tests\NEsper.Compat.Tests.csproj", "{ADAF1579-8352-4CB1-928C-004419DDF6E7}"
EndProject
Project("{FAE04EC0-301F-11D3-BF4B-00C04F79EFBC}") = "NEsper.Common.Tests", "tst\NEsper.Common.Tests\NEsper.Common.Tests.csproj", "{58389C2E-E507-46B0-AB92-57030ED95820}"
EndProject
Project("{FAE04EC0-301F-11D3-BF4B-00C04F79EFBC}") = "NEsper.Avro.Tests", "tst\NEsper.Avro.Tests\NEsper.Avro.Tests.csproj", "{0F269365-F28E-4B62-ABDD-B0EC2E42F6E7}"
EndProject
Project("{FAE04EC0-301F-11D3-BF4B-00C04F79EFBC}") = "NEsper.Compiler.Tests", "tst\NEsper.Compiler.Tests\NEsper.Compiler.Tests.csproj", "{E91B6495-6794-4280-AD85-D5EE99C9A85F}"
EndProject
Project("{FAE04EC0-301F-11D3-BF4B-00C04F79EFBC}") = "NEsper.IO.Tests", "tst\NEsper.IO.Tests\NEsper.IO.Tests.csproj", "{E574CD52-FA52-4B13-90CF-31EDD307753E}"
EndProject
Project("{FAE04EC0-301F-11D3-BF4B-00C04F79EFBC}") = "NEsper.Regression", "tst\NEsper.Regression\NEsper.Regression.csproj", "{3D2F92C1-BF66-49ED-AD56-FB52150F01BB}"
EndProject
Project("{FAE04EC0-301F-11D3-BF4B-00C04F79EFBC}") = "NEsper.Regression.Runner", "tst\NEsper.Regression.Runner\NEsper.Regression.Runner.csproj", "{AD508C9F-8B4D-4943-9069-2F9C4F7421A4}"
EndProject
Project("{FAE04EC0-301F-11D3-BF4B-00C04F79EFBC}") = "NEsper.Runtime.Tests", "tst\NEsper.Runtime.Tests\NEsper.Runtime.Tests.csproj", "{0E201A80-31FF-49D9-B34D-F76635F1C55A}"
EndProject
Global
	GlobalSection(SolutionConfigurationPlatforms) = preSolution
		Debug|Any CPU = Debug|Any CPU
		Debug|x64 = Debug|x64
		Debug|x86 = Debug|x86
		Release|Any CPU = Release|Any CPU
		Release|x64 = Release|x64
		Release|x86 = Release|x86
		ReleaseNET40_Only|Any CPU = ReleaseNET40_Only|Any CPU
		ReleaseNET40_Only|x64 = ReleaseNET40_Only|x64
		ReleaseNET40_Only|x86 = ReleaseNET40_Only|x86
	EndGlobalSection
	GlobalSection(ProjectConfigurationPlatforms) = postSolution
		{03683DF5-537C-4357-8A70-0DA8EA250059}.Debug|Any CPU.ActiveCfg = Debug|Any CPU
		{03683DF5-537C-4357-8A70-0DA8EA250059}.Debug|Any CPU.Build.0 = Debug|Any CPU
		{03683DF5-537C-4357-8A70-0DA8EA250059}.Debug|x64.ActiveCfg = Debug|Any CPU
		{03683DF5-537C-4357-8A70-0DA8EA250059}.Debug|x64.Build.0 = Debug|Any CPU
		{03683DF5-537C-4357-8A70-0DA8EA250059}.Debug|x86.ActiveCfg = Debug|Any CPU
		{03683DF5-537C-4357-8A70-0DA8EA250059}.Debug|x86.Build.0 = Debug|Any CPU
		{03683DF5-537C-4357-8A70-0DA8EA250059}.Release|Any CPU.ActiveCfg = Release|Any CPU
		{03683DF5-537C-4357-8A70-0DA8EA250059}.Release|Any CPU.Build.0 = Release|Any CPU
		{03683DF5-537C-4357-8A70-0DA8EA250059}.Release|x64.ActiveCfg = Release|Any CPU
		{03683DF5-537C-4357-8A70-0DA8EA250059}.Release|x64.Build.0 = Release|Any CPU
		{03683DF5-537C-4357-8A70-0DA8EA250059}.Release|x86.ActiveCfg = Release|Any CPU
		{03683DF5-537C-4357-8A70-0DA8EA250059}.Release|x86.Build.0 = Release|Any CPU
		{03683DF5-537C-4357-8A70-0DA8EA250059}.ReleaseNET40_Only|Any CPU.ActiveCfg = Debug|Any CPU
		{03683DF5-537C-4357-8A70-0DA8EA250059}.ReleaseNET40_Only|Any CPU.Build.0 = Debug|Any CPU
		{03683DF5-537C-4357-8A70-0DA8EA250059}.ReleaseNET40_Only|x64.ActiveCfg = Debug|Any CPU
		{03683DF5-537C-4357-8A70-0DA8EA250059}.ReleaseNET40_Only|x64.Build.0 = Debug|Any CPU
		{03683DF5-537C-4357-8A70-0DA8EA250059}.ReleaseNET40_Only|x86.ActiveCfg = Debug|Any CPU
		{03683DF5-537C-4357-8A70-0DA8EA250059}.ReleaseNET40_Only|x86.Build.0 = Debug|Any CPU
		{096215A4-C9E6-47F8-AC93-BEFD94CA9198}.Debug|Any CPU.ActiveCfg = Debug|Any CPU
		{096215A4-C9E6-47F8-AC93-BEFD94CA9198}.Debug|Any CPU.Build.0 = Debug|Any CPU
		{096215A4-C9E6-47F8-AC93-BEFD94CA9198}.Debug|x64.ActiveCfg = Debug|Any CPU
		{096215A4-C9E6-47F8-AC93-BEFD94CA9198}.Debug|x64.Build.0 = Debug|Any CPU
		{096215A4-C9E6-47F8-AC93-BEFD94CA9198}.Debug|x86.ActiveCfg = Debug|Any CPU
		{096215A4-C9E6-47F8-AC93-BEFD94CA9198}.Debug|x86.Build.0 = Debug|Any CPU
		{096215A4-C9E6-47F8-AC93-BEFD94CA9198}.Release|Any CPU.ActiveCfg = Release|Any CPU
		{096215A4-C9E6-47F8-AC93-BEFD94CA9198}.Release|Any CPU.Build.0 = Release|Any CPU
		{096215A4-C9E6-47F8-AC93-BEFD94CA9198}.Release|x64.ActiveCfg = Release|Any CPU
		{096215A4-C9E6-47F8-AC93-BEFD94CA9198}.Release|x64.Build.0 = Release|Any CPU
		{096215A4-C9E6-47F8-AC93-BEFD94CA9198}.Release|x86.ActiveCfg = Release|Any CPU
		{096215A4-C9E6-47F8-AC93-BEFD94CA9198}.Release|x86.Build.0 = Release|Any CPU
		{096215A4-C9E6-47F8-AC93-BEFD94CA9198}.ReleaseNET40_Only|Any CPU.ActiveCfg = Debug|Any CPU
		{096215A4-C9E6-47F8-AC93-BEFD94CA9198}.ReleaseNET40_Only|Any CPU.Build.0 = Debug|Any CPU
		{096215A4-C9E6-47F8-AC93-BEFD94CA9198}.ReleaseNET40_Only|x64.ActiveCfg = Debug|Any CPU
		{096215A4-C9E6-47F8-AC93-BEFD94CA9198}.ReleaseNET40_Only|x64.Build.0 = Debug|Any CPU
		{096215A4-C9E6-47F8-AC93-BEFD94CA9198}.ReleaseNET40_Only|x86.ActiveCfg = Debug|Any CPU
		{096215A4-C9E6-47F8-AC93-BEFD94CA9198}.ReleaseNET40_Only|x86.Build.0 = Debug|Any CPU
		{F88793CF-E3CB-4C1D-9726-15600015FB2B}.Debug|Any CPU.ActiveCfg = Debug|Any CPU
		{F88793CF-E3CB-4C1D-9726-15600015FB2B}.Debug|Any CPU.Build.0 = Debug|Any CPU
		{F88793CF-E3CB-4C1D-9726-15600015FB2B}.Debug|x64.ActiveCfg = Debug|Any CPU
		{F88793CF-E3CB-4C1D-9726-15600015FB2B}.Debug|x64.Build.0 = Debug|Any CPU
		{F88793CF-E3CB-4C1D-9726-15600015FB2B}.Debug|x86.ActiveCfg = Debug|Any CPU
		{F88793CF-E3CB-4C1D-9726-15600015FB2B}.Debug|x86.Build.0 = Debug|Any CPU
		{F88793CF-E3CB-4C1D-9726-15600015FB2B}.Release|Any CPU.ActiveCfg = Release|Any CPU
		{F88793CF-E3CB-4C1D-9726-15600015FB2B}.Release|Any CPU.Build.0 = Release|Any CPU
		{F88793CF-E3CB-4C1D-9726-15600015FB2B}.Release|x64.ActiveCfg = Release|Any CPU
		{F88793CF-E3CB-4C1D-9726-15600015FB2B}.Release|x64.Build.0 = Release|Any CPU
		{F88793CF-E3CB-4C1D-9726-15600015FB2B}.Release|x86.ActiveCfg = Release|Any CPU
		{F88793CF-E3CB-4C1D-9726-15600015FB2B}.Release|x86.Build.0 = Release|Any CPU
		{F88793CF-E3CB-4C1D-9726-15600015FB2B}.ReleaseNET40_Only|Any CPU.ActiveCfg = Debug|Any CPU
		{F88793CF-E3CB-4C1D-9726-15600015FB2B}.ReleaseNET40_Only|Any CPU.Build.0 = Debug|Any CPU
		{F88793CF-E3CB-4C1D-9726-15600015FB2B}.ReleaseNET40_Only|x64.ActiveCfg = Debug|Any CPU
		{F88793CF-E3CB-4C1D-9726-15600015FB2B}.ReleaseNET40_Only|x64.Build.0 = Debug|Any CPU
		{F88793CF-E3CB-4C1D-9726-15600015FB2B}.ReleaseNET40_Only|x86.ActiveCfg = Debug|Any CPU
		{F88793CF-E3CB-4C1D-9726-15600015FB2B}.ReleaseNET40_Only|x86.Build.0 = Debug|Any CPU
		{97C48287-A8AC-4152-AABC-8B5A87BBA99E}.Debug|Any CPU.ActiveCfg = Debug|Any CPU
		{97C48287-A8AC-4152-AABC-8B5A87BBA99E}.Debug|Any CPU.Build.0 = Debug|Any CPU
		{97C48287-A8AC-4152-AABC-8B5A87BBA99E}.Debug|x64.ActiveCfg = Debug|Any CPU
		{97C48287-A8AC-4152-AABC-8B5A87BBA99E}.Debug|x64.Build.0 = Debug|Any CPU
		{97C48287-A8AC-4152-AABC-8B5A87BBA99E}.Debug|x86.ActiveCfg = Debug|Any CPU
		{97C48287-A8AC-4152-AABC-8B5A87BBA99E}.Debug|x86.Build.0 = Debug|Any CPU
		{97C48287-A8AC-4152-AABC-8B5A87BBA99E}.Release|Any CPU.ActiveCfg = Release|Any CPU
		{97C48287-A8AC-4152-AABC-8B5A87BBA99E}.Release|Any CPU.Build.0 = Release|Any CPU
		{97C48287-A8AC-4152-AABC-8B5A87BBA99E}.Release|x64.ActiveCfg = Release|Any CPU
		{97C48287-A8AC-4152-AABC-8B5A87BBA99E}.Release|x64.Build.0 = Release|Any CPU
		{97C48287-A8AC-4152-AABC-8B5A87BBA99E}.Release|x86.ActiveCfg = Release|Any CPU
		{97C48287-A8AC-4152-AABC-8B5A87BBA99E}.Release|x86.Build.0 = Release|Any CPU
		{97C48287-A8AC-4152-AABC-8B5A87BBA99E}.ReleaseNET40_Only|Any CPU.ActiveCfg = Debug|Any CPU
		{97C48287-A8AC-4152-AABC-8B5A87BBA99E}.ReleaseNET40_Only|Any CPU.Build.0 = Debug|Any CPU
		{97C48287-A8AC-4152-AABC-8B5A87BBA99E}.ReleaseNET40_Only|x64.ActiveCfg = Debug|Any CPU
		{97C48287-A8AC-4152-AABC-8B5A87BBA99E}.ReleaseNET40_Only|x64.Build.0 = Debug|Any CPU
		{97C48287-A8AC-4152-AABC-8B5A87BBA99E}.ReleaseNET40_Only|x86.ActiveCfg = Debug|Any CPU
		{97C48287-A8AC-4152-AABC-8B5A87BBA99E}.ReleaseNET40_Only|x86.Build.0 = Debug|Any CPU
		{A6D7FD8F-118A-4C24-8465-DF28F325E2E8}.Debug|Any CPU.ActiveCfg = Debug|Any CPU
		{A6D7FD8F-118A-4C24-8465-DF28F325E2E8}.Debug|Any CPU.Build.0 = Debug|Any CPU
		{A6D7FD8F-118A-4C24-8465-DF28F325E2E8}.Debug|x64.ActiveCfg = Debug|Any CPU
		{A6D7FD8F-118A-4C24-8465-DF28F325E2E8}.Debug|x64.Build.0 = Debug|Any CPU
		{A6D7FD8F-118A-4C24-8465-DF28F325E2E8}.Debug|x86.ActiveCfg = Debug|Any CPU
		{A6D7FD8F-118A-4C24-8465-DF28F325E2E8}.Debug|x86.Build.0 = Debug|Any CPU
		{A6D7FD8F-118A-4C24-8465-DF28F325E2E8}.Release|Any CPU.ActiveCfg = Release|Any CPU
		{A6D7FD8F-118A-4C24-8465-DF28F325E2E8}.Release|Any CPU.Build.0 = Release|Any CPU
		{A6D7FD8F-118A-4C24-8465-DF28F325E2E8}.Release|x64.ActiveCfg = Release|Any CPU
		{A6D7FD8F-118A-4C24-8465-DF28F325E2E8}.Release|x64.Build.0 = Release|Any CPU
		{A6D7FD8F-118A-4C24-8465-DF28F325E2E8}.Release|x86.ActiveCfg = Release|Any CPU
		{A6D7FD8F-118A-4C24-8465-DF28F325E2E8}.Release|x86.Build.0 = Release|Any CPU
		{A6D7FD8F-118A-4C24-8465-DF28F325E2E8}.ReleaseNET40_Only|Any CPU.ActiveCfg = Debug|Any CPU
		{A6D7FD8F-118A-4C24-8465-DF28F325E2E8}.ReleaseNET40_Only|Any CPU.Build.0 = Debug|Any CPU
		{A6D7FD8F-118A-4C24-8465-DF28F325E2E8}.ReleaseNET40_Only|x64.ActiveCfg = Debug|Any CPU
		{A6D7FD8F-118A-4C24-8465-DF28F325E2E8}.ReleaseNET40_Only|x64.Build.0 = Debug|Any CPU
		{A6D7FD8F-118A-4C24-8465-DF28F325E2E8}.ReleaseNET40_Only|x86.ActiveCfg = Debug|Any CPU
		{A6D7FD8F-118A-4C24-8465-DF28F325E2E8}.ReleaseNET40_Only|x86.Build.0 = Debug|Any CPU
		{362A5033-80B9-4FEB-B7E9-1D34B42FA4BE}.Debug|Any CPU.ActiveCfg = Debug|Any CPU
		{362A5033-80B9-4FEB-B7E9-1D34B42FA4BE}.Debug|Any CPU.Build.0 = Debug|Any CPU
		{362A5033-80B9-4FEB-B7E9-1D34B42FA4BE}.Debug|x64.ActiveCfg = Debug|Any CPU
		{362A5033-80B9-4FEB-B7E9-1D34B42FA4BE}.Debug|x64.Build.0 = Debug|Any CPU
		{362A5033-80B9-4FEB-B7E9-1D34B42FA4BE}.Debug|x86.ActiveCfg = Debug|Any CPU
		{362A5033-80B9-4FEB-B7E9-1D34B42FA4BE}.Debug|x86.Build.0 = Debug|Any CPU
		{362A5033-80B9-4FEB-B7E9-1D34B42FA4BE}.Release|Any CPU.ActiveCfg = Release|Any CPU
		{362A5033-80B9-4FEB-B7E9-1D34B42FA4BE}.Release|Any CPU.Build.0 = Release|Any CPU
		{362A5033-80B9-4FEB-B7E9-1D34B42FA4BE}.Release|x64.ActiveCfg = Release|Any CPU
		{362A5033-80B9-4FEB-B7E9-1D34B42FA4BE}.Release|x64.Build.0 = Release|Any CPU
		{362A5033-80B9-4FEB-B7E9-1D34B42FA4BE}.Release|x86.ActiveCfg = Release|Any CPU
		{362A5033-80B9-4FEB-B7E9-1D34B42FA4BE}.Release|x86.Build.0 = Release|Any CPU
		{362A5033-80B9-4FEB-B7E9-1D34B42FA4BE}.ReleaseNET40_Only|Any CPU.ActiveCfg = Debug|Any CPU
		{362A5033-80B9-4FEB-B7E9-1D34B42FA4BE}.ReleaseNET40_Only|Any CPU.Build.0 = Debug|Any CPU
		{362A5033-80B9-4FEB-B7E9-1D34B42FA4BE}.ReleaseNET40_Only|x64.ActiveCfg = Debug|Any CPU
		{362A5033-80B9-4FEB-B7E9-1D34B42FA4BE}.ReleaseNET40_Only|x64.Build.0 = Debug|Any CPU
		{362A5033-80B9-4FEB-B7E9-1D34B42FA4BE}.ReleaseNET40_Only|x86.ActiveCfg = Debug|Any CPU
		{362A5033-80B9-4FEB-B7E9-1D34B42FA4BE}.ReleaseNET40_Only|x86.Build.0 = Debug|Any CPU
		{EB79F7AD-E760-45AD-87D9-A4E5C7E6859D}.Debug|Any CPU.ActiveCfg = Debug|Any CPU
		{EB79F7AD-E760-45AD-87D9-A4E5C7E6859D}.Debug|Any CPU.Build.0 = Debug|Any CPU
		{EB79F7AD-E760-45AD-87D9-A4E5C7E6859D}.Debug|x64.ActiveCfg = Debug|Any CPU
		{EB79F7AD-E760-45AD-87D9-A4E5C7E6859D}.Debug|x64.Build.0 = Debug|Any CPU
		{EB79F7AD-E760-45AD-87D9-A4E5C7E6859D}.Debug|x86.ActiveCfg = Debug|Any CPU
		{EB79F7AD-E760-45AD-87D9-A4E5C7E6859D}.Debug|x86.Build.0 = Debug|Any CPU
		{EB79F7AD-E760-45AD-87D9-A4E5C7E6859D}.Release|Any CPU.ActiveCfg = Release|Any CPU
		{EB79F7AD-E760-45AD-87D9-A4E5C7E6859D}.Release|Any CPU.Build.0 = Release|Any CPU
		{EB79F7AD-E760-45AD-87D9-A4E5C7E6859D}.Release|x64.ActiveCfg = Release|Any CPU
		{EB79F7AD-E760-45AD-87D9-A4E5C7E6859D}.Release|x64.Build.0 = Release|Any CPU
		{EB79F7AD-E760-45AD-87D9-A4E5C7E6859D}.Release|x86.ActiveCfg = Release|Any CPU
		{EB79F7AD-E760-45AD-87D9-A4E5C7E6859D}.Release|x86.Build.0 = Release|Any CPU
		{EB79F7AD-E760-45AD-87D9-A4E5C7E6859D}.ReleaseNET40_Only|Any CPU.ActiveCfg = Debug|Any CPU
		{EB79F7AD-E760-45AD-87D9-A4E5C7E6859D}.ReleaseNET40_Only|Any CPU.Build.0 = Debug|Any CPU
		{EB79F7AD-E760-45AD-87D9-A4E5C7E6859D}.ReleaseNET40_Only|x64.ActiveCfg = Debug|Any CPU
		{EB79F7AD-E760-45AD-87D9-A4E5C7E6859D}.ReleaseNET40_Only|x64.Build.0 = Debug|Any CPU
		{EB79F7AD-E760-45AD-87D9-A4E5C7E6859D}.ReleaseNET40_Only|x86.ActiveCfg = Debug|Any CPU
		{EB79F7AD-E760-45AD-87D9-A4E5C7E6859D}.ReleaseNET40_Only|x86.Build.0 = Debug|Any CPU
		{06EE9AE0-7DC9-4BC5-A726-443E80FDC42A}.Debug|Any CPU.ActiveCfg = Debug|Any CPU
		{06EE9AE0-7DC9-4BC5-A726-443E80FDC42A}.Debug|Any CPU.Build.0 = Debug|Any CPU
		{06EE9AE0-7DC9-4BC5-A726-443E80FDC42A}.Debug|x64.ActiveCfg = Debug|Any CPU
		{06EE9AE0-7DC9-4BC5-A726-443E80FDC42A}.Debug|x64.Build.0 = Debug|Any CPU
		{06EE9AE0-7DC9-4BC5-A726-443E80FDC42A}.Debug|x86.ActiveCfg = Debug|Any CPU
		{06EE9AE0-7DC9-4BC5-A726-443E80FDC42A}.Debug|x86.Build.0 = Debug|Any CPU
		{06EE9AE0-7DC9-4BC5-A726-443E80FDC42A}.Release|Any CPU.ActiveCfg = Release|Any CPU
		{06EE9AE0-7DC9-4BC5-A726-443E80FDC42A}.Release|Any CPU.Build.0 = Release|Any CPU
		{06EE9AE0-7DC9-4BC5-A726-443E80FDC42A}.Release|x64.ActiveCfg = Release|Any CPU
		{06EE9AE0-7DC9-4BC5-A726-443E80FDC42A}.Release|x64.Build.0 = Release|Any CPU
		{06EE9AE0-7DC9-4BC5-A726-443E80FDC42A}.Release|x86.ActiveCfg = Release|Any CPU
		{06EE9AE0-7DC9-4BC5-A726-443E80FDC42A}.Release|x86.Build.0 = Release|Any CPU
		{06EE9AE0-7DC9-4BC5-A726-443E80FDC42A}.ReleaseNET40_Only|Any CPU.ActiveCfg = Debug|Any CPU
		{06EE9AE0-7DC9-4BC5-A726-443E80FDC42A}.ReleaseNET40_Only|Any CPU.Build.0 = Debug|Any CPU
		{06EE9AE0-7DC9-4BC5-A726-443E80FDC42A}.ReleaseNET40_Only|x64.ActiveCfg = Debug|Any CPU
		{06EE9AE0-7DC9-4BC5-A726-443E80FDC42A}.ReleaseNET40_Only|x64.Build.0 = Debug|Any CPU
		{06EE9AE0-7DC9-4BC5-A726-443E80FDC42A}.ReleaseNET40_Only|x86.ActiveCfg = Debug|Any CPU
		{06EE9AE0-7DC9-4BC5-A726-443E80FDC42A}.ReleaseNET40_Only|x86.Build.0 = Debug|Any CPU
		{046C7239-886B-4FBF-8231-49A1E5BBDD40}.Debug|Any CPU.ActiveCfg = Debug|Any CPU
		{046C7239-886B-4FBF-8231-49A1E5BBDD40}.Debug|Any CPU.Build.0 = Debug|Any CPU
		{046C7239-886B-4FBF-8231-49A1E5BBDD40}.Debug|x64.ActiveCfg = Debug|Any CPU
		{046C7239-886B-4FBF-8231-49A1E5BBDD40}.Debug|x64.Build.0 = Debug|Any CPU
		{046C7239-886B-4FBF-8231-49A1E5BBDD40}.Debug|x86.ActiveCfg = Debug|Any CPU
		{046C7239-886B-4FBF-8231-49A1E5BBDD40}.Debug|x86.Build.0 = Debug|Any CPU
		{046C7239-886B-4FBF-8231-49A1E5BBDD40}.Release|Any CPU.ActiveCfg = Release|Any CPU
		{046C7239-886B-4FBF-8231-49A1E5BBDD40}.Release|Any CPU.Build.0 = Release|Any CPU
		{046C7239-886B-4FBF-8231-49A1E5BBDD40}.Release|x64.ActiveCfg = Release|Any CPU
		{046C7239-886B-4FBF-8231-49A1E5BBDD40}.Release|x64.Build.0 = Release|Any CPU
		{046C7239-886B-4FBF-8231-49A1E5BBDD40}.Release|x86.ActiveCfg = Release|Any CPU
		{046C7239-886B-4FBF-8231-49A1E5BBDD40}.Release|x86.Build.0 = Release|Any CPU
		{046C7239-886B-4FBF-8231-49A1E5BBDD40}.ReleaseNET40_Only|Any CPU.ActiveCfg = Debug|Any CPU
		{046C7239-886B-4FBF-8231-49A1E5BBDD40}.ReleaseNET40_Only|Any CPU.Build.0 = Debug|Any CPU
		{046C7239-886B-4FBF-8231-49A1E5BBDD40}.ReleaseNET40_Only|x64.ActiveCfg = Debug|Any CPU
		{046C7239-886B-4FBF-8231-49A1E5BBDD40}.ReleaseNET40_Only|x64.Build.0 = Debug|Any CPU
		{046C7239-886B-4FBF-8231-49A1E5BBDD40}.ReleaseNET40_Only|x86.ActiveCfg = Debug|Any CPU
		{046C7239-886B-4FBF-8231-49A1E5BBDD40}.ReleaseNET40_Only|x86.Build.0 = Debug|Any CPU
		{F765A8BE-997B-4236-A47C-4B67AE239DD1}.Debug|Any CPU.ActiveCfg = Debug|Any CPU
		{F765A8BE-997B-4236-A47C-4B67AE239DD1}.Debug|Any CPU.Build.0 = Debug|Any CPU
		{F765A8BE-997B-4236-A47C-4B67AE239DD1}.Debug|x64.ActiveCfg = Debug|Any CPU
		{F765A8BE-997B-4236-A47C-4B67AE239DD1}.Debug|x64.Build.0 = Debug|Any CPU
		{F765A8BE-997B-4236-A47C-4B67AE239DD1}.Debug|x86.ActiveCfg = Debug|Any CPU
		{F765A8BE-997B-4236-A47C-4B67AE239DD1}.Debug|x86.Build.0 = Debug|Any CPU
		{F765A8BE-997B-4236-A47C-4B67AE239DD1}.Release|Any CPU.ActiveCfg = Release|Any CPU
		{F765A8BE-997B-4236-A47C-4B67AE239DD1}.Release|Any CPU.Build.0 = Release|Any CPU
		{F765A8BE-997B-4236-A47C-4B67AE239DD1}.Release|x64.ActiveCfg = Release|Any CPU
		{F765A8BE-997B-4236-A47C-4B67AE239DD1}.Release|x64.Build.0 = Release|Any CPU
		{F765A8BE-997B-4236-A47C-4B67AE239DD1}.Release|x86.ActiveCfg = Release|Any CPU
		{F765A8BE-997B-4236-A47C-4B67AE239DD1}.Release|x86.Build.0 = Release|Any CPU
		{F765A8BE-997B-4236-A47C-4B67AE239DD1}.ReleaseNET40_Only|Any CPU.ActiveCfg = Debug|Any CPU
		{F765A8BE-997B-4236-A47C-4B67AE239DD1}.ReleaseNET40_Only|Any CPU.Build.0 = Debug|Any CPU
		{F765A8BE-997B-4236-A47C-4B67AE239DD1}.ReleaseNET40_Only|x64.ActiveCfg = Debug|Any CPU
		{F765A8BE-997B-4236-A47C-4B67AE239DD1}.ReleaseNET40_Only|x64.Build.0 = Debug|Any CPU
		{F765A8BE-997B-4236-A47C-4B67AE239DD1}.ReleaseNET40_Only|x86.ActiveCfg = Debug|Any CPU
		{F765A8BE-997B-4236-A47C-4B67AE239DD1}.ReleaseNET40_Only|x86.Build.0 = Debug|Any CPU
		{7AB00430-606B-457E-9F2E-EC351A0E5489}.Debug|Any CPU.ActiveCfg = Debug|Any CPU
		{7AB00430-606B-457E-9F2E-EC351A0E5489}.Debug|Any CPU.Build.0 = Debug|Any CPU
		{7AB00430-606B-457E-9F2E-EC351A0E5489}.Debug|x64.ActiveCfg = Debug|Any CPU
		{7AB00430-606B-457E-9F2E-EC351A0E5489}.Debug|x64.Build.0 = Debug|Any CPU
		{7AB00430-606B-457E-9F2E-EC351A0E5489}.Debug|x86.ActiveCfg = Debug|Any CPU
		{7AB00430-606B-457E-9F2E-EC351A0E5489}.Debug|x86.Build.0 = Debug|Any CPU
		{7AB00430-606B-457E-9F2E-EC351A0E5489}.Release|Any CPU.ActiveCfg = Release|Any CPU
		{7AB00430-606B-457E-9F2E-EC351A0E5489}.Release|Any CPU.Build.0 = Release|Any CPU
		{7AB00430-606B-457E-9F2E-EC351A0E5489}.Release|x64.ActiveCfg = Release|Any CPU
		{7AB00430-606B-457E-9F2E-EC351A0E5489}.Release|x64.Build.0 = Release|Any CPU
		{7AB00430-606B-457E-9F2E-EC351A0E5489}.Release|x86.ActiveCfg = Release|Any CPU
		{7AB00430-606B-457E-9F2E-EC351A0E5489}.Release|x86.Build.0 = Release|Any CPU
		{7AB00430-606B-457E-9F2E-EC351A0E5489}.ReleaseNET40_Only|Any CPU.ActiveCfg = Debug|Any CPU
		{7AB00430-606B-457E-9F2E-EC351A0E5489}.ReleaseNET40_Only|Any CPU.Build.0 = Debug|Any CPU
		{7AB00430-606B-457E-9F2E-EC351A0E5489}.ReleaseNET40_Only|x64.ActiveCfg = Debug|Any CPU
		{7AB00430-606B-457E-9F2E-EC351A0E5489}.ReleaseNET40_Only|x64.Build.0 = Debug|Any CPU
		{7AB00430-606B-457E-9F2E-EC351A0E5489}.ReleaseNET40_Only|x86.ActiveCfg = Debug|Any CPU
		{7AB00430-606B-457E-9F2E-EC351A0E5489}.ReleaseNET40_Only|x86.Build.0 = Debug|Any CPU
		{9451614F-CEB2-49EC-9145-C93B976AE21E}.Debug|Any CPU.ActiveCfg = Debug|Any CPU
		{9451614F-CEB2-49EC-9145-C93B976AE21E}.Debug|Any CPU.Build.0 = Debug|Any CPU
		{9451614F-CEB2-49EC-9145-C93B976AE21E}.Debug|x64.ActiveCfg = Debug|Any CPU
		{9451614F-CEB2-49EC-9145-C93B976AE21E}.Debug|x64.Build.0 = Debug|Any CPU
		{9451614F-CEB2-49EC-9145-C93B976AE21E}.Debug|x86.ActiveCfg = Debug|Any CPU
		{9451614F-CEB2-49EC-9145-C93B976AE21E}.Debug|x86.Build.0 = Debug|Any CPU
		{9451614F-CEB2-49EC-9145-C93B976AE21E}.Release|Any CPU.ActiveCfg = Release|Any CPU
		{9451614F-CEB2-49EC-9145-C93B976AE21E}.Release|Any CPU.Build.0 = Release|Any CPU
		{9451614F-CEB2-49EC-9145-C93B976AE21E}.Release|x64.ActiveCfg = Release|Any CPU
		{9451614F-CEB2-49EC-9145-C93B976AE21E}.Release|x64.Build.0 = Release|Any CPU
		{9451614F-CEB2-49EC-9145-C93B976AE21E}.Release|x86.ActiveCfg = Release|Any CPU
		{9451614F-CEB2-49EC-9145-C93B976AE21E}.Release|x86.Build.0 = Release|Any CPU
		{9451614F-CEB2-49EC-9145-C93B976AE21E}.ReleaseNET40_Only|Any CPU.ActiveCfg = Debug|Any CPU
		{9451614F-CEB2-49EC-9145-C93B976AE21E}.ReleaseNET40_Only|Any CPU.Build.0 = Debug|Any CPU
		{9451614F-CEB2-49EC-9145-C93B976AE21E}.ReleaseNET40_Only|x64.ActiveCfg = Debug|Any CPU
		{9451614F-CEB2-49EC-9145-C93B976AE21E}.ReleaseNET40_Only|x64.Build.0 = Debug|Any CPU
		{9451614F-CEB2-49EC-9145-C93B976AE21E}.ReleaseNET40_Only|x86.ActiveCfg = Debug|Any CPU
		{9451614F-CEB2-49EC-9145-C93B976AE21E}.ReleaseNET40_Only|x86.Build.0 = Debug|Any CPU
		{C6B06C78-FACF-4983-81F0-1D13B3981721}.Debug|Any CPU.ActiveCfg = Debug|Any CPU
		{C6B06C78-FACF-4983-81F0-1D13B3981721}.Debug|Any CPU.Build.0 = Debug|Any CPU
		{C6B06C78-FACF-4983-81F0-1D13B3981721}.Debug|x64.ActiveCfg = Debug|Any CPU
		{C6B06C78-FACF-4983-81F0-1D13B3981721}.Debug|x64.Build.0 = Debug|Any CPU
		{C6B06C78-FACF-4983-81F0-1D13B3981721}.Debug|x86.ActiveCfg = Debug|Any CPU
		{C6B06C78-FACF-4983-81F0-1D13B3981721}.Debug|x86.Build.0 = Debug|Any CPU
		{C6B06C78-FACF-4983-81F0-1D13B3981721}.Release|Any CPU.ActiveCfg = Release|Any CPU
		{C6B06C78-FACF-4983-81F0-1D13B3981721}.Release|Any CPU.Build.0 = Release|Any CPU
		{C6B06C78-FACF-4983-81F0-1D13B3981721}.Release|x64.ActiveCfg = Release|Any CPU
		{C6B06C78-FACF-4983-81F0-1D13B3981721}.Release|x64.Build.0 = Release|Any CPU
		{C6B06C78-FACF-4983-81F0-1D13B3981721}.Release|x86.ActiveCfg = Release|Any CPU
		{C6B06C78-FACF-4983-81F0-1D13B3981721}.Release|x86.Build.0 = Release|Any CPU
		{C6B06C78-FACF-4983-81F0-1D13B3981721}.ReleaseNET40_Only|Any CPU.ActiveCfg = Debug|Any CPU
		{C6B06C78-FACF-4983-81F0-1D13B3981721}.ReleaseNET40_Only|Any CPU.Build.0 = Debug|Any CPU
		{C6B06C78-FACF-4983-81F0-1D13B3981721}.ReleaseNET40_Only|x64.ActiveCfg = Debug|Any CPU
		{C6B06C78-FACF-4983-81F0-1D13B3981721}.ReleaseNET40_Only|x64.Build.0 = Debug|Any CPU
		{C6B06C78-FACF-4983-81F0-1D13B3981721}.ReleaseNET40_Only|x86.ActiveCfg = Debug|Any CPU
		{C6B06C78-FACF-4983-81F0-1D13B3981721}.ReleaseNET40_Only|x86.Build.0 = Debug|Any CPU
		{D3678D35-8B1D-43AC-A268-C1B3FC4A54AF}.Debug|Any CPU.ActiveCfg = Debug|Any CPU
		{D3678D35-8B1D-43AC-A268-C1B3FC4A54AF}.Debug|Any CPU.Build.0 = Debug|Any CPU
		{D3678D35-8B1D-43AC-A268-C1B3FC4A54AF}.Debug|x64.ActiveCfg = Debug|Any CPU
		{D3678D35-8B1D-43AC-A268-C1B3FC4A54AF}.Debug|x64.Build.0 = Debug|Any CPU
		{D3678D35-8B1D-43AC-A268-C1B3FC4A54AF}.Debug|x86.ActiveCfg = Debug|Any CPU
		{D3678D35-8B1D-43AC-A268-C1B3FC4A54AF}.Debug|x86.Build.0 = Debug|Any CPU
		{D3678D35-8B1D-43AC-A268-C1B3FC4A54AF}.Release|Any CPU.ActiveCfg = Release|Any CPU
		{D3678D35-8B1D-43AC-A268-C1B3FC4A54AF}.Release|Any CPU.Build.0 = Release|Any CPU
		{D3678D35-8B1D-43AC-A268-C1B3FC4A54AF}.Release|x64.ActiveCfg = Release|Any CPU
		{D3678D35-8B1D-43AC-A268-C1B3FC4A54AF}.Release|x64.Build.0 = Release|Any CPU
		{D3678D35-8B1D-43AC-A268-C1B3FC4A54AF}.Release|x86.ActiveCfg = Release|Any CPU
		{D3678D35-8B1D-43AC-A268-C1B3FC4A54AF}.Release|x86.Build.0 = Release|Any CPU
		{D3678D35-8B1D-43AC-A268-C1B3FC4A54AF}.ReleaseNET40_Only|Any CPU.ActiveCfg = Debug|Any CPU
		{D3678D35-8B1D-43AC-A268-C1B3FC4A54AF}.ReleaseNET40_Only|Any CPU.Build.0 = Debug|Any CPU
		{D3678D35-8B1D-43AC-A268-C1B3FC4A54AF}.ReleaseNET40_Only|x64.ActiveCfg = Debug|Any CPU
		{D3678D35-8B1D-43AC-A268-C1B3FC4A54AF}.ReleaseNET40_Only|x64.Build.0 = Debug|Any CPU
		{D3678D35-8B1D-43AC-A268-C1B3FC4A54AF}.ReleaseNET40_Only|x86.ActiveCfg = Debug|Any CPU
		{D3678D35-8B1D-43AC-A268-C1B3FC4A54AF}.ReleaseNET40_Only|x86.Build.0 = Debug|Any CPU
		{ADAF1579-8352-4CB1-928C-004419DDF6E7}.Debug|Any CPU.ActiveCfg = Debug|Any CPU
		{ADAF1579-8352-4CB1-928C-004419DDF6E7}.Debug|Any CPU.Build.0 = Debug|Any CPU
		{ADAF1579-8352-4CB1-928C-004419DDF6E7}.Debug|x64.ActiveCfg = Debug|Any CPU
		{ADAF1579-8352-4CB1-928C-004419DDF6E7}.Debug|x64.Build.0 = Debug|Any CPU
		{ADAF1579-8352-4CB1-928C-004419DDF6E7}.Debug|x86.ActiveCfg = Debug|Any CPU
		{ADAF1579-8352-4CB1-928C-004419DDF6E7}.Debug|x86.Build.0 = Debug|Any CPU
		{ADAF1579-8352-4CB1-928C-004419DDF6E7}.Release|Any CPU.ActiveCfg = Release|Any CPU
		{ADAF1579-8352-4CB1-928C-004419DDF6E7}.Release|Any CPU.Build.0 = Release|Any CPU
		{ADAF1579-8352-4CB1-928C-004419DDF6E7}.Release|x64.ActiveCfg = Release|Any CPU
		{ADAF1579-8352-4CB1-928C-004419DDF6E7}.Release|x64.Build.0 = Release|Any CPU
		{ADAF1579-8352-4CB1-928C-004419DDF6E7}.Release|x86.ActiveCfg = Release|Any CPU
		{ADAF1579-8352-4CB1-928C-004419DDF6E7}.Release|x86.Build.0 = Release|Any CPU
		{ADAF1579-8352-4CB1-928C-004419DDF6E7}.ReleaseNET40_Only|Any CPU.ActiveCfg = Debug|Any CPU
		{ADAF1579-8352-4CB1-928C-004419DDF6E7}.ReleaseNET40_Only|Any CPU.Build.0 = Debug|Any CPU
		{ADAF1579-8352-4CB1-928C-004419DDF6E7}.ReleaseNET40_Only|x64.ActiveCfg = Debug|Any CPU
		{ADAF1579-8352-4CB1-928C-004419DDF6E7}.ReleaseNET40_Only|x64.Build.0 = Debug|Any CPU
		{ADAF1579-8352-4CB1-928C-004419DDF6E7}.ReleaseNET40_Only|x86.ActiveCfg = Debug|Any CPU
		{ADAF1579-8352-4CB1-928C-004419DDF6E7}.ReleaseNET40_Only|x86.Build.0 = Debug|Any CPU
		{58389C2E-E507-46B0-AB92-57030ED95820}.Debug|Any CPU.ActiveCfg = Debug|Any CPU
		{58389C2E-E507-46B0-AB92-57030ED95820}.Debug|Any CPU.Build.0 = Debug|Any CPU
		{58389C2E-E507-46B0-AB92-57030ED95820}.Debug|x64.ActiveCfg = Debug|Any CPU
		{58389C2E-E507-46B0-AB92-57030ED95820}.Debug|x64.Build.0 = Debug|Any CPU
		{58389C2E-E507-46B0-AB92-57030ED95820}.Debug|x86.ActiveCfg = Debug|Any CPU
		{58389C2E-E507-46B0-AB92-57030ED95820}.Debug|x86.Build.0 = Debug|Any CPU
		{58389C2E-E507-46B0-AB92-57030ED95820}.Release|Any CPU.ActiveCfg = Release|Any CPU
		{58389C2E-E507-46B0-AB92-57030ED95820}.Release|Any CPU.Build.0 = Release|Any CPU
		{58389C2E-E507-46B0-AB92-57030ED95820}.Release|x64.ActiveCfg = Release|Any CPU
		{58389C2E-E507-46B0-AB92-57030ED95820}.Release|x64.Build.0 = Release|Any CPU
		{58389C2E-E507-46B0-AB92-57030ED95820}.Release|x86.ActiveCfg = Release|Any CPU
		{58389C2E-E507-46B0-AB92-57030ED95820}.Release|x86.Build.0 = Release|Any CPU
		{58389C2E-E507-46B0-AB92-57030ED95820}.ReleaseNET40_Only|Any CPU.ActiveCfg = Debug|Any CPU
		{58389C2E-E507-46B0-AB92-57030ED95820}.ReleaseNET40_Only|Any CPU.Build.0 = Debug|Any CPU
		{58389C2E-E507-46B0-AB92-57030ED95820}.ReleaseNET40_Only|x64.ActiveCfg = Debug|Any CPU
		{58389C2E-E507-46B0-AB92-57030ED95820}.ReleaseNET40_Only|x64.Build.0 = Debug|Any CPU
		{58389C2E-E507-46B0-AB92-57030ED95820}.ReleaseNET40_Only|x86.ActiveCfg = Debug|Any CPU
		{58389C2E-E507-46B0-AB92-57030ED95820}.ReleaseNET40_Only|x86.Build.0 = Debug|Any CPU
		{0F269365-F28E-4B62-ABDD-B0EC2E42F6E7}.Debug|Any CPU.ActiveCfg = Debug|Any CPU
		{0F269365-F28E-4B62-ABDD-B0EC2E42F6E7}.Debug|Any CPU.Build.0 = Debug|Any CPU
		{0F269365-F28E-4B62-ABDD-B0EC2E42F6E7}.Debug|x64.ActiveCfg = Debug|Any CPU
		{0F269365-F28E-4B62-ABDD-B0EC2E42F6E7}.Debug|x64.Build.0 = Debug|Any CPU
		{0F269365-F28E-4B62-ABDD-B0EC2E42F6E7}.Debug|x86.ActiveCfg = Debug|Any CPU
		{0F269365-F28E-4B62-ABDD-B0EC2E42F6E7}.Debug|x86.Build.0 = Debug|Any CPU
		{0F269365-F28E-4B62-ABDD-B0EC2E42F6E7}.Release|Any CPU.ActiveCfg = Release|Any CPU
		{0F269365-F28E-4B62-ABDD-B0EC2E42F6E7}.Release|Any CPU.Build.0 = Release|Any CPU
		{0F269365-F28E-4B62-ABDD-B0EC2E42F6E7}.Release|x64.ActiveCfg = Release|Any CPU
		{0F269365-F28E-4B62-ABDD-B0EC2E42F6E7}.Release|x64.Build.0 = Release|Any CPU
		{0F269365-F28E-4B62-ABDD-B0EC2E42F6E7}.Release|x86.ActiveCfg = Release|Any CPU
		{0F269365-F28E-4B62-ABDD-B0EC2E42F6E7}.Release|x86.Build.0 = Release|Any CPU
		{0F269365-F28E-4B62-ABDD-B0EC2E42F6E7}.ReleaseNET40_Only|Any CPU.ActiveCfg = Debug|Any CPU
		{0F269365-F28E-4B62-ABDD-B0EC2E42F6E7}.ReleaseNET40_Only|Any CPU.Build.0 = Debug|Any CPU
		{0F269365-F28E-4B62-ABDD-B0EC2E42F6E7}.ReleaseNET40_Only|x64.ActiveCfg = Debug|Any CPU
		{0F269365-F28E-4B62-ABDD-B0EC2E42F6E7}.ReleaseNET40_Only|x64.Build.0 = Debug|Any CPU
		{0F269365-F28E-4B62-ABDD-B0EC2E42F6E7}.ReleaseNET40_Only|x86.ActiveCfg = Debug|Any CPU
		{0F269365-F28E-4B62-ABDD-B0EC2E42F6E7}.ReleaseNET40_Only|x86.Build.0 = Debug|Any CPU
		{E91B6495-6794-4280-AD85-D5EE99C9A85F}.Debug|Any CPU.ActiveCfg = Debug|Any CPU
		{E91B6495-6794-4280-AD85-D5EE99C9A85F}.Debug|Any CPU.Build.0 = Debug|Any CPU
		{E91B6495-6794-4280-AD85-D5EE99C9A85F}.Debug|x64.ActiveCfg = Debug|Any CPU
		{E91B6495-6794-4280-AD85-D5EE99C9A85F}.Debug|x64.Build.0 = Debug|Any CPU
		{E91B6495-6794-4280-AD85-D5EE99C9A85F}.Debug|x86.ActiveCfg = Debug|Any CPU
		{E91B6495-6794-4280-AD85-D5EE99C9A85F}.Debug|x86.Build.0 = Debug|Any CPU
		{E91B6495-6794-4280-AD85-D5EE99C9A85F}.Release|Any CPU.ActiveCfg = Release|Any CPU
		{E91B6495-6794-4280-AD85-D5EE99C9A85F}.Release|Any CPU.Build.0 = Release|Any CPU
		{E91B6495-6794-4280-AD85-D5EE99C9A85F}.Release|x64.ActiveCfg = Release|Any CPU
		{E91B6495-6794-4280-AD85-D5EE99C9A85F}.Release|x64.Build.0 = Release|Any CPU
		{E91B6495-6794-4280-AD85-D5EE99C9A85F}.Release|x86.ActiveCfg = Release|Any CPU
		{E91B6495-6794-4280-AD85-D5EE99C9A85F}.Release|x86.Build.0 = Release|Any CPU
		{E91B6495-6794-4280-AD85-D5EE99C9A85F}.ReleaseNET40_Only|Any CPU.ActiveCfg = Debug|Any CPU
		{E91B6495-6794-4280-AD85-D5EE99C9A85F}.ReleaseNET40_Only|Any CPU.Build.0 = Debug|Any CPU
		{E91B6495-6794-4280-AD85-D5EE99C9A85F}.ReleaseNET40_Only|x64.ActiveCfg = Debug|Any CPU
		{E91B6495-6794-4280-AD85-D5EE99C9A85F}.ReleaseNET40_Only|x64.Build.0 = Debug|Any CPU
		{E91B6495-6794-4280-AD85-D5EE99C9A85F}.ReleaseNET40_Only|x86.ActiveCfg = Debug|Any CPU
		{E91B6495-6794-4280-AD85-D5EE99C9A85F}.ReleaseNET40_Only|x86.Build.0 = Debug|Any CPU
		{E574CD52-FA52-4B13-90CF-31EDD307753E}.Debug|Any CPU.ActiveCfg = Debug|Any CPU
		{E574CD52-FA52-4B13-90CF-31EDD307753E}.Debug|Any CPU.Build.0 = Debug|Any CPU
		{E574CD52-FA52-4B13-90CF-31EDD307753E}.Debug|x64.ActiveCfg = Debug|Any CPU
		{E574CD52-FA52-4B13-90CF-31EDD307753E}.Debug|x64.Build.0 = Debug|Any CPU
		{E574CD52-FA52-4B13-90CF-31EDD307753E}.Debug|x86.ActiveCfg = Debug|Any CPU
		{E574CD52-FA52-4B13-90CF-31EDD307753E}.Debug|x86.Build.0 = Debug|Any CPU
		{E574CD52-FA52-4B13-90CF-31EDD307753E}.Release|Any CPU.ActiveCfg = Release|Any CPU
		{E574CD52-FA52-4B13-90CF-31EDD307753E}.Release|Any CPU.Build.0 = Release|Any CPU
		{E574CD52-FA52-4B13-90CF-31EDD307753E}.Release|x64.ActiveCfg = Release|Any CPU
		{E574CD52-FA52-4B13-90CF-31EDD307753E}.Release|x64.Build.0 = Release|Any CPU
		{E574CD52-FA52-4B13-90CF-31EDD307753E}.Release|x86.ActiveCfg = Release|Any CPU
		{E574CD52-FA52-4B13-90CF-31EDD307753E}.Release|x86.Build.0 = Release|Any CPU
		{E574CD52-FA52-4B13-90CF-31EDD307753E}.ReleaseNET40_Only|Any CPU.ActiveCfg = Debug|Any CPU
		{E574CD52-FA52-4B13-90CF-31EDD307753E}.ReleaseNET40_Only|Any CPU.Build.0 = Debug|Any CPU
		{E574CD52-FA52-4B13-90CF-31EDD307753E}.ReleaseNET40_Only|x64.ActiveCfg = Debug|Any CPU
		{E574CD52-FA52-4B13-90CF-31EDD307753E}.ReleaseNET40_Only|x64.Build.0 = Debug|Any CPU
		{E574CD52-FA52-4B13-90CF-31EDD307753E}.ReleaseNET40_Only|x86.ActiveCfg = Debug|Any CPU
		{E574CD52-FA52-4B13-90CF-31EDD307753E}.ReleaseNET40_Only|x86.Build.0 = Debug|Any CPU
		{3D2F92C1-BF66-49ED-AD56-FB52150F01BB}.Debug|Any CPU.ActiveCfg = Debug|Any CPU
		{3D2F92C1-BF66-49ED-AD56-FB52150F01BB}.Debug|Any CPU.Build.0 = Debug|Any CPU
		{3D2F92C1-BF66-49ED-AD56-FB52150F01BB}.Debug|x64.ActiveCfg = Debug|Any CPU
		{3D2F92C1-BF66-49ED-AD56-FB52150F01BB}.Debug|x64.Build.0 = Debug|Any CPU
		{3D2F92C1-BF66-49ED-AD56-FB52150F01BB}.Debug|x86.ActiveCfg = Debug|Any CPU
		{3D2F92C1-BF66-49ED-AD56-FB52150F01BB}.Debug|x86.Build.0 = Debug|Any CPU
		{3D2F92C1-BF66-49ED-AD56-FB52150F01BB}.Release|Any CPU.ActiveCfg = Release|Any CPU
		{3D2F92C1-BF66-49ED-AD56-FB52150F01BB}.Release|Any CPU.Build.0 = Release|Any CPU
		{3D2F92C1-BF66-49ED-AD56-FB52150F01BB}.Release|x64.ActiveCfg = Release|Any CPU
		{3D2F92C1-BF66-49ED-AD56-FB52150F01BB}.Release|x64.Build.0 = Release|Any CPU
		{3D2F92C1-BF66-49ED-AD56-FB52150F01BB}.Release|x86.ActiveCfg = Release|Any CPU
		{3D2F92C1-BF66-49ED-AD56-FB52150F01BB}.Release|x86.Build.0 = Release|Any CPU
		{3D2F92C1-BF66-49ED-AD56-FB52150F01BB}.ReleaseNET40_Only|Any CPU.ActiveCfg = Debug|Any CPU
		{3D2F92C1-BF66-49ED-AD56-FB52150F01BB}.ReleaseNET40_Only|Any CPU.Build.0 = Debug|Any CPU
		{3D2F92C1-BF66-49ED-AD56-FB52150F01BB}.ReleaseNET40_Only|x64.ActiveCfg = Debug|Any CPU
		{3D2F92C1-BF66-49ED-AD56-FB52150F01BB}.ReleaseNET40_Only|x64.Build.0 = Debug|Any CPU
		{3D2F92C1-BF66-49ED-AD56-FB52150F01BB}.ReleaseNET40_Only|x86.ActiveCfg = Debug|Any CPU
		{3D2F92C1-BF66-49ED-AD56-FB52150F01BB}.ReleaseNET40_Only|x86.Build.0 = Debug|Any CPU
		{AD508C9F-8B4D-4943-9069-2F9C4F7421A4}.Debug|Any CPU.ActiveCfg = Debug|Any CPU
		{AD508C9F-8B4D-4943-9069-2F9C4F7421A4}.Debug|Any CPU.Build.0 = Debug|Any CPU
		{AD508C9F-8B4D-4943-9069-2F9C4F7421A4}.Debug|x64.ActiveCfg = Debug|Any CPU
		{AD508C9F-8B4D-4943-9069-2F9C4F7421A4}.Debug|x64.Build.0 = Debug|Any CPU
		{AD508C9F-8B4D-4943-9069-2F9C4F7421A4}.Debug|x86.ActiveCfg = Debug|Any CPU
		{AD508C9F-8B4D-4943-9069-2F9C4F7421A4}.Debug|x86.Build.0 = Debug|Any CPU
		{AD508C9F-8B4D-4943-9069-2F9C4F7421A4}.Release|Any CPU.ActiveCfg = Release|Any CPU
		{AD508C9F-8B4D-4943-9069-2F9C4F7421A4}.Release|Any CPU.Build.0 = Release|Any CPU
		{AD508C9F-8B4D-4943-9069-2F9C4F7421A4}.Release|x64.ActiveCfg = Release|Any CPU
		{AD508C9F-8B4D-4943-9069-2F9C4F7421A4}.Release|x64.Build.0 = Release|Any CPU
		{AD508C9F-8B4D-4943-9069-2F9C4F7421A4}.Release|x86.ActiveCfg = Release|Any CPU
		{AD508C9F-8B4D-4943-9069-2F9C4F7421A4}.Release|x86.Build.0 = Release|Any CPU
		{AD508C9F-8B4D-4943-9069-2F9C4F7421A4}.ReleaseNET40_Only|Any CPU.ActiveCfg = Debug|Any CPU
		{AD508C9F-8B4D-4943-9069-2F9C4F7421A4}.ReleaseNET40_Only|Any CPU.Build.0 = Debug|Any CPU
		{AD508C9F-8B4D-4943-9069-2F9C4F7421A4}.ReleaseNET40_Only|x64.ActiveCfg = Debug|Any CPU
		{AD508C9F-8B4D-4943-9069-2F9C4F7421A4}.ReleaseNET40_Only|x64.Build.0 = Debug|Any CPU
		{AD508C9F-8B4D-4943-9069-2F9C4F7421A4}.ReleaseNET40_Only|x86.ActiveCfg = Debug|Any CPU
		{AD508C9F-8B4D-4943-9069-2F9C4F7421A4}.ReleaseNET40_Only|x86.Build.0 = Debug|Any CPU
		{0E201A80-31FF-49D9-B34D-F76635F1C55A}.Debug|Any CPU.ActiveCfg = Debug|Any CPU
		{0E201A80-31FF-49D9-B34D-F76635F1C55A}.Debug|Any CPU.Build.0 = Debug|Any CPU
		{0E201A80-31FF-49D9-B34D-F76635F1C55A}.Debug|x64.ActiveCfg = Debug|Any CPU
		{0E201A80-31FF-49D9-B34D-F76635F1C55A}.Debug|x64.Build.0 = Debug|Any CPU
		{0E201A80-31FF-49D9-B34D-F76635F1C55A}.Debug|x86.ActiveCfg = Debug|Any CPU
		{0E201A80-31FF-49D9-B34D-F76635F1C55A}.Debug|x86.Build.0 = Debug|Any CPU
		{0E201A80-31FF-49D9-B34D-F76635F1C55A}.Release|Any CPU.ActiveCfg = Release|Any CPU
		{0E201A80-31FF-49D9-B34D-F76635F1C55A}.Release|Any CPU.Build.0 = Release|Any CPU
		{0E201A80-31FF-49D9-B34D-F76635F1C55A}.Release|x64.ActiveCfg = Release|Any CPU
		{0E201A80-31FF-49D9-B34D-F76635F1C55A}.Release|x64.Build.0 = Release|Any CPU
		{0E201A80-31FF-49D9-B34D-F76635F1C55A}.Release|x86.ActiveCfg = Release|Any CPU
		{0E201A80-31FF-49D9-B34D-F76635F1C55A}.Release|x86.Build.0 = Release|Any CPU
		{0E201A80-31FF-49D9-B34D-F76635F1C55A}.ReleaseNET40_Only|Any CPU.ActiveCfg = Debug|Any CPU
		{0E201A80-31FF-49D9-B34D-F76635F1C55A}.ReleaseNET40_Only|Any CPU.Build.0 = Debug|Any CPU
		{0E201A80-31FF-49D9-B34D-F76635F1C55A}.ReleaseNET40_Only|x64.ActiveCfg = Debug|Any CPU
		{0E201A80-31FF-49D9-B34D-F76635F1C55A}.ReleaseNET40_Only|x64.Build.0 = Debug|Any CPU
		{0E201A80-31FF-49D9-B34D-F76635F1C55A}.ReleaseNET40_Only|x86.ActiveCfg = Debug|Any CPU
		{0E201A80-31FF-49D9-B34D-F76635F1C55A}.ReleaseNET40_Only|x86.Build.0 = Debug|Any CPU
	EndGlobalSection
	GlobalSection(SolutionProperties) = preSolution
		HideSolutionNode = FALSE
	EndGlobalSection
	GlobalSection(NestedProjects) = preSolution
		{03683DF5-537C-4357-8A70-0DA8EA250059} = {CE67CBBF-87FE-4964-96B0-A5A4DC8E8C6F}
		{096215A4-C9E6-47F8-AC93-BEFD94CA9198} = {CE67CBBF-87FE-4964-96B0-A5A4DC8E8C6F}
		{F88793CF-E3CB-4C1D-9726-15600015FB2B} = {CE67CBBF-87FE-4964-96B0-A5A4DC8E8C6F}
		{97C48287-A8AC-4152-AABC-8B5A87BBA99E} = {CE67CBBF-87FE-4964-96B0-A5A4DC8E8C6F}
		{A6D7FD8F-118A-4C24-8465-DF28F325E2E8} = {CE67CBBF-87FE-4964-96B0-A5A4DC8E8C6F}
		{362A5033-80B9-4FEB-B7E9-1D34B42FA4BE} = {CE67CBBF-87FE-4964-96B0-A5A4DC8E8C6F}
		{EB79F7AD-E760-45AD-87D9-A4E5C7E6859D} = {CE67CBBF-87FE-4964-96B0-A5A4DC8E8C6F}
		{06EE9AE0-7DC9-4BC5-A726-443E80FDC42A} = {CE67CBBF-87FE-4964-96B0-A5A4DC8E8C6F}
		{046C7239-886B-4FBF-8231-49A1E5BBDD40} = {CE67CBBF-87FE-4964-96B0-A5A4DC8E8C6F}
		{F765A8BE-997B-4236-A47C-4B67AE239DD1} = {CE67CBBF-87FE-4964-96B0-A5A4DC8E8C6F}
		{7AB00430-606B-457E-9F2E-EC351A0E5489} = {CE67CBBF-87FE-4964-96B0-A5A4DC8E8C6F}
		{9451614F-CEB2-49EC-9145-C93B976AE21E} = {CE67CBBF-87FE-4964-96B0-A5A4DC8E8C6F}
		{C6B06C78-FACF-4983-81F0-1D13B3981721} = {CE67CBBF-87FE-4964-96B0-A5A4DC8E8C6F}
		{D3678D35-8B1D-43AC-A268-C1B3FC4A54AF} = {CE67CBBF-87FE-4964-96B0-A5A4DC8E8C6F}
		{ADAF1579-8352-4CB1-928C-004419DDF6E7} = {CB410E7E-6D3D-4100-8339-C2C818E12D51}
		{58389C2E-E507-46B0-AB92-57030ED95820} = {CB410E7E-6D3D-4100-8339-C2C818E12D51}
		{0F269365-F28E-4B62-ABDD-B0EC2E42F6E7} = {CB410E7E-6D3D-4100-8339-C2C818E12D51}
		{E91B6495-6794-4280-AD85-D5EE99C9A85F} = {CB410E7E-6D3D-4100-8339-C2C818E12D51}
		{E574CD52-FA52-4B13-90CF-31EDD307753E} = {CB410E7E-6D3D-4100-8339-C2C818E12D51}
		{3D2F92C1-BF66-49ED-AD56-FB52150F01BB} = {CB410E7E-6D3D-4100-8339-C2C818E12D51}
		{AD508C9F-8B4D-4943-9069-2F9C4F7421A4} = {CB410E7E-6D3D-4100-8339-C2C818E12D51}
		{0E201A80-31FF-49D9-B34D-F76635F1C55A} = {CB410E7E-6D3D-4100-8339-C2C818E12D51}
	EndGlobalSection
	GlobalSection(ExtensibilityGlobals) = postSolution
		SolutionGuid = {ECCBA704-EBC2-49C4-8521-486AF157D4B2}
	EndGlobalSection
EndGlobal
