Microsoft Visual Studio Solution File, Format Version 12.00
# Visual Studio 2013
VisualStudioVersion = 12.0.30723.0
MinimumVisualStudioVersion = 10.0.40219.1
Project("{2150E333-8FDC-42A3-9474-1A3956D46DE8}") = "NEsper", "NEsper", "{16AEE05C-3742-489F-B4AE-9C935DC2F250}"
EndProject
Project("{2150E333-8FDC-42A3-9474-1A3956D46DE8}") = "NEsper.IO", "NEsper.IO", "{035E9430-69D3-4E52-A173-F0538CE06CA2}"
EndProject
Project("{FAE04EC0-301F-11D3-BF4B-00C04F79EFBC}") = "NEsper.net40", "NEsper\NEsper\NEsper.net40.csproj", "{8376DC7A-06AC-40F1-9338-9AC5AF788356}"
EndProject
Project("{FAE04EC0-301F-11D3-BF4B-00C04F79EFBC}") = "NEsper.Tests", "NEsper\NEsper.Tests\NEsper.Tests.csproj", "{2CCE8DFE-1ADB-43DF-A473-49330A1E2945}"
EndProject
Project("{FAE04EC0-301F-11D3-BF4B-00C04F79EFBC}") = "NEsper.IO", "NEsper.IO\NEsper.IO\NEsper.IO.csproj", "{6B178E01-D598-4D42-BA2A-B215CC87D85E}"
EndProject
Project("{FAE04EC0-301F-11D3-BF4B-00C04F79EFBC}") = "NEsper.IO.Tests", "NEsper.IO\NEsper.IO.Tests\NEsper.IO.Tests.csproj", "{0B841B70-5026-4CF0-837F-2A356FAE5681}"
EndProject
Project("{FAE04EC0-301F-11D3-BF4B-00C04F79EFBC}") = "NEsper.Scripting.Jurassic", "NEsper\NEsper.Scripting.Jurassic\NEsper.Scripting.Jurassic.csproj", "{57230212-9E7D-4923-9C7F-A9EE2226A676}"
EndProject
Project("{FAE04EC0-301F-11D3-BF4B-00C04F79EFBC}") = "NEsper.Scripting.Noesis", "NEsper\NEsper.Scripting.Noesis\NEsper.Scripting.Noesis.csproj", "{5247FBF4-E8F5-45C7-8038-91B581B308A1}"
EndProject
Project("{2150E333-8FDC-42A3-9474-1A3956D46DE8}") = ".nuget", ".nuget", "{18D87AC3-8AC1-4904-BF7C-5DB7FE9FA6CF}"
	ProjectSection(SolutionItems) = preProject
		.nuget\NuGet.Config = .nuget\NuGet.Config
		.nuget\NuGet.exe = .nuget\NuGet.exe
		.nuget\NuGet.targets = .nuget\NuGet.targets
	EndProjectSection
EndProject
Project("{FAE04EC0-301F-11D3-BF4B-00C04F79EFBC}") = "NEsper.Tests.Runner", "NEsper\NEsper.Tests.Runner\NEsper.Tests.Runner.csproj", "{F1E361CD-06B4-40D5-BE94-608DD61C9409}"
EndProject
Project("{FAE04EC0-301F-11D3-BF4B-00C04F79EFBC}") = "NEsper.net45", "NEsper\NEsper\NEsper.net45.csproj", "{3D317245-CDE5-4E0E-9590-D7CBA2257D9C}"
EndProject
Global
	GlobalSection(SolutionConfigurationPlatforms) = preSolution
		Debug|Any CPU = Debug|Any CPU
		Debug|x64 = Debug|x64
		Debug|x86 = Debug|x86
		Release|Any CPU = Release|Any CPU
		Release|x64 = Release|x64
		Release|x86 = Release|x86
	EndGlobalSection
	GlobalSection(ProjectConfigurationPlatforms) = postSolution
		{8376DC7A-06AC-40F1-9338-9AC5AF788356}.Debug|Any CPU.ActiveCfg = Debug|Any CPU
		{8376DC7A-06AC-40F1-9338-9AC5AF788356}.Debug|Any CPU.Build.0 = Debug|Any CPU
		{8376DC7A-06AC-40F1-9338-9AC5AF788356}.Debug|x64.ActiveCfg = Debug|x64
		{8376DC7A-06AC-40F1-9338-9AC5AF788356}.Debug|x64.Build.0 = Debug|x64
		{8376DC7A-06AC-40F1-9338-9AC5AF788356}.Debug|x86.ActiveCfg = Debug|x86
		{8376DC7A-06AC-40F1-9338-9AC5AF788356}.Debug|x86.Build.0 = Debug|x86
		{8376DC7A-06AC-40F1-9338-9AC5AF788356}.Release|Any CPU.ActiveCfg = Release|Any CPU
		{8376DC7A-06AC-40F1-9338-9AC5AF788356}.Release|Any CPU.Build.0 = Release|Any CPU
		{8376DC7A-06AC-40F1-9338-9AC5AF788356}.Release|x64.ActiveCfg = Release|x64
		{8376DC7A-06AC-40F1-9338-9AC5AF788356}.Release|x64.Build.0 = Release|x64
		{8376DC7A-06AC-40F1-9338-9AC5AF788356}.Release|x86.ActiveCfg = Release|x86
		{8376DC7A-06AC-40F1-9338-9AC5AF788356}.Release|x86.Build.0 = Release|x86
		{2CCE8DFE-1ADB-43DF-A473-49330A1E2945}.Debug|Any CPU.ActiveCfg = Debug|Any CPU
		{2CCE8DFE-1ADB-43DF-A473-49330A1E2945}.Debug|Any CPU.Build.0 = Debug|Any CPU
		{2CCE8DFE-1ADB-43DF-A473-49330A1E2945}.Debug|x64.ActiveCfg = Debug|x64
		{2CCE8DFE-1ADB-43DF-A473-49330A1E2945}.Debug|x64.Build.0 = Debug|x64
		{2CCE8DFE-1ADB-43DF-A473-49330A1E2945}.Debug|x86.ActiveCfg = Debug|x86
		{2CCE8DFE-1ADB-43DF-A473-49330A1E2945}.Debug|x86.Build.0 = Debug|x86
		{2CCE8DFE-1ADB-43DF-A473-49330A1E2945}.Release|Any CPU.ActiveCfg = Release|Any CPU
		{2CCE8DFE-1ADB-43DF-A473-49330A1E2945}.Release|Any CPU.Build.0 = Release|Any CPU
		{2CCE8DFE-1ADB-43DF-A473-49330A1E2945}.Release|x64.ActiveCfg = Release|x64
		{2CCE8DFE-1ADB-43DF-A473-49330A1E2945}.Release|x64.Build.0 = Release|x64
		{2CCE8DFE-1ADB-43DF-A473-49330A1E2945}.Release|x86.ActiveCfg = Release|x86
		{2CCE8DFE-1ADB-43DF-A473-49330A1E2945}.Release|x86.Build.0 = Release|x86
		{6B178E01-D598-4D42-BA2A-B215CC87D85E}.Debug|Any CPU.ActiveCfg = Debug|Any CPU
		{6B178E01-D598-4D42-BA2A-B215CC87D85E}.Debug|Any CPU.Build.0 = Debug|Any CPU
		{6B178E01-D598-4D42-BA2A-B215CC87D85E}.Debug|x64.ActiveCfg = Debug|x64
		{6B178E01-D598-4D42-BA2A-B215CC87D85E}.Debug|x64.Build.0 = Debug|x64
		{6B178E01-D598-4D42-BA2A-B215CC87D85E}.Debug|x86.ActiveCfg = Debug|x86
		{6B178E01-D598-4D42-BA2A-B215CC87D85E}.Debug|x86.Build.0 = Debug|x86
		{6B178E01-D598-4D42-BA2A-B215CC87D85E}.Release|Any CPU.ActiveCfg = Release|Any CPU
		{6B178E01-D598-4D42-BA2A-B215CC87D85E}.Release|Any CPU.Build.0 = Release|Any CPU
		{6B178E01-D598-4D42-BA2A-B215CC87D85E}.Release|x64.ActiveCfg = Release|x64
		{6B178E01-D598-4D42-BA2A-B215CC87D85E}.Release|x64.Build.0 = Release|x64
		{6B178E01-D598-4D42-BA2A-B215CC87D85E}.Release|x86.ActiveCfg = Release|x86
		{6B178E01-D598-4D42-BA2A-B215CC87D85E}.Release|x86.Build.0 = Release|x86
		{0B841B70-5026-4CF0-837F-2A356FAE5681}.Debug|Any CPU.ActiveCfg = Debug|Any CPU
		{0B841B70-5026-4CF0-837F-2A356FAE5681}.Debug|Any CPU.Build.0 = Debug|Any CPU
		{0B841B70-5026-4CF0-837F-2A356FAE5681}.Debug|x64.ActiveCfg = Debug|x64
		{0B841B70-5026-4CF0-837F-2A356FAE5681}.Debug|x64.Build.0 = Debug|x64
		{0B841B70-5026-4CF0-837F-2A356FAE5681}.Debug|x86.ActiveCfg = Debug|x86
		{0B841B70-5026-4CF0-837F-2A356FAE5681}.Debug|x86.Build.0 = Debug|x86
		{0B841B70-5026-4CF0-837F-2A356FAE5681}.Release|Any CPU.ActiveCfg = Release|Any CPU
		{0B841B70-5026-4CF0-837F-2A356FAE5681}.Release|Any CPU.Build.0 = Release|Any CPU
		{0B841B70-5026-4CF0-837F-2A356FAE5681}.Release|x64.ActiveCfg = Release|x64
		{0B841B70-5026-4CF0-837F-2A356FAE5681}.Release|x64.Build.0 = Release|x64
		{0B841B70-5026-4CF0-837F-2A356FAE5681}.Release|x86.ActiveCfg = Release|x86
		{0B841B70-5026-4CF0-837F-2A356FAE5681}.Release|x86.Build.0 = Release|x86
		{57230212-9E7D-4923-9C7F-A9EE2226A676}.Debug|Any CPU.ActiveCfg = Debug|Any CPU
		{57230212-9E7D-4923-9C7F-A9EE2226A676}.Debug|Any CPU.Build.0 = Debug|Any CPU
		{57230212-9E7D-4923-9C7F-A9EE2226A676}.Debug|x64.ActiveCfg = Debug|x64
		{57230212-9E7D-4923-9C7F-A9EE2226A676}.Debug|x64.Build.0 = Debug|x64
		{57230212-9E7D-4923-9C7F-A9EE2226A676}.Debug|x86.ActiveCfg = Debug|x86
		{57230212-9E7D-4923-9C7F-A9EE2226A676}.Debug|x86.Build.0 = Debug|x86
		{57230212-9E7D-4923-9C7F-A9EE2226A676}.Release|Any CPU.ActiveCfg = Release|Any CPU
		{57230212-9E7D-4923-9C7F-A9EE2226A676}.Release|Any CPU.Build.0 = Release|Any CPU
		{57230212-9E7D-4923-9C7F-A9EE2226A676}.Release|x64.ActiveCfg = Release|x64
		{57230212-9E7D-4923-9C7F-A9EE2226A676}.Release|x64.Build.0 = Release|x64
		{57230212-9E7D-4923-9C7F-A9EE2226A676}.Release|x86.ActiveCfg = Release|x86
		{57230212-9E7D-4923-9C7F-A9EE2226A676}.Release|x86.Build.0 = Release|x86
		{5247FBF4-E8F5-45C7-8038-91B581B308A1}.Debug|Any CPU.ActiveCfg = Debug|Any CPU
		{5247FBF4-E8F5-45C7-8038-91B581B308A1}.Debug|Any CPU.Build.0 = Debug|Any CPU
		{5247FBF4-E8F5-45C7-8038-91B581B308A1}.Debug|x64.ActiveCfg = Debug|x64
		{5247FBF4-E8F5-45C7-8038-91B581B308A1}.Debug|x64.Build.0 = Debug|x64
		{5247FBF4-E8F5-45C7-8038-91B581B308A1}.Debug|x86.ActiveCfg = Debug|x86
		{5247FBF4-E8F5-45C7-8038-91B581B308A1}.Debug|x86.Build.0 = Debug|x86
		{5247FBF4-E8F5-45C7-8038-91B581B308A1}.Release|Any CPU.ActiveCfg = Release|Any CPU
		{5247FBF4-E8F5-45C7-8038-91B581B308A1}.Release|Any CPU.Build.0 = Release|Any CPU
		{5247FBF4-E8F5-45C7-8038-91B581B308A1}.Release|x64.ActiveCfg = Release|x64
		{5247FBF4-E8F5-45C7-8038-91B581B308A1}.Release|x64.Build.0 = Release|x64
		{5247FBF4-E8F5-45C7-8038-91B581B308A1}.Release|x86.ActiveCfg = Release|x86
		{5247FBF4-E8F5-45C7-8038-91B581B308A1}.Release|x86.Build.0 = Release|x86
		{F1E361CD-06B4-40D5-BE94-608DD61C9409}.Debug|Any CPU.ActiveCfg = Debug|Any CPU
		{F1E361CD-06B4-40D5-BE94-608DD61C9409}.Debug|Any CPU.Build.0 = Debug|Any CPU
		{F1E361CD-06B4-40D5-BE94-608DD61C9409}.Debug|x64.ActiveCfg = Debug|x64
		{F1E361CD-06B4-40D5-BE94-608DD61C9409}.Debug|x64.Build.0 = Debug|x64
		{F1E361CD-06B4-40D5-BE94-608DD61C9409}.Debug|x86.ActiveCfg = Debug|x86
		{F1E361CD-06B4-40D5-BE94-608DD61C9409}.Debug|x86.Build.0 = Debug|x86
		{F1E361CD-06B4-40D5-BE94-608DD61C9409}.Release|Any CPU.ActiveCfg = Release|Any CPU
		{F1E361CD-06B4-40D5-BE94-608DD61C9409}.Release|Any CPU.Build.0 = Release|Any CPU
		{F1E361CD-06B4-40D5-BE94-608DD61C9409}.Release|x64.ActiveCfg = Release|x64
		{F1E361CD-06B4-40D5-BE94-608DD61C9409}.Release|x86.ActiveCfg = Release|x86
		{F1E361CD-06B4-40D5-BE94-608DD61C9409}.Release|x86.Build.0 = Release|x86
		{3D317245-CDE5-4E0E-9590-D7CBA2257D9C}.Debug|Any CPU.ActiveCfg = Debug|Any CPU
		{3D317245-CDE5-4E0E-9590-D7CBA2257D9C}.Debug|Any CPU.Build.0 = Debug|Any CPU
		{3D317245-CDE5-4E0E-9590-D7CBA2257D9C}.Debug|x64.ActiveCfg = Debug|x64
		{3D317245-CDE5-4E0E-9590-D7CBA2257D9C}.Debug|x64.Build.0 = Debug|x64
		{3D317245-CDE5-4E0E-9590-D7CBA2257D9C}.Debug|x86.ActiveCfg = Debug|x86
		{3D317245-CDE5-4E0E-9590-D7CBA2257D9C}.Debug|x86.Build.0 = Debug|x86
		{3D317245-CDE5-4E0E-9590-D7CBA2257D9C}.Release|Any CPU.ActiveCfg = Release|Any CPU
		{3D317245-CDE5-4E0E-9590-D7CBA2257D9C}.Release|Any CPU.Build.0 = Release|Any CPU
		{3D317245-CDE5-4E0E-9590-D7CBA2257D9C}.Release|x64.ActiveCfg = Release|x64
		{3D317245-CDE5-4E0E-9590-D7CBA2257D9C}.Release|x64.Build.0 = Release|x64
		{3D317245-CDE5-4E0E-9590-D7CBA2257D9C}.Release|x86.ActiveCfg = Release|x86
		{3D317245-CDE5-4E0E-9590-D7CBA2257D9C}.Release|x86.Build.0 = Release|x86
	EndGlobalSection
	GlobalSection(SolutionProperties) = preSolution
		HideSolutionNode = FALSE
	EndGlobalSection
	GlobalSection(NestedProjects) = preSolution
		{8376DC7A-06AC-40F1-9338-9AC5AF788356} = {16AEE05C-3742-489F-B4AE-9C935DC2F250}
		{2CCE8DFE-1ADB-43DF-A473-49330A1E2945} = {16AEE05C-3742-489F-B4AE-9C935DC2F250}
		{6B178E01-D598-4D42-BA2A-B215CC87D85E} = {035E9430-69D3-4E52-A173-F0538CE06CA2}
		{0B841B70-5026-4CF0-837F-2A356FAE5681} = {035E9430-69D3-4E52-A173-F0538CE06CA2}
		{57230212-9E7D-4923-9C7F-A9EE2226A676} = {16AEE05C-3742-489F-B4AE-9C935DC2F250}
		{5247FBF4-E8F5-45C7-8038-91B581B308A1} = {16AEE05C-3742-489F-B4AE-9C935DC2F250}
		{F1E361CD-06B4-40D5-BE94-608DD61C9409} = {16AEE05C-3742-489F-B4AE-9C935DC2F250}
		{3D317245-CDE5-4E0E-9590-D7CBA2257D9C} = {16AEE05C-3742-489F-B4AE-9C935DC2F250}
	EndGlobalSection
EndGlobal
