
Microsoft Visual Studio Solution File, Format Version 12.00
# Visual Studio 15
VisualStudioVersion = 15.0.26730.10
MinimumVisualStudioVersion = 10.0.40219.1
Project("{2150E333-8FDC-42A3-9474-1A3956D46DE8}") = "Benchmarks", "Benchmarks", "{DFF9AF3D-4892-4701-BB83-658BDFFCF0D7}"
EndProject
Project("{2150E333-8FDC-42A3-9474-1A3956D46DE8}") = "Examples", "Examples", "{B05ADF0A-D179-43EB-957E-2026918BE467}"
EndProject
Project("{2150E333-8FDC-42A3-9474-1A3956D46DE8}") = "NEsper", "NEsper", "{191E0D1C-9A3F-47EF-9DFA-FD9A1EAAF005}"
EndProject
Project("{2150E333-8FDC-42A3-9474-1A3956D46DE8}") = "NEsper.IO", "NEsper.IO", "{ECDE4178-802E-49E1-A93B-86AF575DF1BA}"
EndProject
Project("{9A19103F-16F7-4668-BE54-9A1E7A4F7556}") = "NEsper.Tests", "NEsper\NEsper.Tests\NEsper.Tests.csproj", "{2CCE8DFE-1ADB-43DF-A473-49330A1E2945}"
EndProject
Project("{9A19103F-16F7-4668-BE54-9A1E7A4F7556}") = "NEsper.IO", "NEsper.IO\NEsper.IO\NEsper.IO.csproj", "{6B178E01-D598-4D42-BA2A-B215CC87D85E}"
EndProject
Project("{9A19103F-16F7-4668-BE54-9A1E7A4F7556}") = "NEsper.IO.Tests", "NEsper.IO\NEsper.IO.Tests\NEsper.IO.Tests.csproj", "{0B841B70-5026-4CF0-837F-2A356FAE5681}"
EndProject
Project("{9A19103F-16F7-4668-BE54-9A1E7A4F7556}") = "NEsper.Benchmark.Common", "NEsper\NEsper.Benchmark\NEsper.Benchmark.Common\NEsper.Benchmark.Common.csproj", "{2F3B9DDE-42E8-4AE3-A6F9-114CCEE291E2}"
EndProject
Project("{9A19103F-16F7-4668-BE54-9A1E7A4F7556}") = "NEsper.Benchmark.Stats", "NEsper\NEsper.Benchmark\NEsper.Benchmark.Stats\NEsper.Benchmark.Stats.csproj", "{2F058CD1-29C1-4BF4-ABF9-2B0C8FBA87E5}"
EndProject
Project("{9A19103F-16F7-4668-BE54-9A1E7A4F7556}") = "NEsper.Benchmark.Server", "NEsper\NEsper.Benchmark\NEsper.Benchmark.Server\NEsper.Benchmark.Server.csproj", "{536BB13B-1300-443C-AB20-CEE5E2D38C7D}"
EndProject
Project("{9A19103F-16F7-4668-BE54-9A1E7A4F7556}") = "NEsper.Benchmark.Client", "NEsper\NEsper.Benchmark\NEsper.Benchmark.Client\NEsper.Benchmark.Client.csproj", "{E24E16AE-6279-4F68-A435-1F6FB65E60D5}"
EndProject
Project("{9A19103F-16F7-4668-BE54-9A1E7A4F7556}") = "NEsper.Examples.ATM", "NEsper\NEsper.Examples\example\atm\NEsper.Examples.ATM.csproj", "{E756EEFE-E348-42FC-9549-775F38E5FBC1}"
EndProject
Project("{9A19103F-16F7-4668-BE54-9A1E7A4F7556}") = "NEsper.Examples.MarketDataFeed", "NEsper\NEsper.Examples\example\marketdatafeed\NEsper.Examples.MarketDataFeed.csproj", "{01373FE7-23F0-45C3-8EB5-E350CC6D001D}"
EndProject
Project("{9A19103F-16F7-4668-BE54-9A1E7A4F7556}") = "NEsper.Examples.AutoId", "NEsper\NEsper.Examples\example\autoid\NEsper.Examples.AutoId.csproj", "{C7432B0B-7A3B-4E44-ABCB-63658061DDE3}"
EndProject
Project("{9A19103F-16F7-4668-BE54-9A1E7A4F7556}") = "NEsper.Examples.FeedExample", "NEsper\NEsper.Examples\example\feedexample\NEsper.Examples.FeedExample.csproj", "{E8705ED8-B0DB-47AC-837F-F975802F6F93}"
EndProject
Project("{9A19103F-16F7-4668-BE54-9A1E7A4F7556}") = "NEsper.Examples.MatchMaker", "NEsper\NEsper.Examples\example\matchmaker\NEsper.Examples.MatchMaker.csproj", "{EAC62603-C6BC-46E8-9CDF-06F1374370EF}"
EndProject
Project("{9A19103F-16F7-4668-BE54-9A1E7A4F7556}") = "NEsper.Examples.QoS_SLA", "NEsper\NEsper.Examples\example\qos_sla\NEsper.Examples.QoS_SLA.csproj", "{031F8115-AC13-48E5-BF75-93B70CFB4310}"
EndProject
Project("{9A19103F-16F7-4668-BE54-9A1E7A4F7556}") = "NEsper.Examples.RSI", "NEsper\NEsper.Examples\example\rsi\NEsper.Examples.RSI.csproj", "{67B0CA47-A7A6-488B-9753-8F947AE65896}"
EndProject
Project("{9A19103F-16F7-4668-BE54-9A1E7A4F7556}") = "NEsper.Examples.StockTicker", "NEsper\NEsper.Examples\example\stockticker\NEsper.Examples.StockTicker.csproj", "{2A28857D-1A87-4D76-9F68-189E3BAF3860}"
EndProject
Project("{9A19103F-16F7-4668-BE54-9A1E7A4F7556}") = "NEsper.Examples.Transaction", "NEsper\NEsper.Examples\example\transaction\NEsper.Examples.Transaction.csproj", "{168B2482-4D0D-4450-A3F5-C57B87B830DF}"
EndProject
Project("{9A19103F-16F7-4668-BE54-9A1E7A4F7556}") = "NEsper.Examples.Support", "NEsper\NEsper.Examples\support\NEsper.Examples.Support.csproj", "{AEFD1517-078A-4A7F-8096-CE007C104189}"
EndProject
Project("{9A19103F-16F7-4668-BE54-9A1E7A4F7556}") = "NEsper.Examples.NamedWindowQuery", "NEsper\NEsper.Examples\example\NEsper.Examples.NamedWindowQuery\NEsper.Examples.NamedWindowQuery.csproj", "{2423FCAE-5637-448E-A63F-936658B81538}"
EndProject
Project("{9A19103F-16F7-4668-BE54-9A1E7A4F7556}") = "NEsper.Benchmark.Perforator", "NEsper\NEsper.Benchmark\NEsper.Benchmark.Perforator\NEsper.Benchmark.Perforator.csproj", "{4AF7DA22-91BB-428E-B991-B9B8C16FBEFF}"
EndProject
Project("{9A19103F-16F7-4668-BE54-9A1E7A4F7556}") = "NEsper.Examples.MSMQ", "NEsper\NEsper.Examples\example\NEsper.Examples.MSMQ\NEsper.Examples.MSMQ.csproj", "{78109F92-FE71-4F32-868E-BEDE1E6626F9}"
EndProject
Project("{9A19103F-16F7-4668-BE54-9A1E7A4F7556}") = "NEsper.Examples.VirtualDW", "NEsper\NEsper.Examples\example\NEsper.Examples.VirtualDW\NEsper.Examples.VirtualDW.csproj", "{BA8E8BEA-3DA4-4CFC-BB3D-0261554F50C5}"
EndProject
Project("{9A19103F-16F7-4668-BE54-9A1E7A4F7556}") = "NEsper.Scripting.Jurassic", "NEsper\NEsper.Scripting.Jurassic\NEsper.Scripting.Jurassic.csproj", "{57230212-9E7D-4923-9C7F-A9EE2226A676}"
EndProject
Project("{9A19103F-16F7-4668-BE54-9A1E7A4F7556}") = "NEsper.Scripting.ClearScript", "NEsper\NEsper.Scripting.ClearScript\NEsper.Scripting.ClearScript.csproj", "{C3E171D1-9C94-4E1C-8763-0648AF65BE96}"
EndProject
Project("{9A19103F-16F7-4668-BE54-9A1E7A4F7556}") = "NEsper", "NEsper\NEsper\NEsper.csproj", "{3D317245-CDE5-4E0E-9590-D7CBA2257D9C}"
EndProject
Project("{9A19103F-16F7-4668-BE54-9A1E7A4F7556}") = "NEsper.Regression", "NEsper\NEsper.Regression\NEsper.Regression.csproj", "{5150EEB5-2287-4723-92B0-4CB1232BD2CE}"
EndProject
Project("{9A19103F-16F7-4668-BE54-9A1E7A4F7556}") = "NEsper.Avro", "NEsper.Avro\NEsper.Avro.csproj", "{FF1F81C2-1E8F-44DA-A659-710C4A65A234}"
EndProject
Project("{9A19103F-16F7-4668-BE54-9A1E7A4F7556}") = "NEsper.Data.PgSQL", "NEsper\NEsper.Data.PgSQL\NEsper.Data.PgSQL.csproj", "{32131BFB-2CDB-427C-B86F-3362D64ACCC4}"
EndProject
Project("{9A19103F-16F7-4668-BE54-9A1E7A4F7556}") = "NEsper.Data.MySQL", "NEsper\NEsper.Data.MySQL\NEsper.Data.MySQL.csproj", "{9CFA5D26-4202-41EC-B17C-D3F4148F7C62}"
EndProject
Project("{9A19103F-16F7-4668-BE54-9A1E7A4F7556}") = "NEsper.Data.SQLite", "NEsper\NEsper.Data.SQLite\NEsper.Data.SQLite.csproj", "{F37292F8-1433-432E-A0E2-A3E71DDA94EC}"
EndProject
Project("{FAE04EC0-301F-11D3-BF4B-00C04F79EFBC}") = "NEsper.Log.NLog", "NEsper\NEsper.Log.NLog\NEsper.Log.NLog.csproj", "{C4476B1F-1EF4-4B1C-96F1-20FC0E5AEC13}"
EndProject
Global
	GlobalSection(SolutionConfigurationPlatforms) = preSolution
		Debug|Any CPU = Debug|Any CPU
		Debug|x64 = Debug|x64
		Debug|x86 = Debug|x86
		Release|Any CPU = Release|Any CPU
		Release|x64 = Release|x64
		Release|x86 = Release|x86
	EndGlobalSection
	GlobalSection(ProjectConfigurationPlatforms) = postSolution
		{2CCE8DFE-1ADB-43DF-A473-49330A1E2945}.Debug|Any CPU.ActiveCfg = Debug|Any CPU
		{2CCE8DFE-1ADB-43DF-A473-49330A1E2945}.Debug|Any CPU.Build.0 = Debug|Any CPU
		{2CCE8DFE-1ADB-43DF-A473-49330A1E2945}.Debug|x64.ActiveCfg = Debug|Any CPU
		{2CCE8DFE-1ADB-43DF-A473-49330A1E2945}.Debug|x64.Build.0 = Debug|Any CPU
		{2CCE8DFE-1ADB-43DF-A473-49330A1E2945}.Debug|x86.ActiveCfg = Debug|Any CPU
		{2CCE8DFE-1ADB-43DF-A473-49330A1E2945}.Debug|x86.Build.0 = Debug|Any CPU
		{2CCE8DFE-1ADB-43DF-A473-49330A1E2945}.Release|Any CPU.ActiveCfg = Release|Any CPU
		{2CCE8DFE-1ADB-43DF-A473-49330A1E2945}.Release|Any CPU.Build.0 = Release|Any CPU
		{2CCE8DFE-1ADB-43DF-A473-49330A1E2945}.Release|x64.ActiveCfg = Release|Any CPU
		{2CCE8DFE-1ADB-43DF-A473-49330A1E2945}.Release|x64.Build.0 = Release|Any CPU
		{2CCE8DFE-1ADB-43DF-A473-49330A1E2945}.Release|x86.ActiveCfg = Release|Any CPU
		{2CCE8DFE-1ADB-43DF-A473-49330A1E2945}.Release|x86.Build.0 = Release|Any CPU
		{6B178E01-D598-4D42-BA2A-B215CC87D85E}.Debug|Any CPU.ActiveCfg = Debug|Any CPU
		{6B178E01-D598-4D42-BA2A-B215CC87D85E}.Debug|Any CPU.Build.0 = Debug|Any CPU
		{6B178E01-D598-4D42-BA2A-B215CC87D85E}.Debug|x64.ActiveCfg = Debug|Any CPU
		{6B178E01-D598-4D42-BA2A-B215CC87D85E}.Debug|x64.Build.0 = Debug|Any CPU
		{6B178E01-D598-4D42-BA2A-B215CC87D85E}.Debug|x86.ActiveCfg = Debug|Any CPU
		{6B178E01-D598-4D42-BA2A-B215CC87D85E}.Debug|x86.Build.0 = Debug|Any CPU
		{6B178E01-D598-4D42-BA2A-B215CC87D85E}.Release|Any CPU.ActiveCfg = Release|Any CPU
		{6B178E01-D598-4D42-BA2A-B215CC87D85E}.Release|Any CPU.Build.0 = Release|Any CPU
		{6B178E01-D598-4D42-BA2A-B215CC87D85E}.Release|x64.ActiveCfg = Release|Any CPU
		{6B178E01-D598-4D42-BA2A-B215CC87D85E}.Release|x64.Build.0 = Release|Any CPU
		{6B178E01-D598-4D42-BA2A-B215CC87D85E}.Release|x86.ActiveCfg = Release|Any CPU
		{6B178E01-D598-4D42-BA2A-B215CC87D85E}.Release|x86.Build.0 = Release|Any CPU
		{0B841B70-5026-4CF0-837F-2A356FAE5681}.Debug|Any CPU.ActiveCfg = Debug|Any CPU
		{0B841B70-5026-4CF0-837F-2A356FAE5681}.Debug|Any CPU.Build.0 = Debug|Any CPU
		{0B841B70-5026-4CF0-837F-2A356FAE5681}.Debug|x64.ActiveCfg = Debug|Any CPU
		{0B841B70-5026-4CF0-837F-2A356FAE5681}.Debug|x64.Build.0 = Debug|Any CPU
		{0B841B70-5026-4CF0-837F-2A356FAE5681}.Debug|x86.ActiveCfg = Debug|Any CPU
		{0B841B70-5026-4CF0-837F-2A356FAE5681}.Debug|x86.Build.0 = Debug|Any CPU
		{0B841B70-5026-4CF0-837F-2A356FAE5681}.Release|Any CPU.ActiveCfg = Release|Any CPU
		{0B841B70-5026-4CF0-837F-2A356FAE5681}.Release|Any CPU.Build.0 = Release|Any CPU
		{0B841B70-5026-4CF0-837F-2A356FAE5681}.Release|x64.ActiveCfg = Release|Any CPU
		{0B841B70-5026-4CF0-837F-2A356FAE5681}.Release|x64.Build.0 = Release|Any CPU
		{0B841B70-5026-4CF0-837F-2A356FAE5681}.Release|x86.ActiveCfg = Release|Any CPU
		{0B841B70-5026-4CF0-837F-2A356FAE5681}.Release|x86.Build.0 = Release|Any CPU
		{2F3B9DDE-42E8-4AE3-A6F9-114CCEE291E2}.Debug|Any CPU.ActiveCfg = Debug|Any CPU
		{2F3B9DDE-42E8-4AE3-A6F9-114CCEE291E2}.Debug|Any CPU.Build.0 = Debug|Any CPU
		{2F3B9DDE-42E8-4AE3-A6F9-114CCEE291E2}.Debug|x64.ActiveCfg = Debug|Any CPU
		{2F3B9DDE-42E8-4AE3-A6F9-114CCEE291E2}.Debug|x64.Build.0 = Debug|Any CPU
		{2F3B9DDE-42E8-4AE3-A6F9-114CCEE291E2}.Debug|x86.ActiveCfg = Debug|Any CPU
		{2F3B9DDE-42E8-4AE3-A6F9-114CCEE291E2}.Debug|x86.Build.0 = Debug|Any CPU
		{2F3B9DDE-42E8-4AE3-A6F9-114CCEE291E2}.Release|Any CPU.ActiveCfg = Release|Any CPU
		{2F3B9DDE-42E8-4AE3-A6F9-114CCEE291E2}.Release|Any CPU.Build.0 = Release|Any CPU
		{2F3B9DDE-42E8-4AE3-A6F9-114CCEE291E2}.Release|x64.ActiveCfg = Release|Any CPU
		{2F3B9DDE-42E8-4AE3-A6F9-114CCEE291E2}.Release|x64.Build.0 = Release|Any CPU
		{2F3B9DDE-42E8-4AE3-A6F9-114CCEE291E2}.Release|x86.ActiveCfg = Release|Any CPU
		{2F3B9DDE-42E8-4AE3-A6F9-114CCEE291E2}.Release|x86.Build.0 = Release|Any CPU
		{2F058CD1-29C1-4BF4-ABF9-2B0C8FBA87E5}.Debug|Any CPU.ActiveCfg = Debug|Any CPU
		{2F058CD1-29C1-4BF4-ABF9-2B0C8FBA87E5}.Debug|Any CPU.Build.0 = Debug|Any CPU
		{2F058CD1-29C1-4BF4-ABF9-2B0C8FBA87E5}.Debug|x64.ActiveCfg = Debug|Any CPU
		{2F058CD1-29C1-4BF4-ABF9-2B0C8FBA87E5}.Debug|x64.Build.0 = Debug|Any CPU
		{2F058CD1-29C1-4BF4-ABF9-2B0C8FBA87E5}.Debug|x86.ActiveCfg = Debug|Any CPU
		{2F058CD1-29C1-4BF4-ABF9-2B0C8FBA87E5}.Debug|x86.Build.0 = Debug|Any CPU
		{2F058CD1-29C1-4BF4-ABF9-2B0C8FBA87E5}.Release|Any CPU.ActiveCfg = Release|Any CPU
		{2F058CD1-29C1-4BF4-ABF9-2B0C8FBA87E5}.Release|Any CPU.Build.0 = Release|Any CPU
		{2F058CD1-29C1-4BF4-ABF9-2B0C8FBA87E5}.Release|x64.ActiveCfg = Release|Any CPU
		{2F058CD1-29C1-4BF4-ABF9-2B0C8FBA87E5}.Release|x64.Build.0 = Release|Any CPU
		{2F058CD1-29C1-4BF4-ABF9-2B0C8FBA87E5}.Release|x86.ActiveCfg = Release|Any CPU
		{2F058CD1-29C1-4BF4-ABF9-2B0C8FBA87E5}.Release|x86.Build.0 = Release|Any CPU
		{536BB13B-1300-443C-AB20-CEE5E2D38C7D}.Debug|Any CPU.ActiveCfg = Debug|Any CPU
		{536BB13B-1300-443C-AB20-CEE5E2D38C7D}.Debug|Any CPU.Build.0 = Debug|Any CPU
		{536BB13B-1300-443C-AB20-CEE5E2D38C7D}.Debug|x64.ActiveCfg = Debug|Any CPU
		{536BB13B-1300-443C-AB20-CEE5E2D38C7D}.Debug|x64.Build.0 = Debug|Any CPU
		{536BB13B-1300-443C-AB20-CEE5E2D38C7D}.Debug|x86.ActiveCfg = Debug|Any CPU
		{536BB13B-1300-443C-AB20-CEE5E2D38C7D}.Debug|x86.Build.0 = Debug|Any CPU
		{536BB13B-1300-443C-AB20-CEE5E2D38C7D}.Release|Any CPU.ActiveCfg = Release|Any CPU
		{536BB13B-1300-443C-AB20-CEE5E2D38C7D}.Release|Any CPU.Build.0 = Release|Any CPU
		{536BB13B-1300-443C-AB20-CEE5E2D38C7D}.Release|x64.ActiveCfg = Release|Any CPU
		{536BB13B-1300-443C-AB20-CEE5E2D38C7D}.Release|x64.Build.0 = Release|Any CPU
		{536BB13B-1300-443C-AB20-CEE5E2D38C7D}.Release|x86.ActiveCfg = Release|Any CPU
		{536BB13B-1300-443C-AB20-CEE5E2D38C7D}.Release|x86.Build.0 = Release|Any CPU
		{E24E16AE-6279-4F68-A435-1F6FB65E60D5}.Debug|Any CPU.ActiveCfg = Debug|Any CPU
		{E24E16AE-6279-4F68-A435-1F6FB65E60D5}.Debug|Any CPU.Build.0 = Debug|Any CPU
		{E24E16AE-6279-4F68-A435-1F6FB65E60D5}.Debug|x64.ActiveCfg = Debug|Any CPU
		{E24E16AE-6279-4F68-A435-1F6FB65E60D5}.Debug|x64.Build.0 = Debug|Any CPU
		{E24E16AE-6279-4F68-A435-1F6FB65E60D5}.Debug|x86.ActiveCfg = Debug|Any CPU
		{E24E16AE-6279-4F68-A435-1F6FB65E60D5}.Debug|x86.Build.0 = Debug|Any CPU
		{E24E16AE-6279-4F68-A435-1F6FB65E60D5}.Release|Any CPU.ActiveCfg = Release|Any CPU
		{E24E16AE-6279-4F68-A435-1F6FB65E60D5}.Release|Any CPU.Build.0 = Release|Any CPU
		{E24E16AE-6279-4F68-A435-1F6FB65E60D5}.Release|x64.ActiveCfg = Release|Any CPU
		{E24E16AE-6279-4F68-A435-1F6FB65E60D5}.Release|x64.Build.0 = Release|Any CPU
		{E24E16AE-6279-4F68-A435-1F6FB65E60D5}.Release|x86.ActiveCfg = Release|Any CPU
		{E24E16AE-6279-4F68-A435-1F6FB65E60D5}.Release|x86.Build.0 = Release|Any CPU
		{E756EEFE-E348-42FC-9549-775F38E5FBC1}.Debug|Any CPU.ActiveCfg = Debug|Any CPU
		{E756EEFE-E348-42FC-9549-775F38E5FBC1}.Debug|Any CPU.Build.0 = Debug|Any CPU
		{E756EEFE-E348-42FC-9549-775F38E5FBC1}.Debug|x64.ActiveCfg = Debug|Any CPU
		{E756EEFE-E348-42FC-9549-775F38E5FBC1}.Debug|x64.Build.0 = Debug|Any CPU
		{E756EEFE-E348-42FC-9549-775F38E5FBC1}.Debug|x86.ActiveCfg = Debug|Any CPU
		{E756EEFE-E348-42FC-9549-775F38E5FBC1}.Debug|x86.Build.0 = Debug|Any CPU
		{E756EEFE-E348-42FC-9549-775F38E5FBC1}.Release|Any CPU.ActiveCfg = Release|Any CPU
		{E756EEFE-E348-42FC-9549-775F38E5FBC1}.Release|Any CPU.Build.0 = Release|Any CPU
		{E756EEFE-E348-42FC-9549-775F38E5FBC1}.Release|x64.ActiveCfg = Release|Any CPU
		{E756EEFE-E348-42FC-9549-775F38E5FBC1}.Release|x64.Build.0 = Release|Any CPU
		{E756EEFE-E348-42FC-9549-775F38E5FBC1}.Release|x86.ActiveCfg = Release|Any CPU
		{E756EEFE-E348-42FC-9549-775F38E5FBC1}.Release|x86.Build.0 = Release|Any CPU
		{01373FE7-23F0-45C3-8EB5-E350CC6D001D}.Debug|Any CPU.ActiveCfg = Debug|Any CPU
		{01373FE7-23F0-45C3-8EB5-E350CC6D001D}.Debug|Any CPU.Build.0 = Debug|Any CPU
		{01373FE7-23F0-45C3-8EB5-E350CC6D001D}.Debug|x64.ActiveCfg = Debug|Any CPU
		{01373FE7-23F0-45C3-8EB5-E350CC6D001D}.Debug|x64.Build.0 = Debug|Any CPU
		{01373FE7-23F0-45C3-8EB5-E350CC6D001D}.Debug|x86.ActiveCfg = Debug|Any CPU
		{01373FE7-23F0-45C3-8EB5-E350CC6D001D}.Debug|x86.Build.0 = Debug|Any CPU
		{01373FE7-23F0-45C3-8EB5-E350CC6D001D}.Release|Any CPU.ActiveCfg = Release|Any CPU
		{01373FE7-23F0-45C3-8EB5-E350CC6D001D}.Release|Any CPU.Build.0 = Release|Any CPU
		{01373FE7-23F0-45C3-8EB5-E350CC6D001D}.Release|x64.ActiveCfg = Release|Any CPU
		{01373FE7-23F0-45C3-8EB5-E350CC6D001D}.Release|x64.Build.0 = Release|Any CPU
		{01373FE7-23F0-45C3-8EB5-E350CC6D001D}.Release|x86.ActiveCfg = Release|Any CPU
		{01373FE7-23F0-45C3-8EB5-E350CC6D001D}.Release|x86.Build.0 = Release|Any CPU
		{C7432B0B-7A3B-4E44-ABCB-63658061DDE3}.Debug|Any CPU.ActiveCfg = Debug|Any CPU
		{C7432B0B-7A3B-4E44-ABCB-63658061DDE3}.Debug|Any CPU.Build.0 = Debug|Any CPU
		{C7432B0B-7A3B-4E44-ABCB-63658061DDE3}.Debug|x64.ActiveCfg = Debug|Any CPU
		{C7432B0B-7A3B-4E44-ABCB-63658061DDE3}.Debug|x64.Build.0 = Debug|Any CPU
		{C7432B0B-7A3B-4E44-ABCB-63658061DDE3}.Debug|x86.ActiveCfg = Debug|Any CPU
		{C7432B0B-7A3B-4E44-ABCB-63658061DDE3}.Debug|x86.Build.0 = Debug|Any CPU
		{C7432B0B-7A3B-4E44-ABCB-63658061DDE3}.Release|Any CPU.ActiveCfg = Release|Any CPU
		{C7432B0B-7A3B-4E44-ABCB-63658061DDE3}.Release|Any CPU.Build.0 = Release|Any CPU
		{C7432B0B-7A3B-4E44-ABCB-63658061DDE3}.Release|x64.ActiveCfg = Release|Any CPU
		{C7432B0B-7A3B-4E44-ABCB-63658061DDE3}.Release|x64.Build.0 = Release|Any CPU
		{C7432B0B-7A3B-4E44-ABCB-63658061DDE3}.Release|x86.ActiveCfg = Release|Any CPU
		{C7432B0B-7A3B-4E44-ABCB-63658061DDE3}.Release|x86.Build.0 = Release|Any CPU
		{E8705ED8-B0DB-47AC-837F-F975802F6F93}.Debug|Any CPU.ActiveCfg = Debug|Any CPU
		{E8705ED8-B0DB-47AC-837F-F975802F6F93}.Debug|Any CPU.Build.0 = Debug|Any CPU
		{E8705ED8-B0DB-47AC-837F-F975802F6F93}.Debug|x64.ActiveCfg = Debug|Any CPU
		{E8705ED8-B0DB-47AC-837F-F975802F6F93}.Debug|x64.Build.0 = Debug|Any CPU
		{E8705ED8-B0DB-47AC-837F-F975802F6F93}.Debug|x86.ActiveCfg = Debug|Any CPU
		{E8705ED8-B0DB-47AC-837F-F975802F6F93}.Debug|x86.Build.0 = Debug|Any CPU
		{E8705ED8-B0DB-47AC-837F-F975802F6F93}.Release|Any CPU.ActiveCfg = Release|Any CPU
		{E8705ED8-B0DB-47AC-837F-F975802F6F93}.Release|Any CPU.Build.0 = Release|Any CPU
		{E8705ED8-B0DB-47AC-837F-F975802F6F93}.Release|x64.ActiveCfg = Release|Any CPU
		{E8705ED8-B0DB-47AC-837F-F975802F6F93}.Release|x64.Build.0 = Release|Any CPU
		{E8705ED8-B0DB-47AC-837F-F975802F6F93}.Release|x86.ActiveCfg = Release|Any CPU
		{E8705ED8-B0DB-47AC-837F-F975802F6F93}.Release|x86.Build.0 = Release|Any CPU
		{EAC62603-C6BC-46E8-9CDF-06F1374370EF}.Debug|Any CPU.ActiveCfg = Debug|Any CPU
		{EAC62603-C6BC-46E8-9CDF-06F1374370EF}.Debug|Any CPU.Build.0 = Debug|Any CPU
		{EAC62603-C6BC-46E8-9CDF-06F1374370EF}.Debug|x64.ActiveCfg = Debug|Any CPU
		{EAC62603-C6BC-46E8-9CDF-06F1374370EF}.Debug|x64.Build.0 = Debug|Any CPU
		{EAC62603-C6BC-46E8-9CDF-06F1374370EF}.Debug|x86.ActiveCfg = Debug|Any CPU
		{EAC62603-C6BC-46E8-9CDF-06F1374370EF}.Debug|x86.Build.0 = Debug|Any CPU
		{EAC62603-C6BC-46E8-9CDF-06F1374370EF}.Release|Any CPU.ActiveCfg = Release|Any CPU
		{EAC62603-C6BC-46E8-9CDF-06F1374370EF}.Release|Any CPU.Build.0 = Release|Any CPU
		{EAC62603-C6BC-46E8-9CDF-06F1374370EF}.Release|x64.ActiveCfg = Release|Any CPU
		{EAC62603-C6BC-46E8-9CDF-06F1374370EF}.Release|x64.Build.0 = Release|Any CPU
		{EAC62603-C6BC-46E8-9CDF-06F1374370EF}.Release|x86.ActiveCfg = Release|Any CPU
		{EAC62603-C6BC-46E8-9CDF-06F1374370EF}.Release|x86.Build.0 = Release|Any CPU
		{031F8115-AC13-48E5-BF75-93B70CFB4310}.Debug|Any CPU.ActiveCfg = Debug|Any CPU
		{031F8115-AC13-48E5-BF75-93B70CFB4310}.Debug|Any CPU.Build.0 = Debug|Any CPU
		{031F8115-AC13-48E5-BF75-93B70CFB4310}.Debug|x64.ActiveCfg = Debug|Any CPU
		{031F8115-AC13-48E5-BF75-93B70CFB4310}.Debug|x64.Build.0 = Debug|Any CPU
		{031F8115-AC13-48E5-BF75-93B70CFB4310}.Debug|x86.ActiveCfg = Debug|Any CPU
		{031F8115-AC13-48E5-BF75-93B70CFB4310}.Debug|x86.Build.0 = Debug|Any CPU
		{031F8115-AC13-48E5-BF75-93B70CFB4310}.Release|Any CPU.ActiveCfg = Release|Any CPU
		{031F8115-AC13-48E5-BF75-93B70CFB4310}.Release|Any CPU.Build.0 = Release|Any CPU
		{031F8115-AC13-48E5-BF75-93B70CFB4310}.Release|x64.ActiveCfg = Release|Any CPU
		{031F8115-AC13-48E5-BF75-93B70CFB4310}.Release|x64.Build.0 = Release|Any CPU
		{031F8115-AC13-48E5-BF75-93B70CFB4310}.Release|x86.ActiveCfg = Release|Any CPU
		{031F8115-AC13-48E5-BF75-93B70CFB4310}.Release|x86.Build.0 = Release|Any CPU
		{67B0CA47-A7A6-488B-9753-8F947AE65896}.Debug|Any CPU.ActiveCfg = Debug|Any CPU
		{67B0CA47-A7A6-488B-9753-8F947AE65896}.Debug|Any CPU.Build.0 = Debug|Any CPU
		{67B0CA47-A7A6-488B-9753-8F947AE65896}.Debug|x64.ActiveCfg = Debug|Any CPU
		{67B0CA47-A7A6-488B-9753-8F947AE65896}.Debug|x64.Build.0 = Debug|Any CPU
		{67B0CA47-A7A6-488B-9753-8F947AE65896}.Debug|x86.ActiveCfg = Debug|Any CPU
		{67B0CA47-A7A6-488B-9753-8F947AE65896}.Debug|x86.Build.0 = Debug|Any CPU
		{67B0CA47-A7A6-488B-9753-8F947AE65896}.Release|Any CPU.ActiveCfg = Release|Any CPU
		{67B0CA47-A7A6-488B-9753-8F947AE65896}.Release|Any CPU.Build.0 = Release|Any CPU
		{67B0CA47-A7A6-488B-9753-8F947AE65896}.Release|x64.ActiveCfg = Release|Any CPU
		{67B0CA47-A7A6-488B-9753-8F947AE65896}.Release|x64.Build.0 = Release|Any CPU
		{67B0CA47-A7A6-488B-9753-8F947AE65896}.Release|x86.ActiveCfg = Release|Any CPU
		{67B0CA47-A7A6-488B-9753-8F947AE65896}.Release|x86.Build.0 = Release|Any CPU
		{2A28857D-1A87-4D76-9F68-189E3BAF3860}.Debug|Any CPU.ActiveCfg = Debug|Any CPU
		{2A28857D-1A87-4D76-9F68-189E3BAF3860}.Debug|Any CPU.Build.0 = Debug|Any CPU
		{2A28857D-1A87-4D76-9F68-189E3BAF3860}.Debug|x64.ActiveCfg = Debug|Any CPU
		{2A28857D-1A87-4D76-9F68-189E3BAF3860}.Debug|x64.Build.0 = Debug|Any CPU
		{2A28857D-1A87-4D76-9F68-189E3BAF3860}.Debug|x86.ActiveCfg = Debug|Any CPU
		{2A28857D-1A87-4D76-9F68-189E3BAF3860}.Debug|x86.Build.0 = Debug|Any CPU
		{2A28857D-1A87-4D76-9F68-189E3BAF3860}.Release|Any CPU.ActiveCfg = Release|Any CPU
		{2A28857D-1A87-4D76-9F68-189E3BAF3860}.Release|Any CPU.Build.0 = Release|Any CPU
		{2A28857D-1A87-4D76-9F68-189E3BAF3860}.Release|x64.ActiveCfg = Release|Any CPU
		{2A28857D-1A87-4D76-9F68-189E3BAF3860}.Release|x64.Build.0 = Release|Any CPU
		{2A28857D-1A87-4D76-9F68-189E3BAF3860}.Release|x86.ActiveCfg = Release|Any CPU
		{2A28857D-1A87-4D76-9F68-189E3BAF3860}.Release|x86.Build.0 = Release|Any CPU
		{168B2482-4D0D-4450-A3F5-C57B87B830DF}.Debug|Any CPU.ActiveCfg = Debug|Any CPU
		{168B2482-4D0D-4450-A3F5-C57B87B830DF}.Debug|Any CPU.Build.0 = Debug|Any CPU
		{168B2482-4D0D-4450-A3F5-C57B87B830DF}.Debug|x64.ActiveCfg = Debug|Any CPU
		{168B2482-4D0D-4450-A3F5-C57B87B830DF}.Debug|x64.Build.0 = Debug|Any CPU
		{168B2482-4D0D-4450-A3F5-C57B87B830DF}.Debug|x86.ActiveCfg = Debug|Any CPU
		{168B2482-4D0D-4450-A3F5-C57B87B830DF}.Debug|x86.Build.0 = Debug|Any CPU
		{168B2482-4D0D-4450-A3F5-C57B87B830DF}.Release|Any CPU.ActiveCfg = Release|Any CPU
		{168B2482-4D0D-4450-A3F5-C57B87B830DF}.Release|Any CPU.Build.0 = Release|Any CPU
		{168B2482-4D0D-4450-A3F5-C57B87B830DF}.Release|x64.ActiveCfg = Release|Any CPU
		{168B2482-4D0D-4450-A3F5-C57B87B830DF}.Release|x64.Build.0 = Release|Any CPU
		{168B2482-4D0D-4450-A3F5-C57B87B830DF}.Release|x86.ActiveCfg = Release|Any CPU
		{168B2482-4D0D-4450-A3F5-C57B87B830DF}.Release|x86.Build.0 = Release|Any CPU
		{AEFD1517-078A-4A7F-8096-CE007C104189}.Debug|Any CPU.ActiveCfg = Debug|Any CPU
		{AEFD1517-078A-4A7F-8096-CE007C104189}.Debug|Any CPU.Build.0 = Debug|Any CPU
		{AEFD1517-078A-4A7F-8096-CE007C104189}.Debug|x64.ActiveCfg = Debug|Any CPU
		{AEFD1517-078A-4A7F-8096-CE007C104189}.Debug|x64.Build.0 = Debug|Any CPU
		{AEFD1517-078A-4A7F-8096-CE007C104189}.Debug|x86.ActiveCfg = Debug|Any CPU
		{AEFD1517-078A-4A7F-8096-CE007C104189}.Debug|x86.Build.0 = Debug|Any CPU
		{AEFD1517-078A-4A7F-8096-CE007C104189}.Release|Any CPU.ActiveCfg = Release|Any CPU
		{AEFD1517-078A-4A7F-8096-CE007C104189}.Release|Any CPU.Build.0 = Release|Any CPU
		{AEFD1517-078A-4A7F-8096-CE007C104189}.Release|x64.ActiveCfg = Release|Any CPU
		{AEFD1517-078A-4A7F-8096-CE007C104189}.Release|x64.Build.0 = Release|Any CPU
		{AEFD1517-078A-4A7F-8096-CE007C104189}.Release|x86.ActiveCfg = Release|Any CPU
		{AEFD1517-078A-4A7F-8096-CE007C104189}.Release|x86.Build.0 = Release|Any CPU
		{2423FCAE-5637-448E-A63F-936658B81538}.Debug|Any CPU.ActiveCfg = Debug|Any CPU
		{2423FCAE-5637-448E-A63F-936658B81538}.Debug|Any CPU.Build.0 = Debug|Any CPU
		{2423FCAE-5637-448E-A63F-936658B81538}.Debug|x64.ActiveCfg = Debug|Any CPU
		{2423FCAE-5637-448E-A63F-936658B81538}.Debug|x64.Build.0 = Debug|Any CPU
		{2423FCAE-5637-448E-A63F-936658B81538}.Debug|x86.ActiveCfg = Debug|Any CPU
		{2423FCAE-5637-448E-A63F-936658B81538}.Debug|x86.Build.0 = Debug|Any CPU
		{2423FCAE-5637-448E-A63F-936658B81538}.Release|Any CPU.ActiveCfg = Release|Any CPU
		{2423FCAE-5637-448E-A63F-936658B81538}.Release|Any CPU.Build.0 = Release|Any CPU
		{2423FCAE-5637-448E-A63F-936658B81538}.Release|x64.ActiveCfg = Release|Any CPU
		{2423FCAE-5637-448E-A63F-936658B81538}.Release|x64.Build.0 = Release|Any CPU
		{2423FCAE-5637-448E-A63F-936658B81538}.Release|x86.ActiveCfg = Release|Any CPU
		{2423FCAE-5637-448E-A63F-936658B81538}.Release|x86.Build.0 = Release|Any CPU
		{4AF7DA22-91BB-428E-B991-B9B8C16FBEFF}.Debug|Any CPU.ActiveCfg = Debug|Any CPU
		{4AF7DA22-91BB-428E-B991-B9B8C16FBEFF}.Debug|Any CPU.Build.0 = Debug|Any CPU
		{4AF7DA22-91BB-428E-B991-B9B8C16FBEFF}.Debug|x64.ActiveCfg = Debug|Any CPU
		{4AF7DA22-91BB-428E-B991-B9B8C16FBEFF}.Debug|x64.Build.0 = Debug|Any CPU
		{4AF7DA22-91BB-428E-B991-B9B8C16FBEFF}.Debug|x86.ActiveCfg = Debug|Any CPU
		{4AF7DA22-91BB-428E-B991-B9B8C16FBEFF}.Debug|x86.Build.0 = Debug|Any CPU
		{4AF7DA22-91BB-428E-B991-B9B8C16FBEFF}.Release|Any CPU.ActiveCfg = Release|Any CPU
		{4AF7DA22-91BB-428E-B991-B9B8C16FBEFF}.Release|Any CPU.Build.0 = Release|Any CPU
		{4AF7DA22-91BB-428E-B991-B9B8C16FBEFF}.Release|x64.ActiveCfg = Release|Any CPU
		{4AF7DA22-91BB-428E-B991-B9B8C16FBEFF}.Release|x64.Build.0 = Release|Any CPU
		{4AF7DA22-91BB-428E-B991-B9B8C16FBEFF}.Release|x86.ActiveCfg = Release|Any CPU
		{4AF7DA22-91BB-428E-B991-B9B8C16FBEFF}.Release|x86.Build.0 = Release|Any CPU
		{78109F92-FE71-4F32-868E-BEDE1E6626F9}.Debug|Any CPU.ActiveCfg = Debug|Any CPU
		{78109F92-FE71-4F32-868E-BEDE1E6626F9}.Debug|Any CPU.Build.0 = Debug|Any CPU
		{78109F92-FE71-4F32-868E-BEDE1E6626F9}.Debug|x64.ActiveCfg = Debug|Any CPU
		{78109F92-FE71-4F32-868E-BEDE1E6626F9}.Debug|x64.Build.0 = Debug|Any CPU
		{78109F92-FE71-4F32-868E-BEDE1E6626F9}.Debug|x86.ActiveCfg = Debug|Any CPU
		{78109F92-FE71-4F32-868E-BEDE1E6626F9}.Debug|x86.Build.0 = Debug|Any CPU
		{78109F92-FE71-4F32-868E-BEDE1E6626F9}.Release|Any CPU.ActiveCfg = Release|Any CPU
		{78109F92-FE71-4F32-868E-BEDE1E6626F9}.Release|Any CPU.Build.0 = Release|Any CPU
		{78109F92-FE71-4F32-868E-BEDE1E6626F9}.Release|x64.ActiveCfg = Release|Any CPU
		{78109F92-FE71-4F32-868E-BEDE1E6626F9}.Release|x64.Build.0 = Release|Any CPU
		{78109F92-FE71-4F32-868E-BEDE1E6626F9}.Release|x86.ActiveCfg = Release|Any CPU
		{78109F92-FE71-4F32-868E-BEDE1E6626F9}.Release|x86.Build.0 = Release|Any CPU
		{BA8E8BEA-3DA4-4CFC-BB3D-0261554F50C5}.Debug|Any CPU.ActiveCfg = Debug|Any CPU
		{BA8E8BEA-3DA4-4CFC-BB3D-0261554F50C5}.Debug|Any CPU.Build.0 = Debug|Any CPU
		{BA8E8BEA-3DA4-4CFC-BB3D-0261554F50C5}.Debug|x64.ActiveCfg = Debug|Any CPU
		{BA8E8BEA-3DA4-4CFC-BB3D-0261554F50C5}.Debug|x64.Build.0 = Debug|Any CPU
		{BA8E8BEA-3DA4-4CFC-BB3D-0261554F50C5}.Debug|x86.ActiveCfg = Debug|Any CPU
		{BA8E8BEA-3DA4-4CFC-BB3D-0261554F50C5}.Debug|x86.Build.0 = Debug|Any CPU
		{BA8E8BEA-3DA4-4CFC-BB3D-0261554F50C5}.Release|Any CPU.ActiveCfg = Release|Any CPU
		{BA8E8BEA-3DA4-4CFC-BB3D-0261554F50C5}.Release|Any CPU.Build.0 = Release|Any CPU
		{BA8E8BEA-3DA4-4CFC-BB3D-0261554F50C5}.Release|x64.ActiveCfg = Release|Any CPU
		{BA8E8BEA-3DA4-4CFC-BB3D-0261554F50C5}.Release|x64.Build.0 = Release|Any CPU
		{BA8E8BEA-3DA4-4CFC-BB3D-0261554F50C5}.Release|x86.ActiveCfg = Release|Any CPU
		{BA8E8BEA-3DA4-4CFC-BB3D-0261554F50C5}.Release|x86.Build.0 = Release|Any CPU
		{57230212-9E7D-4923-9C7F-A9EE2226A676}.Debug|Any CPU.ActiveCfg = Debug|Any CPU
		{57230212-9E7D-4923-9C7F-A9EE2226A676}.Debug|Any CPU.Build.0 = Debug|Any CPU
		{57230212-9E7D-4923-9C7F-A9EE2226A676}.Debug|x64.ActiveCfg = Debug|Any CPU
		{57230212-9E7D-4923-9C7F-A9EE2226A676}.Debug|x64.Build.0 = Debug|Any CPU
		{57230212-9E7D-4923-9C7F-A9EE2226A676}.Debug|x86.ActiveCfg = Debug|Any CPU
		{57230212-9E7D-4923-9C7F-A9EE2226A676}.Debug|x86.Build.0 = Debug|Any CPU
		{57230212-9E7D-4923-9C7F-A9EE2226A676}.Release|Any CPU.ActiveCfg = Release|Any CPU
		{57230212-9E7D-4923-9C7F-A9EE2226A676}.Release|Any CPU.Build.0 = Release|Any CPU
		{57230212-9E7D-4923-9C7F-A9EE2226A676}.Release|x64.ActiveCfg = Release|Any CPU
		{57230212-9E7D-4923-9C7F-A9EE2226A676}.Release|x64.Build.0 = Release|Any CPU
		{57230212-9E7D-4923-9C7F-A9EE2226A676}.Release|x86.ActiveCfg = Release|Any CPU
		{57230212-9E7D-4923-9C7F-A9EE2226A676}.Release|x86.Build.0 = Release|Any CPU
		{C3E171D1-9C94-4E1C-8763-0648AF65BE96}.Debug|Any CPU.ActiveCfg = Debug|Any CPU
		{C3E171D1-9C94-4E1C-8763-0648AF65BE96}.Debug|Any CPU.Build.0 = Debug|Any CPU
		{C3E171D1-9C94-4E1C-8763-0648AF65BE96}.Debug|x64.ActiveCfg = Debug|Any CPU
		{C3E171D1-9C94-4E1C-8763-0648AF65BE96}.Debug|x64.Build.0 = Debug|Any CPU
		{C3E171D1-9C94-4E1C-8763-0648AF65BE96}.Debug|x86.ActiveCfg = Debug|Any CPU
		{C3E171D1-9C94-4E1C-8763-0648AF65BE96}.Debug|x86.Build.0 = Debug|Any CPU
		{C3E171D1-9C94-4E1C-8763-0648AF65BE96}.Release|Any CPU.ActiveCfg = Release|Any CPU
		{C3E171D1-9C94-4E1C-8763-0648AF65BE96}.Release|Any CPU.Build.0 = Release|Any CPU
		{C3E171D1-9C94-4E1C-8763-0648AF65BE96}.Release|x64.ActiveCfg = Release|Any CPU
		{C3E171D1-9C94-4E1C-8763-0648AF65BE96}.Release|x64.Build.0 = Release|Any CPU
		{C3E171D1-9C94-4E1C-8763-0648AF65BE96}.Release|x86.ActiveCfg = Release|Any CPU
		{C3E171D1-9C94-4E1C-8763-0648AF65BE96}.Release|x86.Build.0 = Release|Any CPU
		{3D317245-CDE5-4E0E-9590-D7CBA2257D9C}.Debug|Any CPU.ActiveCfg = Debug|Any CPU
		{3D317245-CDE5-4E0E-9590-D7CBA2257D9C}.Debug|Any CPU.Build.0 = Debug|Any CPU
		{3D317245-CDE5-4E0E-9590-D7CBA2257D9C}.Debug|x64.ActiveCfg = Debug|Any CPU
		{3D317245-CDE5-4E0E-9590-D7CBA2257D9C}.Debug|x64.Build.0 = Debug|Any CPU
		{3D317245-CDE5-4E0E-9590-D7CBA2257D9C}.Debug|x86.ActiveCfg = Debug|Any CPU
		{3D317245-CDE5-4E0E-9590-D7CBA2257D9C}.Debug|x86.Build.0 = Debug|Any CPU
		{3D317245-CDE5-4E0E-9590-D7CBA2257D9C}.Release|Any CPU.ActiveCfg = Release|Any CPU
		{3D317245-CDE5-4E0E-9590-D7CBA2257D9C}.Release|Any CPU.Build.0 = Release|Any CPU
		{3D317245-CDE5-4E0E-9590-D7CBA2257D9C}.Release|x64.ActiveCfg = Release|Any CPU
		{3D317245-CDE5-4E0E-9590-D7CBA2257D9C}.Release|x64.Build.0 = Release|Any CPU
		{3D317245-CDE5-4E0E-9590-D7CBA2257D9C}.Release|x86.ActiveCfg = Release|Any CPU
		{3D317245-CDE5-4E0E-9590-D7CBA2257D9C}.Release|x86.Build.0 = Release|Any CPU
		{5150EEB5-2287-4723-92B0-4CB1232BD2CE}.Debug|Any CPU.ActiveCfg = Debug|Any CPU
		{5150EEB5-2287-4723-92B0-4CB1232BD2CE}.Debug|Any CPU.Build.0 = Debug|Any CPU
		{5150EEB5-2287-4723-92B0-4CB1232BD2CE}.Debug|x64.ActiveCfg = Debug|Any CPU
		{5150EEB5-2287-4723-92B0-4CB1232BD2CE}.Debug|x64.Build.0 = Debug|Any CPU
		{5150EEB5-2287-4723-92B0-4CB1232BD2CE}.Debug|x86.ActiveCfg = Debug|Any CPU
		{5150EEB5-2287-4723-92B0-4CB1232BD2CE}.Debug|x86.Build.0 = Debug|Any CPU
		{5150EEB5-2287-4723-92B0-4CB1232BD2CE}.Release|Any CPU.ActiveCfg = Release|Any CPU
		{5150EEB5-2287-4723-92B0-4CB1232BD2CE}.Release|Any CPU.Build.0 = Release|Any CPU
		{5150EEB5-2287-4723-92B0-4CB1232BD2CE}.Release|x64.ActiveCfg = Release|Any CPU
		{5150EEB5-2287-4723-92B0-4CB1232BD2CE}.Release|x64.Build.0 = Release|Any CPU
		{5150EEB5-2287-4723-92B0-4CB1232BD2CE}.Release|x86.ActiveCfg = Release|Any CPU
		{5150EEB5-2287-4723-92B0-4CB1232BD2CE}.Release|x86.Build.0 = Release|Any CPU
		{FF1F81C2-1E8F-44DA-A659-710C4A65A234}.Debug|Any CPU.ActiveCfg = Debug|Any CPU
		{FF1F81C2-1E8F-44DA-A659-710C4A65A234}.Debug|Any CPU.Build.0 = Debug|Any CPU
		{FF1F81C2-1E8F-44DA-A659-710C4A65A234}.Debug|x64.ActiveCfg = Debug|Any CPU
		{FF1F81C2-1E8F-44DA-A659-710C4A65A234}.Debug|x64.Build.0 = Debug|Any CPU
		{FF1F81C2-1E8F-44DA-A659-710C4A65A234}.Debug|x86.ActiveCfg = Debug|Any CPU
		{FF1F81C2-1E8F-44DA-A659-710C4A65A234}.Debug|x86.Build.0 = Debug|Any CPU
		{FF1F81C2-1E8F-44DA-A659-710C4A65A234}.Release|Any CPU.ActiveCfg = Release|Any CPU
		{FF1F81C2-1E8F-44DA-A659-710C4A65A234}.Release|Any CPU.Build.0 = Release|Any CPU
		{FF1F81C2-1E8F-44DA-A659-710C4A65A234}.Release|x64.ActiveCfg = Release|Any CPU
		{FF1F81C2-1E8F-44DA-A659-710C4A65A234}.Release|x64.Build.0 = Release|Any CPU
		{FF1F81C2-1E8F-44DA-A659-710C4A65A234}.Release|x86.ActiveCfg = Release|Any CPU
		{FF1F81C2-1E8F-44DA-A659-710C4A65A234}.Release|x86.Build.0 = Release|Any CPU
		{32131BFB-2CDB-427C-B86F-3362D64ACCC4}.Debug|Any CPU.ActiveCfg = Debug|Any CPU
		{32131BFB-2CDB-427C-B86F-3362D64ACCC4}.Debug|Any CPU.Build.0 = Debug|Any CPU
		{32131BFB-2CDB-427C-B86F-3362D64ACCC4}.Debug|x64.ActiveCfg = Debug|Any CPU
		{32131BFB-2CDB-427C-B86F-3362D64ACCC4}.Debug|x64.Build.0 = Debug|Any CPU
		{32131BFB-2CDB-427C-B86F-3362D64ACCC4}.Debug|x86.ActiveCfg = Debug|Any CPU
		{32131BFB-2CDB-427C-B86F-3362D64ACCC4}.Debug|x86.Build.0 = Debug|Any CPU
		{32131BFB-2CDB-427C-B86F-3362D64ACCC4}.Release|Any CPU.ActiveCfg = Release|Any CPU
		{32131BFB-2CDB-427C-B86F-3362D64ACCC4}.Release|Any CPU.Build.0 = Release|Any CPU
		{32131BFB-2CDB-427C-B86F-3362D64ACCC4}.Release|x64.ActiveCfg = Release|Any CPU
		{32131BFB-2CDB-427C-B86F-3362D64ACCC4}.Release|x64.Build.0 = Release|Any CPU
		{32131BFB-2CDB-427C-B86F-3362D64ACCC4}.Release|x86.ActiveCfg = Release|Any CPU
		{32131BFB-2CDB-427C-B86F-3362D64ACCC4}.Release|x86.Build.0 = Release|Any CPU
		{9CFA5D26-4202-41EC-B17C-D3F4148F7C62}.Debug|Any CPU.ActiveCfg = Debug|Any CPU
		{9CFA5D26-4202-41EC-B17C-D3F4148F7C62}.Debug|Any CPU.Build.0 = Debug|Any CPU
		{9CFA5D26-4202-41EC-B17C-D3F4148F7C62}.Debug|x64.ActiveCfg = Debug|Any CPU
		{9CFA5D26-4202-41EC-B17C-D3F4148F7C62}.Debug|x64.Build.0 = Debug|Any CPU
		{9CFA5D26-4202-41EC-B17C-D3F4148F7C62}.Debug|x86.ActiveCfg = Debug|Any CPU
		{9CFA5D26-4202-41EC-B17C-D3F4148F7C62}.Debug|x86.Build.0 = Debug|Any CPU
		{9CFA5D26-4202-41EC-B17C-D3F4148F7C62}.Release|Any CPU.ActiveCfg = Release|Any CPU
		{9CFA5D26-4202-41EC-B17C-D3F4148F7C62}.Release|Any CPU.Build.0 = Release|Any CPU
		{9CFA5D26-4202-41EC-B17C-D3F4148F7C62}.Release|x64.ActiveCfg = Release|Any CPU
		{9CFA5D26-4202-41EC-B17C-D3F4148F7C62}.Release|x64.Build.0 = Release|Any CPU
		{9CFA5D26-4202-41EC-B17C-D3F4148F7C62}.Release|x86.ActiveCfg = Release|Any CPU
		{9CFA5D26-4202-41EC-B17C-D3F4148F7C62}.Release|x86.Build.0 = Release|Any CPU
		{F37292F8-1433-432E-A0E2-A3E71DDA94EC}.Debug|Any CPU.ActiveCfg = Debug|Any CPU
		{F37292F8-1433-432E-A0E2-A3E71DDA94EC}.Debug|Any CPU.Build.0 = Debug|Any CPU
		{F37292F8-1433-432E-A0E2-A3E71DDA94EC}.Debug|x64.ActiveCfg = Debug|Any CPU
		{F37292F8-1433-432E-A0E2-A3E71DDA94EC}.Debug|x64.Build.0 = Debug|Any CPU
		{F37292F8-1433-432E-A0E2-A3E71DDA94EC}.Debug|x86.ActiveCfg = Debug|Any CPU
		{F37292F8-1433-432E-A0E2-A3E71DDA94EC}.Debug|x86.Build.0 = Debug|Any CPU
		{F37292F8-1433-432E-A0E2-A3E71DDA94EC}.Release|Any CPU.ActiveCfg = Release|Any CPU
		{F37292F8-1433-432E-A0E2-A3E71DDA94EC}.Release|Any CPU.Build.0 = Release|Any CPU
		{F37292F8-1433-432E-A0E2-A3E71DDA94EC}.Release|x64.ActiveCfg = Release|Any CPU
		{F37292F8-1433-432E-A0E2-A3E71DDA94EC}.Release|x64.Build.0 = Release|Any CPU
		{F37292F8-1433-432E-A0E2-A3E71DDA94EC}.Release|x86.ActiveCfg = Release|Any CPU
		{F37292F8-1433-432E-A0E2-A3E71DDA94EC}.Release|x86.Build.0 = Release|Any CPU
		{C4476B1F-1EF4-4B1C-96F1-20FC0E5AEC13}.Debug|Any CPU.ActiveCfg = Debug|Any CPU
		{C4476B1F-1EF4-4B1C-96F1-20FC0E5AEC13}.Debug|Any CPU.Build.0 = Debug|Any CPU
		{C4476B1F-1EF4-4B1C-96F1-20FC0E5AEC13}.Debug|x64.ActiveCfg = Debug|Any CPU
		{C4476B1F-1EF4-4B1C-96F1-20FC0E5AEC13}.Debug|x64.Build.0 = Debug|Any CPU
		{C4476B1F-1EF4-4B1C-96F1-20FC0E5AEC13}.Debug|x86.ActiveCfg = Debug|Any CPU
		{C4476B1F-1EF4-4B1C-96F1-20FC0E5AEC13}.Debug|x86.Build.0 = Debug|Any CPU
		{C4476B1F-1EF4-4B1C-96F1-20FC0E5AEC13}.Release|Any CPU.ActiveCfg = Release|Any CPU
		{C4476B1F-1EF4-4B1C-96F1-20FC0E5AEC13}.Release|Any CPU.Build.0 = Release|Any CPU
		{C4476B1F-1EF4-4B1C-96F1-20FC0E5AEC13}.Release|x64.ActiveCfg = Release|Any CPU
		{C4476B1F-1EF4-4B1C-96F1-20FC0E5AEC13}.Release|x64.Build.0 = Release|Any CPU
		{C4476B1F-1EF4-4B1C-96F1-20FC0E5AEC13}.Release|x86.ActiveCfg = Release|Any CPU
		{C4476B1F-1EF4-4B1C-96F1-20FC0E5AEC13}.Release|x86.Build.0 = Release|Any CPU
	EndGlobalSection
	GlobalSection(SolutionProperties) = preSolution
		HideSolutionNode = FALSE
	EndGlobalSection
	GlobalSection(NestedProjects) = preSolution
		{2CCE8DFE-1ADB-43DF-A473-49330A1E2945} = {191E0D1C-9A3F-47EF-9DFA-FD9A1EAAF005}
		{6B178E01-D598-4D42-BA2A-B215CC87D85E} = {ECDE4178-802E-49E1-A93B-86AF575DF1BA}
		{0B841B70-5026-4CF0-837F-2A356FAE5681} = {ECDE4178-802E-49E1-A93B-86AF575DF1BA}
		{2F3B9DDE-42E8-4AE3-A6F9-114CCEE291E2} = {DFF9AF3D-4892-4701-BB83-658BDFFCF0D7}
		{2F058CD1-29C1-4BF4-ABF9-2B0C8FBA87E5} = {DFF9AF3D-4892-4701-BB83-658BDFFCF0D7}
		{536BB13B-1300-443C-AB20-CEE5E2D38C7D} = {DFF9AF3D-4892-4701-BB83-658BDFFCF0D7}
		{E24E16AE-6279-4F68-A435-1F6FB65E60D5} = {DFF9AF3D-4892-4701-BB83-658BDFFCF0D7}
		{E756EEFE-E348-42FC-9549-775F38E5FBC1} = {B05ADF0A-D179-43EB-957E-2026918BE467}
		{01373FE7-23F0-45C3-8EB5-E350CC6D001D} = {B05ADF0A-D179-43EB-957E-2026918BE467}
		{C7432B0B-7A3B-4E44-ABCB-63658061DDE3} = {B05ADF0A-D179-43EB-957E-2026918BE467}
		{E8705ED8-B0DB-47AC-837F-F975802F6F93} = {B05ADF0A-D179-43EB-957E-2026918BE467}
		{EAC62603-C6BC-46E8-9CDF-06F1374370EF} = {B05ADF0A-D179-43EB-957E-2026918BE467}
		{031F8115-AC13-48E5-BF75-93B70CFB4310} = {B05ADF0A-D179-43EB-957E-2026918BE467}
		{67B0CA47-A7A6-488B-9753-8F947AE65896} = {B05ADF0A-D179-43EB-957E-2026918BE467}
		{2A28857D-1A87-4D76-9F68-189E3BAF3860} = {B05ADF0A-D179-43EB-957E-2026918BE467}
		{168B2482-4D0D-4450-A3F5-C57B87B830DF} = {B05ADF0A-D179-43EB-957E-2026918BE467}
		{AEFD1517-078A-4A7F-8096-CE007C104189} = {B05ADF0A-D179-43EB-957E-2026918BE467}
		{2423FCAE-5637-448E-A63F-936658B81538} = {B05ADF0A-D179-43EB-957E-2026918BE467}
		{4AF7DA22-91BB-428E-B991-B9B8C16FBEFF} = {DFF9AF3D-4892-4701-BB83-658BDFFCF0D7}
		{78109F92-FE71-4F32-868E-BEDE1E6626F9} = {B05ADF0A-D179-43EB-957E-2026918BE467}
		{BA8E8BEA-3DA4-4CFC-BB3D-0261554F50C5} = {B05ADF0A-D179-43EB-957E-2026918BE467}
		{57230212-9E7D-4923-9C7F-A9EE2226A676} = {191E0D1C-9A3F-47EF-9DFA-FD9A1EAAF005}
		{C3E171D1-9C94-4E1C-8763-0648AF65BE96} = {191E0D1C-9A3F-47EF-9DFA-FD9A1EAAF005}
		{3D317245-CDE5-4E0E-9590-D7CBA2257D9C} = {191E0D1C-9A3F-47EF-9DFA-FD9A1EAAF005}
		{5150EEB5-2287-4723-92B0-4CB1232BD2CE} = {191E0D1C-9A3F-47EF-9DFA-FD9A1EAAF005}
		{FF1F81C2-1E8F-44DA-A659-710C4A65A234} = {191E0D1C-9A3F-47EF-9DFA-FD9A1EAAF005}
		{32131BFB-2CDB-427C-B86F-3362D64ACCC4} = {191E0D1C-9A3F-47EF-9DFA-FD9A1EAAF005}
		{9CFA5D26-4202-41EC-B17C-D3F4148F7C62} = {191E0D1C-9A3F-47EF-9DFA-FD9A1EAAF005}
		{F37292F8-1433-432E-A0E2-A3E71DDA94EC} = {191E0D1C-9A3F-47EF-9DFA-FD9A1EAAF005}
		{C4476B1F-1EF4-4B1C-96F1-20FC0E5AEC13} = {191E0D1C-9A3F-47EF-9DFA-FD9A1EAAF005}
	EndGlobalSection
	GlobalSection(ExtensibilityGlobals) = postSolution
		SolutionGuid = {3614A44E-42EC-4230-95ED-D63BEDCDCDB9}
	EndGlobalSection
	GlobalSection(DPCodeReviewSolutionGUID) = preSolution
		DPCodeReviewSolutionGUID = {00000000-0000-0000-0000-000000000000}
	EndGlobalSection
	GlobalSection(DPCodeReviewSolutionGUID) = preSolution
		DPCodeReviewSolutionGUID = {00000000-0000-0000-0000-000000000000}
	EndGlobalSection
EndGlobal
