
Microsoft Visual Studio Solution File, Format Version 12.00
# Visual Studio Version 16
VisualStudioVersion = 16.0.30320.27
MinimumVisualStudioVersion = 10.0.40219.1
Project("{2150E333-8FDC-42A3-9474-1A3956D46DE8}") = ".nuget", ".nuget", "{18D87AC3-8AC1-4904-BF7C-5DB7FE9FA6CF}"
	ProjectSection(SolutionItems) = preProject
		.nuget\NuGet.Config = .nuget\NuGet.Config
		.nuget\NuGet.exe = .nuget\NuGet.exe
		.nuget\NuGet.targets = .nuget\NuGet.targets
	EndProjectSection
EndProject
Project("{9A19103F-16F7-4668-BE54-9A1E7A4F7556}") = "NEsper.Scripting.ClearScript", "src\NEsper.Scripting.ClearScript\NEsper.Scripting.ClearScript.csproj", "{C3E171D1-9C94-4E1C-8763-0648AF65BE96}"
EndProject
Project("{9A19103F-16F7-4668-BE54-9A1E7A4F7556}") = "NEsper.Data.MySQL", "src\NEsper.Data.MySQL\NEsper.Data.MySQL.csproj", "{2D559181-5569-43E6-AB09-F5222FF54F62}"
EndProject
Project("{9A19103F-16F7-4668-BE54-9A1E7A4F7556}") = "NEsper.Data.SQLite", "src\NEsper.Data.SQLite\NEsper.Data.SQLite.csproj", "{F9D5392C-0599-4DB4-B5D5-1A208009BD38}"
EndProject
Project("{9A19103F-16F7-4668-BE54-9A1E7A4F7556}") = "NEsper.Data.PgSQL", "src\NEsper.Data.PgSQL\NEsper.Data.PgSQL.csproj", "{FF8FF86D-EEA2-462B-8776-F3C7C0A97C5C}"
EndProject
Project("{9A19103F-16F7-4668-BE54-9A1E7A4F7556}") = "NEsper.Log.NLog", "src\NEsper.Log.NLog\NEsper.Log.NLog.csproj", "{59B2D0BF-BC55-4BCB-A6E0-988829498436}"
EndProject
Project("{9A19103F-16F7-4668-BE54-9A1E7A4F7556}") = "NEsper.Compiler", "src\NEsper.Compiler\NEsper.Compiler.csproj", "{FE7042F3-39FE-4EB9-A23A-FCDA15CA9B58}"
EndProject
Project("{9A19103F-16F7-4668-BE54-9A1E7A4F7556}") = "NEsper.Compat", "src\NEsper.Compat\NEsper.Compat.csproj", "{CD027F12-1979-42B4-82F3-283A21DAA155}"
EndProject
Project("{9A19103F-16F7-4668-BE54-9A1E7A4F7556}") = "NEsper.Common", "src\NEsper.Common\NEsper.Common.csproj", "{FF6C416D-25E3-461E-9403-A8E92F742509}"
EndProject
Project("{9A19103F-16F7-4668-BE54-9A1E7A4F7556}") = "NEsper.Runtime", "src\NEsper.Runtime\NEsper.Runtime.csproj", "{C5922011-85E2-4999-846B-4B837AD0F70F}"
EndProject
Project("{9A19103F-16F7-4668-BE54-9A1E7A4F7556}") = "NEsper.Common.Tests", "tst\NEsper.Common.Tests\NEsper.Common.Tests.csproj", "{FCAD825D-07E0-48AC-843C-FB21F15B3C89}"
EndProject
Project("{9A19103F-16F7-4668-BE54-9A1E7A4F7556}") = "NEsper.Runtime.Tests", "tst\NEsper.Runtime.Tests\NEsper.Runtime.Tests.csproj", "{0360EA85-7290-4AFF-BFB0-B7FDE6806D93}"
EndProject
Project("{9A19103F-16F7-4668-BE54-9A1E7A4F7556}") = "NEsper.Regression", "tst\NEsper.Regression\NEsper.Regression.csproj", "{B43A16FE-816B-4A1F-A09E-2167E1BDABC0}"
EndProject
Project("{9A19103F-16F7-4668-BE54-9A1E7A4F7556}") = "NEsper.Regression.Runner", "tst\NEsper.Regression.Runner\NEsper.Regression.Runner.csproj", "{043DF7C0-C6F7-4059-A5FD-2BA0F27CF2BE}"
EndProject
Project("{9A19103F-16F7-4668-BE54-9A1E7A4F7556}") = "NEsper.Grammar", "src\NEsper.Grammar\NEsper.Grammar.csproj", "{8A88FE1B-407B-48D8-A74D-C672CC0B1DBB}"
EndProject
Project("{FAE04EC0-301F-11D3-BF4B-00C04F79EFBC}") = "NEsper.IO", "src\NEsper.IO\NEsper.IO.csproj", "{E1F9306E-7906-4717-872B-0E5820ED1240}"
EndProject
Project("{FAE04EC0-301F-11D3-BF4B-00C04F79EFBC}") = "NEsper.IO.Tests", "tst\NEsper.IO.Tests\NEsper.IO.Tests.csproj", "{A0876FCB-3F88-4E61-A06B-68C69EFBBFA0}"
EndProject
Project("{2150E333-8FDC-42A3-9474-1A3956D46DE8}") = "NEsper.Examples", "NEsper.Examples", "{3426C460-A7A9-4AFB-9D42-04733A2F7C06}"
EndProject
Project("{9A19103F-16F7-4668-BE54-9A1E7A4F7556}") = "NEsper.Examples.Support", "examples\NEsper.Examples\support\NEsper.Examples.Support.csproj", "{29527075-A890-40C7-820F-30A569EF3F84}"
EndProject
Project("{9A19103F-16F7-4668-BE54-9A1E7A4F7556}") = "NEsper.Examples.ATM", "examples\NEsper.Examples\example\atm\NEsper.Examples.ATM.csproj", "{86E39638-F5CC-42B9-BF4B-0FA1E89DF314}"
EndProject
Project("{9A19103F-16F7-4668-BE54-9A1E7A4F7556}") = "NEsper.Examples.AutoId", "examples\NEsper.Examples\example\autoid\NEsper.Examples.AutoId.csproj", "{D70E4C0A-5891-4E11-BEDC-F41F6F825414}"
EndProject
Project("{9A19103F-16F7-4668-BE54-9A1E7A4F7556}") = "NEsper.Examples.FeedExample", "examples\NEsper.Examples\example\feedexample\NEsper.Examples.FeedExample.csproj", "{61BDAA8D-99FC-441A-94B1-86DE4BCD374E}"
EndProject
Project("{9A19103F-16F7-4668-BE54-9A1E7A4F7556}") = "NEsper.Examples.MarketDataFeed", "examples\NEsper.Examples\example\marketdatafeed\NEsper.Examples.MarketDataFeed.csproj", "{C4ABCF62-0C67-470F-80D7-A18A2F999222}"
EndProject
Project("{9A19103F-16F7-4668-BE54-9A1E7A4F7556}") = "NEsper.Examples.QoS_SLA", "examples\NEsper.Examples\example\qos_sla\NEsper.Examples.QoS_SLA.csproj", "{5A3DBB09-C245-40C8-BBFF-8897CB9B4DF6}"
EndProject
Project("{9A19103F-16F7-4668-BE54-9A1E7A4F7556}") = "NEsper.Examples.RSI", "examples\NEsper.Examples\example\rsi\NEsper.Examples.RSI.csproj", "{F6A4E61E-EA29-45DA-A0C9-7001241653E3}"
EndProject
Project("{9A19103F-16F7-4668-BE54-9A1E7A4F7556}") = "NEsper.Examples.StockTicker", "examples\NEsper.Examples\example\stockticker\NEsper.Examples.StockTicker.csproj", "{E31087D7-9090-4CDE-B9BA-F61B6B32B7F5}"
EndProject
Project("{9A19103F-16F7-4668-BE54-9A1E7A4F7556}") = "NEsper.Examples.Transaction", "examples\NEsper.Examples\example\transaction\NEsper.Examples.Transaction.csproj", "{5BBE7B3C-ECF9-4737-8F39-E6AACF9CDAB1}"
EndProject
Project("{2150E333-8FDC-42A3-9474-1A3956D46DE8}") = "NEsper.Benchmark", "examples\NEsper.Benchmark", "{549F95F9-E006-45F5-BC2E-F0258F648EA1}"
EndProject
Project("{FAE04EC0-301F-11D3-BF4B-00C04F79EFBC}") = "NEsper.Benchmark.Client", "examples\NEsper.Benchmark\NEsper.Benchmark.Client\NEsper.Benchmark.Client.csproj", "{649B23B5-48D4-492C-9AAF-EA6B31C0F9A3}"
EndProject
Project("{FAE04EC0-301F-11D3-BF4B-00C04F79EFBC}") = "NEsper.Benchmark.Common", "examples\NEsper.Benchmark\NEsper.Benchmark.Common\NEsper.Benchmark.Common.csproj", "{D4F12936-297B-4ED4-947D-BA7E091C3A00}"
EndProject
Project("{FAE04EC0-301F-11D3-BF4B-00C04F79EFBC}") = "NEsper.Benchmark.Perforator", "examples\NEsper.Benchmark\NEsper.Benchmark.Perforator\NEsper.Benchmark.Perforator.csproj", "{8E4E9A9A-3183-47EA-B1A4-17AA994B110C}"
EndProject
Project("{FAE04EC0-301F-11D3-BF4B-00C04F79EFBC}") = "NEsper.Benchmark.Server", "examples\NEsper.Benchmark\NEsper.Benchmark.Server\NEsper.Benchmark.Server.csproj", "{A01CF35C-D7FA-4ECA-9293-1E763E90F6E4}"
EndProject
Project("{FAE04EC0-301F-11D3-BF4B-00C04F79EFBC}") = "NEsper.Benchmark.Stats", "examples\NEsper.Benchmark\NEsper.Benchmark.Stats\NEsper.Benchmark.Stats.csproj", "{D6B0328E-51F1-4735-8501-4ABFB5D1AE11}"
EndProject
Project("{9A19103F-16F7-4668-BE54-9A1E7A4F7556}") = "NEsper.Examples.NamedWindowQuery", "examples\NEsper.Examples\example\NEsper.Examples.NamedWindowQuery\NEsper.Examples.NamedWindowQuery.csproj", "{48B84BC5-1F78-47FA-A492-CF81C3658E8B}"
EndProject
Project("{9A19103F-16F7-4668-BE54-9A1E7A4F7556}") = "NEsper.Examples.VirtualDW", "examples\NEsper.Examples\example\NEsper.Examples.VirtualDW\NEsper.Examples.VirtualDW.csproj", "{FD068D7A-DD6F-47FE-93A7-A86130E25C3C}"
EndProject
Project("{9A19103F-16F7-4668-BE54-9A1E7A4F7556}") = "NEsper.Examples.MatchMaker", "examples\NEsper.Examples\example\matchmaker\NEsper.Examples.MatchMaker.csproj", "{0B9B80B6-6084-43C9-A75D-C02EC07070F3}"
EndProject
Project("{9A19103F-16F7-4668-BE54-9A1E7A4F7556}") = "NEsper.Examples.MSMQ", "examples\NEsper.Examples\example\NEsper.Examples.MSMQ\NEsper.Examples.MSMQ.csproj", "{6C00D901-6F48-418C-99D9-372613893315}"
EndProject
Project("{9A19103F-16F7-4668-BE54-9A1E7A4F7556}") = "NEsper.Avro", "src\NEsper.Avro\NEsper.Avro.csproj", "{10A408F5-05F0-4808-94EF-799FADA6750E}"
EndProject
Project("{9A19103F-16F7-4668-BE54-9A1E7A4F7556}") = "NEsper.Avro.Tests", "tst\NEsper.Avro.Tests\NEsper.Avro.Tests.csproj", "{A785D18E-6EB6-4725-B40A-0057CD592292}"
EndProject
Project("{FAE04EC0-301F-11D3-BF4B-00C04F79EFBC}") = "NEsper.Compiler.Tests", "tst\NEsper.Compiler.Tests\NEsper.Compiler.Tests.csproj", "{0A298474-987A-4A93-B6E5-4CDEC1AF4D37}"
EndProject
Project("{9A19103F-16F7-4668-BE54-9A1E7A4F7556}") = "NEsper.Compat.Tests", "tst\NEsper.Compat.Tests\NEsper.Compat.Tests.csproj", "{928BAEEE-56D1-41A7-90E6-03E988F9C454}"
EndProject
Project("{9A19103F-16F7-4668-BE54-9A1E7A4F7556}") = "NEsper.Data.SQLServer", "src\NEsper.Data.SQLServer\NEsper.Data.SQLServer.csproj", "{A124B48C-71C7-4409-9FDE-FB73A66AA964}"
EndProject
Project("{9A19103F-16F7-4668-BE54-9A1E7A4F7556}") = "NEsper.Data.ODBC", "src\NEsper.Data.ODBC\NEsper.Data.ODBC.csproj", "{D3F42D31-A133-4DBD-8C9A-F4D4129350B9}"
EndProject
Project("{2150E333-8FDC-42A3-9474-1A3956D46DE8}") = "src", "src", "{3B7A1B30-8D5A-496B-A734-9B80EB3C5794}"
EndProject
Project("{2150E333-8FDC-42A3-9474-1A3956D46DE8}") = "tst", "tst", "{64E875A7-9654-43CF-87C3-FB3169CB7E20}"
EndProject
Project("{2150E333-8FDC-42A3-9474-1A3956D46DE8}") = "examples", "examples", "{41D78046-D558-4714-8BA5-3423331D817A}"
EndProject
Global
	GlobalSection(SolutionConfigurationPlatforms) = preSolution
		Debug|Any CPU = Debug|Any CPU
		Debug|x64 = Debug|x64
		Debug|x86 = Debug|x86
		Release|Any CPU = Release|Any CPU
		Release|x64 = Release|x64
		Release|x86 = Release|x86
	EndGlobalSection
	GlobalSection(ProjectConfigurationPlatforms) = postSolution
		{C3E171D1-9C94-4E1C-8763-0648AF65BE96}.Debug|Any CPU.ActiveCfg = Debug|Any CPU
		{C3E171D1-9C94-4E1C-8763-0648AF65BE96}.Debug|Any CPU.Build.0 = Debug|Any CPU
		{C3E171D1-9C94-4E1C-8763-0648AF65BE96}.Debug|x64.ActiveCfg = Debug|Any CPU
		{C3E171D1-9C94-4E1C-8763-0648AF65BE96}.Debug|x64.Build.0 = Debug|Any CPU
		{C3E171D1-9C94-4E1C-8763-0648AF65BE96}.Debug|x86.ActiveCfg = Debug|Any CPU
		{C3E171D1-9C94-4E1C-8763-0648AF65BE96}.Debug|x86.Build.0 = Debug|Any CPU
		{C3E171D1-9C94-4E1C-8763-0648AF65BE96}.Release|Any CPU.ActiveCfg = Release|Any CPU
		{C3E171D1-9C94-4E1C-8763-0648AF65BE96}.Release|Any CPU.Build.0 = Release|Any CPU
		{C3E171D1-9C94-4E1C-8763-0648AF65BE96}.Release|x64.ActiveCfg = Release|Any CPU
		{C3E171D1-9C94-4E1C-8763-0648AF65BE96}.Release|x64.Build.0 = Release|Any CPU
		{C3E171D1-9C94-4E1C-8763-0648AF65BE96}.Release|x86.ActiveCfg = Release|Any CPU
		{C3E171D1-9C94-4E1C-8763-0648AF65BE96}.Release|x86.Build.0 = Release|Any CPU
		{2D559181-5569-43E6-AB09-F5222FF54F62}.Debug|Any CPU.ActiveCfg = Debug|Any CPU
		{2D559181-5569-43E6-AB09-F5222FF54F62}.Debug|Any CPU.Build.0 = Debug|Any CPU
		{2D559181-5569-43E6-AB09-F5222FF54F62}.Debug|x64.ActiveCfg = Debug|Any CPU
		{2D559181-5569-43E6-AB09-F5222FF54F62}.Debug|x64.Build.0 = Debug|Any CPU
		{2D559181-5569-43E6-AB09-F5222FF54F62}.Debug|x86.ActiveCfg = Debug|Any CPU
		{2D559181-5569-43E6-AB09-F5222FF54F62}.Debug|x86.Build.0 = Debug|Any CPU
		{2D559181-5569-43E6-AB09-F5222FF54F62}.Release|Any CPU.ActiveCfg = Release|Any CPU
		{2D559181-5569-43E6-AB09-F5222FF54F62}.Release|Any CPU.Build.0 = Release|Any CPU
		{2D559181-5569-43E6-AB09-F5222FF54F62}.Release|x64.ActiveCfg = Release|Any CPU
		{2D559181-5569-43E6-AB09-F5222FF54F62}.Release|x64.Build.0 = Release|Any CPU
		{2D559181-5569-43E6-AB09-F5222FF54F62}.Release|x86.ActiveCfg = Release|Any CPU
		{2D559181-5569-43E6-AB09-F5222FF54F62}.Release|x86.Build.0 = Release|Any CPU
		{F9D5392C-0599-4DB4-B5D5-1A208009BD38}.Debug|Any CPU.ActiveCfg = Debug|Any CPU
		{F9D5392C-0599-4DB4-B5D5-1A208009BD38}.Debug|Any CPU.Build.0 = Debug|Any CPU
		{F9D5392C-0599-4DB4-B5D5-1A208009BD38}.Debug|x64.ActiveCfg = Debug|Any CPU
		{F9D5392C-0599-4DB4-B5D5-1A208009BD38}.Debug|x64.Build.0 = Debug|Any CPU
		{F9D5392C-0599-4DB4-B5D5-1A208009BD38}.Debug|x86.ActiveCfg = Debug|Any CPU
		{F9D5392C-0599-4DB4-B5D5-1A208009BD38}.Debug|x86.Build.0 = Debug|Any CPU
		{F9D5392C-0599-4DB4-B5D5-1A208009BD38}.Release|Any CPU.ActiveCfg = Release|Any CPU
		{F9D5392C-0599-4DB4-B5D5-1A208009BD38}.Release|Any CPU.Build.0 = Release|Any CPU
		{F9D5392C-0599-4DB4-B5D5-1A208009BD38}.Release|x64.ActiveCfg = Release|Any CPU
		{F9D5392C-0599-4DB4-B5D5-1A208009BD38}.Release|x64.Build.0 = Release|Any CPU
		{F9D5392C-0599-4DB4-B5D5-1A208009BD38}.Release|x86.ActiveCfg = Release|Any CPU
		{F9D5392C-0599-4DB4-B5D5-1A208009BD38}.Release|x86.Build.0 = Release|Any CPU
		{FF8FF86D-EEA2-462B-8776-F3C7C0A97C5C}.Debug|Any CPU.ActiveCfg = Debug|Any CPU
		{FF8FF86D-EEA2-462B-8776-F3C7C0A97C5C}.Debug|Any CPU.Build.0 = Debug|Any CPU
		{FF8FF86D-EEA2-462B-8776-F3C7C0A97C5C}.Debug|x64.ActiveCfg = Debug|Any CPU
		{FF8FF86D-EEA2-462B-8776-F3C7C0A97C5C}.Debug|x64.Build.0 = Debug|Any CPU
		{FF8FF86D-EEA2-462B-8776-F3C7C0A97C5C}.Debug|x86.ActiveCfg = Debug|Any CPU
		{FF8FF86D-EEA2-462B-8776-F3C7C0A97C5C}.Debug|x86.Build.0 = Debug|Any CPU
		{FF8FF86D-EEA2-462B-8776-F3C7C0A97C5C}.Release|Any CPU.ActiveCfg = Release|Any CPU
		{FF8FF86D-EEA2-462B-8776-F3C7C0A97C5C}.Release|Any CPU.Build.0 = Release|Any CPU
		{FF8FF86D-EEA2-462B-8776-F3C7C0A97C5C}.Release|x64.ActiveCfg = Release|Any CPU
		{FF8FF86D-EEA2-462B-8776-F3C7C0A97C5C}.Release|x64.Build.0 = Release|Any CPU
		{FF8FF86D-EEA2-462B-8776-F3C7C0A97C5C}.Release|x86.ActiveCfg = Release|Any CPU
		{FF8FF86D-EEA2-462B-8776-F3C7C0A97C5C}.Release|x86.Build.0 = Release|Any CPU
		{59B2D0BF-BC55-4BCB-A6E0-988829498436}.Debug|Any CPU.ActiveCfg = Debug|Any CPU
		{59B2D0BF-BC55-4BCB-A6E0-988829498436}.Debug|Any CPU.Build.0 = Debug|Any CPU
		{59B2D0BF-BC55-4BCB-A6E0-988829498436}.Debug|x64.ActiveCfg = Debug|Any CPU
		{59B2D0BF-BC55-4BCB-A6E0-988829498436}.Debug|x64.Build.0 = Debug|Any CPU
		{59B2D0BF-BC55-4BCB-A6E0-988829498436}.Debug|x86.ActiveCfg = Debug|Any CPU
		{59B2D0BF-BC55-4BCB-A6E0-988829498436}.Debug|x86.Build.0 = Debug|Any CPU
		{59B2D0BF-BC55-4BCB-A6E0-988829498436}.Release|Any CPU.ActiveCfg = Release|Any CPU
		{59B2D0BF-BC55-4BCB-A6E0-988829498436}.Release|Any CPU.Build.0 = Release|Any CPU
		{59B2D0BF-BC55-4BCB-A6E0-988829498436}.Release|x64.ActiveCfg = Release|Any CPU
		{59B2D0BF-BC55-4BCB-A6E0-988829498436}.Release|x64.Build.0 = Release|Any CPU
		{59B2D0BF-BC55-4BCB-A6E0-988829498436}.Release|x86.ActiveCfg = Release|Any CPU
		{59B2D0BF-BC55-4BCB-A6E0-988829498436}.Release|x86.Build.0 = Release|Any CPU
		{FE7042F3-39FE-4EB9-A23A-FCDA15CA9B58}.Debug|Any CPU.ActiveCfg = Debug|Any CPU
		{FE7042F3-39FE-4EB9-A23A-FCDA15CA9B58}.Debug|Any CPU.Build.0 = Debug|Any CPU
		{FE7042F3-39FE-4EB9-A23A-FCDA15CA9B58}.Debug|x64.ActiveCfg = Debug|Any CPU
		{FE7042F3-39FE-4EB9-A23A-FCDA15CA9B58}.Debug|x64.Build.0 = Debug|Any CPU
		{FE7042F3-39FE-4EB9-A23A-FCDA15CA9B58}.Debug|x86.ActiveCfg = Debug|Any CPU
		{FE7042F3-39FE-4EB9-A23A-FCDA15CA9B58}.Debug|x86.Build.0 = Debug|Any CPU
		{FE7042F3-39FE-4EB9-A23A-FCDA15CA9B58}.Release|Any CPU.ActiveCfg = Release|Any CPU
		{FE7042F3-39FE-4EB9-A23A-FCDA15CA9B58}.Release|Any CPU.Build.0 = Release|Any CPU
		{FE7042F3-39FE-4EB9-A23A-FCDA15CA9B58}.Release|x64.ActiveCfg = Release|Any CPU
		{FE7042F3-39FE-4EB9-A23A-FCDA15CA9B58}.Release|x64.Build.0 = Release|Any CPU
		{FE7042F3-39FE-4EB9-A23A-FCDA15CA9B58}.Release|x86.ActiveCfg = Release|Any CPU
		{FE7042F3-39FE-4EB9-A23A-FCDA15CA9B58}.Release|x86.Build.0 = Release|Any CPU
		{CD027F12-1979-42B4-82F3-283A21DAA155}.Debug|Any CPU.ActiveCfg = Debug|Any CPU
		{CD027F12-1979-42B4-82F3-283A21DAA155}.Debug|Any CPU.Build.0 = Debug|Any CPU
		{CD027F12-1979-42B4-82F3-283A21DAA155}.Debug|x64.ActiveCfg = Debug|Any CPU
		{CD027F12-1979-42B4-82F3-283A21DAA155}.Debug|x64.Build.0 = Debug|Any CPU
		{CD027F12-1979-42B4-82F3-283A21DAA155}.Debug|x86.ActiveCfg = Debug|Any CPU
		{CD027F12-1979-42B4-82F3-283A21DAA155}.Debug|x86.Build.0 = Debug|Any CPU
		{CD027F12-1979-42B4-82F3-283A21DAA155}.Release|Any CPU.ActiveCfg = Release|Any CPU
		{CD027F12-1979-42B4-82F3-283A21DAA155}.Release|Any CPU.Build.0 = Release|Any CPU
		{CD027F12-1979-42B4-82F3-283A21DAA155}.Release|x64.ActiveCfg = Release|Any CPU
		{CD027F12-1979-42B4-82F3-283A21DAA155}.Release|x64.Build.0 = Release|Any CPU
		{CD027F12-1979-42B4-82F3-283A21DAA155}.Release|x86.ActiveCfg = Release|Any CPU
		{CD027F12-1979-42B4-82F3-283A21DAA155}.Release|x86.Build.0 = Release|Any CPU
		{FF6C416D-25E3-461E-9403-A8E92F742509}.Debug|Any CPU.ActiveCfg = Debug|Any CPU
		{FF6C416D-25E3-461E-9403-A8E92F742509}.Debug|Any CPU.Build.0 = Debug|Any CPU
		{FF6C416D-25E3-461E-9403-A8E92F742509}.Debug|x64.ActiveCfg = Debug|Any CPU
		{FF6C416D-25E3-461E-9403-A8E92F742509}.Debug|x64.Build.0 = Debug|Any CPU
		{FF6C416D-25E3-461E-9403-A8E92F742509}.Debug|x86.ActiveCfg = Debug|Any CPU
		{FF6C416D-25E3-461E-9403-A8E92F742509}.Debug|x86.Build.0 = Debug|Any CPU
		{FF6C416D-25E3-461E-9403-A8E92F742509}.Release|Any CPU.ActiveCfg = Release|Any CPU
		{FF6C416D-25E3-461E-9403-A8E92F742509}.Release|Any CPU.Build.0 = Release|Any CPU
		{FF6C416D-25E3-461E-9403-A8E92F742509}.Release|x64.ActiveCfg = Release|Any CPU
		{FF6C416D-25E3-461E-9403-A8E92F742509}.Release|x64.Build.0 = Release|Any CPU
		{FF6C416D-25E3-461E-9403-A8E92F742509}.Release|x86.ActiveCfg = Release|Any CPU
		{FF6C416D-25E3-461E-9403-A8E92F742509}.Release|x86.Build.0 = Release|Any CPU
		{C5922011-85E2-4999-846B-4B837AD0F70F}.Debug|Any CPU.ActiveCfg = Debug|Any CPU
		{C5922011-85E2-4999-846B-4B837AD0F70F}.Debug|Any CPU.Build.0 = Debug|Any CPU
		{C5922011-85E2-4999-846B-4B837AD0F70F}.Debug|x64.ActiveCfg = Debug|Any CPU
		{C5922011-85E2-4999-846B-4B837AD0F70F}.Debug|x64.Build.0 = Debug|Any CPU
		{C5922011-85E2-4999-846B-4B837AD0F70F}.Debug|x86.ActiveCfg = Debug|Any CPU
		{C5922011-85E2-4999-846B-4B837AD0F70F}.Debug|x86.Build.0 = Debug|Any CPU
		{C5922011-85E2-4999-846B-4B837AD0F70F}.Release|Any CPU.ActiveCfg = Release|Any CPU
		{C5922011-85E2-4999-846B-4B837AD0F70F}.Release|Any CPU.Build.0 = Release|Any CPU
		{C5922011-85E2-4999-846B-4B837AD0F70F}.Release|x64.ActiveCfg = Release|Any CPU
		{C5922011-85E2-4999-846B-4B837AD0F70F}.Release|x64.Build.0 = Release|Any CPU
		{C5922011-85E2-4999-846B-4B837AD0F70F}.Release|x86.ActiveCfg = Release|Any CPU
		{C5922011-85E2-4999-846B-4B837AD0F70F}.Release|x86.Build.0 = Release|Any CPU
		{FCAD825D-07E0-48AC-843C-FB21F15B3C89}.Debug|Any CPU.ActiveCfg = Debug|Any CPU
		{FCAD825D-07E0-48AC-843C-FB21F15B3C89}.Debug|Any CPU.Build.0 = Debug|Any CPU
		{FCAD825D-07E0-48AC-843C-FB21F15B3C89}.Debug|x64.ActiveCfg = Debug|Any CPU
		{FCAD825D-07E0-48AC-843C-FB21F15B3C89}.Debug|x64.Build.0 = Debug|Any CPU
		{FCAD825D-07E0-48AC-843C-FB21F15B3C89}.Debug|x86.ActiveCfg = Debug|Any CPU
		{FCAD825D-07E0-48AC-843C-FB21F15B3C89}.Debug|x86.Build.0 = Debug|Any CPU
		{FCAD825D-07E0-48AC-843C-FB21F15B3C89}.Release|Any CPU.ActiveCfg = Release|Any CPU
		{FCAD825D-07E0-48AC-843C-FB21F15B3C89}.Release|Any CPU.Build.0 = Release|Any CPU
		{FCAD825D-07E0-48AC-843C-FB21F15B3C89}.Release|x64.ActiveCfg = Release|Any CPU
		{FCAD825D-07E0-48AC-843C-FB21F15B3C89}.Release|x64.Build.0 = Release|Any CPU
		{FCAD825D-07E0-48AC-843C-FB21F15B3C89}.Release|x86.ActiveCfg = Release|Any CPU
		{FCAD825D-07E0-48AC-843C-FB21F15B3C89}.Release|x86.Build.0 = Release|Any CPU
		{0360EA85-7290-4AFF-BFB0-B7FDE6806D93}.Debug|Any CPU.ActiveCfg = Debug|Any CPU
		{0360EA85-7290-4AFF-BFB0-B7FDE6806D93}.Debug|Any CPU.Build.0 = Debug|Any CPU
		{0360EA85-7290-4AFF-BFB0-B7FDE6806D93}.Debug|x64.ActiveCfg = Debug|Any CPU
		{0360EA85-7290-4AFF-BFB0-B7FDE6806D93}.Debug|x64.Build.0 = Debug|Any CPU
		{0360EA85-7290-4AFF-BFB0-B7FDE6806D93}.Debug|x86.ActiveCfg = Debug|Any CPU
		{0360EA85-7290-4AFF-BFB0-B7FDE6806D93}.Debug|x86.Build.0 = Debug|Any CPU
		{0360EA85-7290-4AFF-BFB0-B7FDE6806D93}.Release|Any CPU.ActiveCfg = Release|Any CPU
		{0360EA85-7290-4AFF-BFB0-B7FDE6806D93}.Release|Any CPU.Build.0 = Release|Any CPU
		{0360EA85-7290-4AFF-BFB0-B7FDE6806D93}.Release|x64.ActiveCfg = Release|Any CPU
		{0360EA85-7290-4AFF-BFB0-B7FDE6806D93}.Release|x64.Build.0 = Release|Any CPU
		{0360EA85-7290-4AFF-BFB0-B7FDE6806D93}.Release|x86.ActiveCfg = Release|Any CPU
		{0360EA85-7290-4AFF-BFB0-B7FDE6806D93}.Release|x86.Build.0 = Release|Any CPU
		{B43A16FE-816B-4A1F-A09E-2167E1BDABC0}.Debug|Any CPU.ActiveCfg = Debug|Any CPU
		{B43A16FE-816B-4A1F-A09E-2167E1BDABC0}.Debug|Any CPU.Build.0 = Debug|Any CPU
		{B43A16FE-816B-4A1F-A09E-2167E1BDABC0}.Debug|x64.ActiveCfg = Debug|Any CPU
		{B43A16FE-816B-4A1F-A09E-2167E1BDABC0}.Debug|x64.Build.0 = Debug|Any CPU
		{B43A16FE-816B-4A1F-A09E-2167E1BDABC0}.Debug|x86.ActiveCfg = Debug|Any CPU
		{B43A16FE-816B-4A1F-A09E-2167E1BDABC0}.Debug|x86.Build.0 = Debug|Any CPU
		{B43A16FE-816B-4A1F-A09E-2167E1BDABC0}.Release|Any CPU.ActiveCfg = Release|Any CPU
		{B43A16FE-816B-4A1F-A09E-2167E1BDABC0}.Release|Any CPU.Build.0 = Release|Any CPU
		{B43A16FE-816B-4A1F-A09E-2167E1BDABC0}.Release|x64.ActiveCfg = Release|Any CPU
		{B43A16FE-816B-4A1F-A09E-2167E1BDABC0}.Release|x64.Build.0 = Release|Any CPU
		{B43A16FE-816B-4A1F-A09E-2167E1BDABC0}.Release|x86.ActiveCfg = Release|Any CPU
		{B43A16FE-816B-4A1F-A09E-2167E1BDABC0}.Release|x86.Build.0 = Release|Any CPU
		{043DF7C0-C6F7-4059-A5FD-2BA0F27CF2BE}.Debug|Any CPU.ActiveCfg = Debug|Any CPU
		{043DF7C0-C6F7-4059-A5FD-2BA0F27CF2BE}.Debug|Any CPU.Build.0 = Debug|Any CPU
		{043DF7C0-C6F7-4059-A5FD-2BA0F27CF2BE}.Debug|x64.ActiveCfg = Debug|Any CPU
		{043DF7C0-C6F7-4059-A5FD-2BA0F27CF2BE}.Debug|x64.Build.0 = Debug|Any CPU
		{043DF7C0-C6F7-4059-A5FD-2BA0F27CF2BE}.Debug|x86.ActiveCfg = Debug|Any CPU
		{043DF7C0-C6F7-4059-A5FD-2BA0F27CF2BE}.Debug|x86.Build.0 = Debug|Any CPU
		{043DF7C0-C6F7-4059-A5FD-2BA0F27CF2BE}.Release|Any CPU.ActiveCfg = Release|Any CPU
		{043DF7C0-C6F7-4059-A5FD-2BA0F27CF2BE}.Release|Any CPU.Build.0 = Release|Any CPU
		{043DF7C0-C6F7-4059-A5FD-2BA0F27CF2BE}.Release|x64.ActiveCfg = Release|Any CPU
		{043DF7C0-C6F7-4059-A5FD-2BA0F27CF2BE}.Release|x64.Build.0 = Release|Any CPU
		{043DF7C0-C6F7-4059-A5FD-2BA0F27CF2BE}.Release|x86.ActiveCfg = Release|Any CPU
		{043DF7C0-C6F7-4059-A5FD-2BA0F27CF2BE}.Release|x86.Build.0 = Release|Any CPU
		{8A88FE1B-407B-48D8-A74D-C672CC0B1DBB}.Debug|Any CPU.ActiveCfg = Debug|Any CPU
		{8A88FE1B-407B-48D8-A74D-C672CC0B1DBB}.Debug|Any CPU.Build.0 = Debug|Any CPU
		{8A88FE1B-407B-48D8-A74D-C672CC0B1DBB}.Debug|x64.ActiveCfg = Debug|Any CPU
		{8A88FE1B-407B-48D8-A74D-C672CC0B1DBB}.Debug|x64.Build.0 = Debug|Any CPU
		{8A88FE1B-407B-48D8-A74D-C672CC0B1DBB}.Debug|x86.ActiveCfg = Debug|Any CPU
		{8A88FE1B-407B-48D8-A74D-C672CC0B1DBB}.Debug|x86.Build.0 = Debug|Any CPU
		{8A88FE1B-407B-48D8-A74D-C672CC0B1DBB}.Release|Any CPU.ActiveCfg = Release|Any CPU
		{8A88FE1B-407B-48D8-A74D-C672CC0B1DBB}.Release|Any CPU.Build.0 = Release|Any CPU
		{8A88FE1B-407B-48D8-A74D-C672CC0B1DBB}.Release|x64.ActiveCfg = Release|Any CPU
		{8A88FE1B-407B-48D8-A74D-C672CC0B1DBB}.Release|x64.Build.0 = Release|Any CPU
		{8A88FE1B-407B-48D8-A74D-C672CC0B1DBB}.Release|x86.ActiveCfg = Release|Any CPU
		{8A88FE1B-407B-48D8-A74D-C672CC0B1DBB}.Release|x86.Build.0 = Release|Any CPU
		{E1F9306E-7906-4717-872B-0E5820ED1240}.Debug|Any CPU.ActiveCfg = Debug|Any CPU
		{E1F9306E-7906-4717-872B-0E5820ED1240}.Debug|Any CPU.Build.0 = Debug|Any CPU
		{E1F9306E-7906-4717-872B-0E5820ED1240}.Debug|x64.ActiveCfg = Debug|Any CPU
		{E1F9306E-7906-4717-872B-0E5820ED1240}.Debug|x64.Build.0 = Debug|Any CPU
		{E1F9306E-7906-4717-872B-0E5820ED1240}.Debug|x86.ActiveCfg = Debug|Any CPU
		{E1F9306E-7906-4717-872B-0E5820ED1240}.Debug|x86.Build.0 = Debug|Any CPU
		{E1F9306E-7906-4717-872B-0E5820ED1240}.Release|Any CPU.ActiveCfg = Release|Any CPU
		{E1F9306E-7906-4717-872B-0E5820ED1240}.Release|Any CPU.Build.0 = Release|Any CPU
		{E1F9306E-7906-4717-872B-0E5820ED1240}.Release|x64.ActiveCfg = Release|Any CPU
		{E1F9306E-7906-4717-872B-0E5820ED1240}.Release|x64.Build.0 = Release|Any CPU
		{E1F9306E-7906-4717-872B-0E5820ED1240}.Release|x86.ActiveCfg = Release|Any CPU
		{E1F9306E-7906-4717-872B-0E5820ED1240}.Release|x86.Build.0 = Release|Any CPU
		{A0876FCB-3F88-4E61-A06B-68C69EFBBFA0}.Debug|Any CPU.ActiveCfg = Debug|Any CPU
		{A0876FCB-3F88-4E61-A06B-68C69EFBBFA0}.Debug|Any CPU.Build.0 = Debug|Any CPU
		{A0876FCB-3F88-4E61-A06B-68C69EFBBFA0}.Debug|x64.ActiveCfg = Debug|Any CPU
		{A0876FCB-3F88-4E61-A06B-68C69EFBBFA0}.Debug|x64.Build.0 = Debug|Any CPU
		{A0876FCB-3F88-4E61-A06B-68C69EFBBFA0}.Debug|x86.ActiveCfg = Debug|Any CPU
		{A0876FCB-3F88-4E61-A06B-68C69EFBBFA0}.Debug|x86.Build.0 = Debug|Any CPU
		{A0876FCB-3F88-4E61-A06B-68C69EFBBFA0}.Release|Any CPU.ActiveCfg = Release|Any CPU
		{A0876FCB-3F88-4E61-A06B-68C69EFBBFA0}.Release|Any CPU.Build.0 = Release|Any CPU
		{A0876FCB-3F88-4E61-A06B-68C69EFBBFA0}.Release|x64.ActiveCfg = Release|Any CPU
		{A0876FCB-3F88-4E61-A06B-68C69EFBBFA0}.Release|x64.Build.0 = Release|Any CPU
		{A0876FCB-3F88-4E61-A06B-68C69EFBBFA0}.Release|x86.ActiveCfg = Release|Any CPU
		{A0876FCB-3F88-4E61-A06B-68C69EFBBFA0}.Release|x86.Build.0 = Release|Any CPU
		{29527075-A890-40C7-820F-30A569EF3F84}.Debug|Any CPU.ActiveCfg = Debug|Any CPU
		{29527075-A890-40C7-820F-30A569EF3F84}.Debug|Any CPU.Build.0 = Debug|Any CPU
		{29527075-A890-40C7-820F-30A569EF3F84}.Debug|x64.ActiveCfg = Debug|Any CPU
		{29527075-A890-40C7-820F-30A569EF3F84}.Debug|x64.Build.0 = Debug|Any CPU
		{29527075-A890-40C7-820F-30A569EF3F84}.Debug|x86.ActiveCfg = Debug|Any CPU
		{29527075-A890-40C7-820F-30A569EF3F84}.Debug|x86.Build.0 = Debug|Any CPU
		{29527075-A890-40C7-820F-30A569EF3F84}.Release|Any CPU.ActiveCfg = Release|Any CPU
		{29527075-A890-40C7-820F-30A569EF3F84}.Release|Any CPU.Build.0 = Release|Any CPU
		{29527075-A890-40C7-820F-30A569EF3F84}.Release|x64.ActiveCfg = Release|Any CPU
		{29527075-A890-40C7-820F-30A569EF3F84}.Release|x64.Build.0 = Release|Any CPU
		{29527075-A890-40C7-820F-30A569EF3F84}.Release|x86.ActiveCfg = Release|Any CPU
		{29527075-A890-40C7-820F-30A569EF3F84}.Release|x86.Build.0 = Release|Any CPU
		{86E39638-F5CC-42B9-BF4B-0FA1E89DF314}.Debug|Any CPU.ActiveCfg = Debug|Any CPU
		{86E39638-F5CC-42B9-BF4B-0FA1E89DF314}.Debug|Any CPU.Build.0 = Debug|Any CPU
		{86E39638-F5CC-42B9-BF4B-0FA1E89DF314}.Debug|x64.ActiveCfg = Debug|Any CPU
		{86E39638-F5CC-42B9-BF4B-0FA1E89DF314}.Debug|x64.Build.0 = Debug|Any CPU
		{86E39638-F5CC-42B9-BF4B-0FA1E89DF314}.Debug|x86.ActiveCfg = Debug|Any CPU
		{86E39638-F5CC-42B9-BF4B-0FA1E89DF314}.Debug|x86.Build.0 = Debug|Any CPU
		{86E39638-F5CC-42B9-BF4B-0FA1E89DF314}.Release|Any CPU.ActiveCfg = Release|Any CPU
		{86E39638-F5CC-42B9-BF4B-0FA1E89DF314}.Release|Any CPU.Build.0 = Release|Any CPU
		{86E39638-F5CC-42B9-BF4B-0FA1E89DF314}.Release|x64.ActiveCfg = Release|Any CPU
		{86E39638-F5CC-42B9-BF4B-0FA1E89DF314}.Release|x64.Build.0 = Release|Any CPU
		{86E39638-F5CC-42B9-BF4B-0FA1E89DF314}.Release|x86.ActiveCfg = Release|Any CPU
		{86E39638-F5CC-42B9-BF4B-0FA1E89DF314}.Release|x86.Build.0 = Release|Any CPU
		{D70E4C0A-5891-4E11-BEDC-F41F6F825414}.Debug|Any CPU.ActiveCfg = Debug|Any CPU
		{D70E4C0A-5891-4E11-BEDC-F41F6F825414}.Debug|Any CPU.Build.0 = Debug|Any CPU
		{D70E4C0A-5891-4E11-BEDC-F41F6F825414}.Debug|x64.ActiveCfg = Debug|Any CPU
		{D70E4C0A-5891-4E11-BEDC-F41F6F825414}.Debug|x64.Build.0 = Debug|Any CPU
		{D70E4C0A-5891-4E11-BEDC-F41F6F825414}.Debug|x86.ActiveCfg = Debug|Any CPU
		{D70E4C0A-5891-4E11-BEDC-F41F6F825414}.Debug|x86.Build.0 = Debug|Any CPU
		{D70E4C0A-5891-4E11-BEDC-F41F6F825414}.Release|Any CPU.ActiveCfg = Release|Any CPU
		{D70E4C0A-5891-4E11-BEDC-F41F6F825414}.Release|Any CPU.Build.0 = Release|Any CPU
		{D70E4C0A-5891-4E11-BEDC-F41F6F825414}.Release|x64.ActiveCfg = Release|Any CPU
		{D70E4C0A-5891-4E11-BEDC-F41F6F825414}.Release|x64.Build.0 = Release|Any CPU
		{D70E4C0A-5891-4E11-BEDC-F41F6F825414}.Release|x86.ActiveCfg = Release|Any CPU
		{D70E4C0A-5891-4E11-BEDC-F41F6F825414}.Release|x86.Build.0 = Release|Any CPU
		{61BDAA8D-99FC-441A-94B1-86DE4BCD374E}.Debug|Any CPU.ActiveCfg = Debug|Any CPU
		{61BDAA8D-99FC-441A-94B1-86DE4BCD374E}.Debug|Any CPU.Build.0 = Debug|Any CPU
		{61BDAA8D-99FC-441A-94B1-86DE4BCD374E}.Debug|x64.ActiveCfg = Debug|Any CPU
		{61BDAA8D-99FC-441A-94B1-86DE4BCD374E}.Debug|x64.Build.0 = Debug|Any CPU
		{61BDAA8D-99FC-441A-94B1-86DE4BCD374E}.Debug|x86.ActiveCfg = Debug|Any CPU
		{61BDAA8D-99FC-441A-94B1-86DE4BCD374E}.Debug|x86.Build.0 = Debug|Any CPU
		{61BDAA8D-99FC-441A-94B1-86DE4BCD374E}.Release|Any CPU.ActiveCfg = Release|Any CPU
		{61BDAA8D-99FC-441A-94B1-86DE4BCD374E}.Release|Any CPU.Build.0 = Release|Any CPU
		{61BDAA8D-99FC-441A-94B1-86DE4BCD374E}.Release|x64.ActiveCfg = Release|Any CPU
		{61BDAA8D-99FC-441A-94B1-86DE4BCD374E}.Release|x64.Build.0 = Release|Any CPU
		{61BDAA8D-99FC-441A-94B1-86DE4BCD374E}.Release|x86.ActiveCfg = Release|Any CPU
		{61BDAA8D-99FC-441A-94B1-86DE4BCD374E}.Release|x86.Build.0 = Release|Any CPU
		{C4ABCF62-0C67-470F-80D7-A18A2F999222}.Debug|Any CPU.ActiveCfg = Debug|Any CPU
		{C4ABCF62-0C67-470F-80D7-A18A2F999222}.Debug|Any CPU.Build.0 = Debug|Any CPU
		{C4ABCF62-0C67-470F-80D7-A18A2F999222}.Debug|x64.ActiveCfg = Debug|Any CPU
		{C4ABCF62-0C67-470F-80D7-A18A2F999222}.Debug|x64.Build.0 = Debug|Any CPU
		{C4ABCF62-0C67-470F-80D7-A18A2F999222}.Debug|x86.ActiveCfg = Debug|Any CPU
		{C4ABCF62-0C67-470F-80D7-A18A2F999222}.Debug|x86.Build.0 = Debug|Any CPU
		{C4ABCF62-0C67-470F-80D7-A18A2F999222}.Release|Any CPU.ActiveCfg = Release|Any CPU
		{C4ABCF62-0C67-470F-80D7-A18A2F999222}.Release|Any CPU.Build.0 = Release|Any CPU
		{C4ABCF62-0C67-470F-80D7-A18A2F999222}.Release|x64.ActiveCfg = Release|Any CPU
		{C4ABCF62-0C67-470F-80D7-A18A2F999222}.Release|x64.Build.0 = Release|Any CPU
		{C4ABCF62-0C67-470F-80D7-A18A2F999222}.Release|x86.ActiveCfg = Release|Any CPU
		{C4ABCF62-0C67-470F-80D7-A18A2F999222}.Release|x86.Build.0 = Release|Any CPU
		{5A3DBB09-C245-40C8-BBFF-8897CB9B4DF6}.Debug|Any CPU.ActiveCfg = Debug|Any CPU
		{5A3DBB09-C245-40C8-BBFF-8897CB9B4DF6}.Debug|Any CPU.Build.0 = Debug|Any CPU
		{5A3DBB09-C245-40C8-BBFF-8897CB9B4DF6}.Debug|x64.ActiveCfg = Debug|Any CPU
		{5A3DBB09-C245-40C8-BBFF-8897CB9B4DF6}.Debug|x64.Build.0 = Debug|Any CPU
		{5A3DBB09-C245-40C8-BBFF-8897CB9B4DF6}.Debug|x86.ActiveCfg = Debug|Any CPU
		{5A3DBB09-C245-40C8-BBFF-8897CB9B4DF6}.Debug|x86.Build.0 = Debug|Any CPU
		{5A3DBB09-C245-40C8-BBFF-8897CB9B4DF6}.Release|Any CPU.ActiveCfg = Release|Any CPU
		{5A3DBB09-C245-40C8-BBFF-8897CB9B4DF6}.Release|Any CPU.Build.0 = Release|Any CPU
		{5A3DBB09-C245-40C8-BBFF-8897CB9B4DF6}.Release|x64.ActiveCfg = Release|Any CPU
		{5A3DBB09-C245-40C8-BBFF-8897CB9B4DF6}.Release|x64.Build.0 = Release|Any CPU
		{5A3DBB09-C245-40C8-BBFF-8897CB9B4DF6}.Release|x86.ActiveCfg = Release|Any CPU
		{5A3DBB09-C245-40C8-BBFF-8897CB9B4DF6}.Release|x86.Build.0 = Release|Any CPU
		{F6A4E61E-EA29-45DA-A0C9-7001241653E3}.Debug|Any CPU.ActiveCfg = Debug|Any CPU
		{F6A4E61E-EA29-45DA-A0C9-7001241653E3}.Debug|Any CPU.Build.0 = Debug|Any CPU
		{F6A4E61E-EA29-45DA-A0C9-7001241653E3}.Debug|x64.ActiveCfg = Debug|Any CPU
		{F6A4E61E-EA29-45DA-A0C9-7001241653E3}.Debug|x64.Build.0 = Debug|Any CPU
		{F6A4E61E-EA29-45DA-A0C9-7001241653E3}.Debug|x86.ActiveCfg = Debug|Any CPU
		{F6A4E61E-EA29-45DA-A0C9-7001241653E3}.Debug|x86.Build.0 = Debug|Any CPU
		{F6A4E61E-EA29-45DA-A0C9-7001241653E3}.Release|Any CPU.ActiveCfg = Release|Any CPU
		{F6A4E61E-EA29-45DA-A0C9-7001241653E3}.Release|Any CPU.Build.0 = Release|Any CPU
		{F6A4E61E-EA29-45DA-A0C9-7001241653E3}.Release|x64.ActiveCfg = Release|Any CPU
		{F6A4E61E-EA29-45DA-A0C9-7001241653E3}.Release|x64.Build.0 = Release|Any CPU
		{F6A4E61E-EA29-45DA-A0C9-7001241653E3}.Release|x86.ActiveCfg = Release|Any CPU
		{F6A4E61E-EA29-45DA-A0C9-7001241653E3}.Release|x86.Build.0 = Release|Any CPU
		{E31087D7-9090-4CDE-B9BA-F61B6B32B7F5}.Debug|Any CPU.ActiveCfg = Debug|Any CPU
		{E31087D7-9090-4CDE-B9BA-F61B6B32B7F5}.Debug|Any CPU.Build.0 = Debug|Any CPU
		{E31087D7-9090-4CDE-B9BA-F61B6B32B7F5}.Debug|x64.ActiveCfg = Debug|Any CPU
		{E31087D7-9090-4CDE-B9BA-F61B6B32B7F5}.Debug|x64.Build.0 = Debug|Any CPU
		{E31087D7-9090-4CDE-B9BA-F61B6B32B7F5}.Debug|x86.ActiveCfg = Debug|Any CPU
		{E31087D7-9090-4CDE-B9BA-F61B6B32B7F5}.Debug|x86.Build.0 = Debug|Any CPU
		{E31087D7-9090-4CDE-B9BA-F61B6B32B7F5}.Release|Any CPU.ActiveCfg = Release|Any CPU
		{E31087D7-9090-4CDE-B9BA-F61B6B32B7F5}.Release|Any CPU.Build.0 = Release|Any CPU
		{E31087D7-9090-4CDE-B9BA-F61B6B32B7F5}.Release|x64.ActiveCfg = Release|Any CPU
		{E31087D7-9090-4CDE-B9BA-F61B6B32B7F5}.Release|x64.Build.0 = Release|Any CPU
		{E31087D7-9090-4CDE-B9BA-F61B6B32B7F5}.Release|x86.ActiveCfg = Release|Any CPU
		{E31087D7-9090-4CDE-B9BA-F61B6B32B7F5}.Release|x86.Build.0 = Release|Any CPU
		{5BBE7B3C-ECF9-4737-8F39-E6AACF9CDAB1}.Debug|Any CPU.ActiveCfg = Debug|Any CPU
		{5BBE7B3C-ECF9-4737-8F39-E6AACF9CDAB1}.Debug|Any CPU.Build.0 = Debug|Any CPU
		{5BBE7B3C-ECF9-4737-8F39-E6AACF9CDAB1}.Debug|x64.ActiveCfg = Debug|Any CPU
		{5BBE7B3C-ECF9-4737-8F39-E6AACF9CDAB1}.Debug|x64.Build.0 = Debug|Any CPU
		{5BBE7B3C-ECF9-4737-8F39-E6AACF9CDAB1}.Debug|x86.ActiveCfg = Debug|Any CPU
		{5BBE7B3C-ECF9-4737-8F39-E6AACF9CDAB1}.Debug|x86.Build.0 = Debug|Any CPU
		{5BBE7B3C-ECF9-4737-8F39-E6AACF9CDAB1}.Release|Any CPU.ActiveCfg = Release|Any CPU
		{5BBE7B3C-ECF9-4737-8F39-E6AACF9CDAB1}.Release|Any CPU.Build.0 = Release|Any CPU
		{5BBE7B3C-ECF9-4737-8F39-E6AACF9CDAB1}.Release|x64.ActiveCfg = Release|Any CPU
		{5BBE7B3C-ECF9-4737-8F39-E6AACF9CDAB1}.Release|x64.Build.0 = Release|Any CPU
		{5BBE7B3C-ECF9-4737-8F39-E6AACF9CDAB1}.Release|x86.ActiveCfg = Release|Any CPU
		{5BBE7B3C-ECF9-4737-8F39-E6AACF9CDAB1}.Release|x86.Build.0 = Release|Any CPU
		{649B23B5-48D4-492C-9AAF-EA6B31C0F9A3}.Debug|Any CPU.ActiveCfg = Debug|Any CPU
		{649B23B5-48D4-492C-9AAF-EA6B31C0F9A3}.Debug|Any CPU.Build.0 = Debug|Any CPU
		{649B23B5-48D4-492C-9AAF-EA6B31C0F9A3}.Debug|x64.ActiveCfg = Debug|Any CPU
		{649B23B5-48D4-492C-9AAF-EA6B31C0F9A3}.Debug|x64.Build.0 = Debug|Any CPU
		{649B23B5-48D4-492C-9AAF-EA6B31C0F9A3}.Debug|x86.ActiveCfg = Debug|Any CPU
		{649B23B5-48D4-492C-9AAF-EA6B31C0F9A3}.Debug|x86.Build.0 = Debug|Any CPU
		{649B23B5-48D4-492C-9AAF-EA6B31C0F9A3}.Release|Any CPU.ActiveCfg = Release|Any CPU
		{649B23B5-48D4-492C-9AAF-EA6B31C0F9A3}.Release|Any CPU.Build.0 = Release|Any CPU
		{649B23B5-48D4-492C-9AAF-EA6B31C0F9A3}.Release|x64.ActiveCfg = Release|Any CPU
		{649B23B5-48D4-492C-9AAF-EA6B31C0F9A3}.Release|x64.Build.0 = Release|Any CPU
		{649B23B5-48D4-492C-9AAF-EA6B31C0F9A3}.Release|x86.ActiveCfg = Release|Any CPU
		{649B23B5-48D4-492C-9AAF-EA6B31C0F9A3}.Release|x86.Build.0 = Release|Any CPU
		{D4F12936-297B-4ED4-947D-BA7E091C3A00}.Debug|Any CPU.ActiveCfg = Debug|Any CPU
		{D4F12936-297B-4ED4-947D-BA7E091C3A00}.Debug|Any CPU.Build.0 = Debug|Any CPU
		{D4F12936-297B-4ED4-947D-BA7E091C3A00}.Debug|x64.ActiveCfg = Debug|Any CPU
		{D4F12936-297B-4ED4-947D-BA7E091C3A00}.Debug|x64.Build.0 = Debug|Any CPU
		{D4F12936-297B-4ED4-947D-BA7E091C3A00}.Debug|x86.ActiveCfg = Debug|Any CPU
		{D4F12936-297B-4ED4-947D-BA7E091C3A00}.Debug|x86.Build.0 = Debug|Any CPU
		{D4F12936-297B-4ED4-947D-BA7E091C3A00}.Release|Any CPU.ActiveCfg = Release|Any CPU
		{D4F12936-297B-4ED4-947D-BA7E091C3A00}.Release|Any CPU.Build.0 = Release|Any CPU
		{D4F12936-297B-4ED4-947D-BA7E091C3A00}.Release|x64.ActiveCfg = Release|Any CPU
		{D4F12936-297B-4ED4-947D-BA7E091C3A00}.Release|x64.Build.0 = Release|Any CPU
		{D4F12936-297B-4ED4-947D-BA7E091C3A00}.Release|x86.ActiveCfg = Release|Any CPU
		{D4F12936-297B-4ED4-947D-BA7E091C3A00}.Release|x86.Build.0 = Release|Any CPU
		{8E4E9A9A-3183-47EA-B1A4-17AA994B110C}.Debug|Any CPU.ActiveCfg = Debug|Any CPU
		{8E4E9A9A-3183-47EA-B1A4-17AA994B110C}.Debug|Any CPU.Build.0 = Debug|Any CPU
		{8E4E9A9A-3183-47EA-B1A4-17AA994B110C}.Debug|x64.ActiveCfg = Debug|Any CPU
		{8E4E9A9A-3183-47EA-B1A4-17AA994B110C}.Debug|x64.Build.0 = Debug|Any CPU
		{8E4E9A9A-3183-47EA-B1A4-17AA994B110C}.Debug|x86.ActiveCfg = Debug|Any CPU
		{8E4E9A9A-3183-47EA-B1A4-17AA994B110C}.Debug|x86.Build.0 = Debug|Any CPU
		{8E4E9A9A-3183-47EA-B1A4-17AA994B110C}.Release|Any CPU.ActiveCfg = Release|Any CPU
		{8E4E9A9A-3183-47EA-B1A4-17AA994B110C}.Release|Any CPU.Build.0 = Release|Any CPU
		{8E4E9A9A-3183-47EA-B1A4-17AA994B110C}.Release|x64.ActiveCfg = Release|Any CPU
		{8E4E9A9A-3183-47EA-B1A4-17AA994B110C}.Release|x64.Build.0 = Release|Any CPU
		{8E4E9A9A-3183-47EA-B1A4-17AA994B110C}.Release|x86.ActiveCfg = Release|Any CPU
		{8E4E9A9A-3183-47EA-B1A4-17AA994B110C}.Release|x86.Build.0 = Release|Any CPU
		{A01CF35C-D7FA-4ECA-9293-1E763E90F6E4}.Debug|Any CPU.ActiveCfg = Debug|Any CPU
		{A01CF35C-D7FA-4ECA-9293-1E763E90F6E4}.Debug|Any CPU.Build.0 = Debug|Any CPU
		{A01CF35C-D7FA-4ECA-9293-1E763E90F6E4}.Debug|x64.ActiveCfg = Debug|Any CPU
		{A01CF35C-D7FA-4ECA-9293-1E763E90F6E4}.Debug|x64.Build.0 = Debug|Any CPU
		{A01CF35C-D7FA-4ECA-9293-1E763E90F6E4}.Debug|x86.ActiveCfg = Debug|Any CPU
		{A01CF35C-D7FA-4ECA-9293-1E763E90F6E4}.Debug|x86.Build.0 = Debug|Any CPU
		{A01CF35C-D7FA-4ECA-9293-1E763E90F6E4}.Release|Any CPU.ActiveCfg = Release|Any CPU
		{A01CF35C-D7FA-4ECA-9293-1E763E90F6E4}.Release|Any CPU.Build.0 = Release|Any CPU
		{A01CF35C-D7FA-4ECA-9293-1E763E90F6E4}.Release|x64.ActiveCfg = Release|Any CPU
		{A01CF35C-D7FA-4ECA-9293-1E763E90F6E4}.Release|x64.Build.0 = Release|Any CPU
		{A01CF35C-D7FA-4ECA-9293-1E763E90F6E4}.Release|x86.ActiveCfg = Release|Any CPU
		{A01CF35C-D7FA-4ECA-9293-1E763E90F6E4}.Release|x86.Build.0 = Release|Any CPU
		{D6B0328E-51F1-4735-8501-4ABFB5D1AE11}.Debug|Any CPU.ActiveCfg = Debug|Any CPU
		{D6B0328E-51F1-4735-8501-4ABFB5D1AE11}.Debug|Any CPU.Build.0 = Debug|Any CPU
		{D6B0328E-51F1-4735-8501-4ABFB5D1AE11}.Debug|x64.ActiveCfg = Debug|Any CPU
		{D6B0328E-51F1-4735-8501-4ABFB5D1AE11}.Debug|x64.Build.0 = Debug|Any CPU
		{D6B0328E-51F1-4735-8501-4ABFB5D1AE11}.Debug|x86.ActiveCfg = Debug|Any CPU
		{D6B0328E-51F1-4735-8501-4ABFB5D1AE11}.Debug|x86.Build.0 = Debug|Any CPU
		{D6B0328E-51F1-4735-8501-4ABFB5D1AE11}.Release|Any CPU.ActiveCfg = Release|Any CPU
		{D6B0328E-51F1-4735-8501-4ABFB5D1AE11}.Release|Any CPU.Build.0 = Release|Any CPU
		{D6B0328E-51F1-4735-8501-4ABFB5D1AE11}.Release|x64.ActiveCfg = Release|Any CPU
		{D6B0328E-51F1-4735-8501-4ABFB5D1AE11}.Release|x64.Build.0 = Release|Any CPU
		{D6B0328E-51F1-4735-8501-4ABFB5D1AE11}.Release|x86.ActiveCfg = Release|Any CPU
		{D6B0328E-51F1-4735-8501-4ABFB5D1AE11}.Release|x86.Build.0 = Release|Any CPU
		{48B84BC5-1F78-47FA-A492-CF81C3658E8B}.Debug|Any CPU.ActiveCfg = Debug|Any CPU
		{48B84BC5-1F78-47FA-A492-CF81C3658E8B}.Debug|Any CPU.Build.0 = Debug|Any CPU
		{48B84BC5-1F78-47FA-A492-CF81C3658E8B}.Debug|x64.ActiveCfg = Debug|Any CPU
		{48B84BC5-1F78-47FA-A492-CF81C3658E8B}.Debug|x64.Build.0 = Debug|Any CPU
		{48B84BC5-1F78-47FA-A492-CF81C3658E8B}.Debug|x86.ActiveCfg = Debug|Any CPU
		{48B84BC5-1F78-47FA-A492-CF81C3658E8B}.Debug|x86.Build.0 = Debug|Any CPU
		{48B84BC5-1F78-47FA-A492-CF81C3658E8B}.Release|Any CPU.ActiveCfg = Release|Any CPU
		{48B84BC5-1F78-47FA-A492-CF81C3658E8B}.Release|Any CPU.Build.0 = Release|Any CPU
		{48B84BC5-1F78-47FA-A492-CF81C3658E8B}.Release|x64.ActiveCfg = Release|Any CPU
		{48B84BC5-1F78-47FA-A492-CF81C3658E8B}.Release|x64.Build.0 = Release|Any CPU
		{48B84BC5-1F78-47FA-A492-CF81C3658E8B}.Release|x86.ActiveCfg = Release|Any CPU
		{48B84BC5-1F78-47FA-A492-CF81C3658E8B}.Release|x86.Build.0 = Release|Any CPU
		{FD068D7A-DD6F-47FE-93A7-A86130E25C3C}.Debug|Any CPU.ActiveCfg = Debug|Any CPU
		{FD068D7A-DD6F-47FE-93A7-A86130E25C3C}.Debug|Any CPU.Build.0 = Debug|Any CPU
		{FD068D7A-DD6F-47FE-93A7-A86130E25C3C}.Debug|x64.ActiveCfg = Debug|Any CPU
		{FD068D7A-DD6F-47FE-93A7-A86130E25C3C}.Debug|x64.Build.0 = Debug|Any CPU
		{FD068D7A-DD6F-47FE-93A7-A86130E25C3C}.Debug|x86.ActiveCfg = Debug|Any CPU
		{FD068D7A-DD6F-47FE-93A7-A86130E25C3C}.Debug|x86.Build.0 = Debug|Any CPU
		{FD068D7A-DD6F-47FE-93A7-A86130E25C3C}.Release|Any CPU.ActiveCfg = Release|Any CPU
		{FD068D7A-DD6F-47FE-93A7-A86130E25C3C}.Release|Any CPU.Build.0 = Release|Any CPU
		{FD068D7A-DD6F-47FE-93A7-A86130E25C3C}.Release|x64.ActiveCfg = Release|Any CPU
		{FD068D7A-DD6F-47FE-93A7-A86130E25C3C}.Release|x64.Build.0 = Release|Any CPU
		{FD068D7A-DD6F-47FE-93A7-A86130E25C3C}.Release|x86.ActiveCfg = Release|Any CPU
		{FD068D7A-DD6F-47FE-93A7-A86130E25C3C}.Release|x86.Build.0 = Release|Any CPU
		{0B9B80B6-6084-43C9-A75D-C02EC07070F3}.Debug|Any CPU.ActiveCfg = Debug|Any CPU
		{0B9B80B6-6084-43C9-A75D-C02EC07070F3}.Debug|Any CPU.Build.0 = Debug|Any CPU
		{0B9B80B6-6084-43C9-A75D-C02EC07070F3}.Debug|x64.ActiveCfg = Debug|Any CPU
		{0B9B80B6-6084-43C9-A75D-C02EC07070F3}.Debug|x64.Build.0 = Debug|Any CPU
		{0B9B80B6-6084-43C9-A75D-C02EC07070F3}.Debug|x86.ActiveCfg = Debug|Any CPU
		{0B9B80B6-6084-43C9-A75D-C02EC07070F3}.Debug|x86.Build.0 = Debug|Any CPU
		{0B9B80B6-6084-43C9-A75D-C02EC07070F3}.Release|Any CPU.ActiveCfg = Release|Any CPU
		{0B9B80B6-6084-43C9-A75D-C02EC07070F3}.Release|Any CPU.Build.0 = Release|Any CPU
		{0B9B80B6-6084-43C9-A75D-C02EC07070F3}.Release|x64.ActiveCfg = Release|Any CPU
		{0B9B80B6-6084-43C9-A75D-C02EC07070F3}.Release|x64.Build.0 = Release|Any CPU
		{0B9B80B6-6084-43C9-A75D-C02EC07070F3}.Release|x86.ActiveCfg = Release|Any CPU
		{0B9B80B6-6084-43C9-A75D-C02EC07070F3}.Release|x86.Build.0 = Release|Any CPU
		{6C00D901-6F48-418C-99D9-372613893315}.Debug|Any CPU.ActiveCfg = Debug|Any CPU
		{6C00D901-6F48-418C-99D9-372613893315}.Debug|Any CPU.Build.0 = Debug|Any CPU
		{6C00D901-6F48-418C-99D9-372613893315}.Debug|x64.ActiveCfg = Debug|Any CPU
		{6C00D901-6F48-418C-99D9-372613893315}.Debug|x64.Build.0 = Debug|Any CPU
		{6C00D901-6F48-418C-99D9-372613893315}.Debug|x86.ActiveCfg = Debug|Any CPU
		{6C00D901-6F48-418C-99D9-372613893315}.Debug|x86.Build.0 = Debug|Any CPU
		{6C00D901-6F48-418C-99D9-372613893315}.Release|Any CPU.ActiveCfg = Release|Any CPU
		{6C00D901-6F48-418C-99D9-372613893315}.Release|Any CPU.Build.0 = Release|Any CPU
		{6C00D901-6F48-418C-99D9-372613893315}.Release|x64.ActiveCfg = Release|Any CPU
		{6C00D901-6F48-418C-99D9-372613893315}.Release|x64.Build.0 = Release|Any CPU
		{6C00D901-6F48-418C-99D9-372613893315}.Release|x86.ActiveCfg = Release|Any CPU
		{6C00D901-6F48-418C-99D9-372613893315}.Release|x86.Build.0 = Release|Any CPU
		{10A408F5-05F0-4808-94EF-799FADA6750E}.Debug|Any CPU.ActiveCfg = Debug|Any CPU
		{10A408F5-05F0-4808-94EF-799FADA6750E}.Debug|Any CPU.Build.0 = Debug|Any CPU
		{10A408F5-05F0-4808-94EF-799FADA6750E}.Debug|x64.ActiveCfg = Debug|Any CPU
		{10A408F5-05F0-4808-94EF-799FADA6750E}.Debug|x64.Build.0 = Debug|Any CPU
		{10A408F5-05F0-4808-94EF-799FADA6750E}.Debug|x86.ActiveCfg = Debug|Any CPU
		{10A408F5-05F0-4808-94EF-799FADA6750E}.Debug|x86.Build.0 = Debug|Any CPU
		{10A408F5-05F0-4808-94EF-799FADA6750E}.Release|Any CPU.ActiveCfg = Release|Any CPU
		{10A408F5-05F0-4808-94EF-799FADA6750E}.Release|Any CPU.Build.0 = Release|Any CPU
		{10A408F5-05F0-4808-94EF-799FADA6750E}.Release|x64.ActiveCfg = Release|Any CPU
		{10A408F5-05F0-4808-94EF-799FADA6750E}.Release|x64.Build.0 = Release|Any CPU
		{10A408F5-05F0-4808-94EF-799FADA6750E}.Release|x86.ActiveCfg = Release|Any CPU
		{10A408F5-05F0-4808-94EF-799FADA6750E}.Release|x86.Build.0 = Release|Any CPU
		{A785D18E-6EB6-4725-B40A-0057CD592292}.Debug|Any CPU.ActiveCfg = Debug|Any CPU
		{A785D18E-6EB6-4725-B40A-0057CD592292}.Debug|Any CPU.Build.0 = Debug|Any CPU
		{A785D18E-6EB6-4725-B40A-0057CD592292}.Debug|x64.ActiveCfg = Debug|Any CPU
		{A785D18E-6EB6-4725-B40A-0057CD592292}.Debug|x64.Build.0 = Debug|Any CPU
		{A785D18E-6EB6-4725-B40A-0057CD592292}.Debug|x86.ActiveCfg = Debug|Any CPU
		{A785D18E-6EB6-4725-B40A-0057CD592292}.Debug|x86.Build.0 = Debug|Any CPU
		{A785D18E-6EB6-4725-B40A-0057CD592292}.Release|Any CPU.ActiveCfg = Release|Any CPU
		{A785D18E-6EB6-4725-B40A-0057CD592292}.Release|Any CPU.Build.0 = Release|Any CPU
		{A785D18E-6EB6-4725-B40A-0057CD592292}.Release|x64.ActiveCfg = Release|Any CPU
		{A785D18E-6EB6-4725-B40A-0057CD592292}.Release|x64.Build.0 = Release|Any CPU
		{A785D18E-6EB6-4725-B40A-0057CD592292}.Release|x86.ActiveCfg = Release|Any CPU
		{A785D18E-6EB6-4725-B40A-0057CD592292}.Release|x86.Build.0 = Release|Any CPU
		{0A298474-987A-4A93-B6E5-4CDEC1AF4D37}.Debug|Any CPU.ActiveCfg = Debug|Any CPU
		{0A298474-987A-4A93-B6E5-4CDEC1AF4D37}.Debug|Any CPU.Build.0 = Debug|Any CPU
		{0A298474-987A-4A93-B6E5-4CDEC1AF4D37}.Debug|x64.ActiveCfg = Debug|Any CPU
		{0A298474-987A-4A93-B6E5-4CDEC1AF4D37}.Debug|x64.Build.0 = Debug|Any CPU
		{0A298474-987A-4A93-B6E5-4CDEC1AF4D37}.Debug|x86.ActiveCfg = Debug|Any CPU
		{0A298474-987A-4A93-B6E5-4CDEC1AF4D37}.Debug|x86.Build.0 = Debug|Any CPU
		{0A298474-987A-4A93-B6E5-4CDEC1AF4D37}.Release|Any CPU.ActiveCfg = Release|Any CPU
		{0A298474-987A-4A93-B6E5-4CDEC1AF4D37}.Release|Any CPU.Build.0 = Release|Any CPU
		{0A298474-987A-4A93-B6E5-4CDEC1AF4D37}.Release|x64.ActiveCfg = Release|Any CPU
		{0A298474-987A-4A93-B6E5-4CDEC1AF4D37}.Release|x64.Build.0 = Release|Any CPU
		{0A298474-987A-4A93-B6E5-4CDEC1AF4D37}.Release|x86.ActiveCfg = Release|Any CPU
		{0A298474-987A-4A93-B6E5-4CDEC1AF4D37}.Release|x86.Build.0 = Release|Any CPU
		{928BAEEE-56D1-41A7-90E6-03E988F9C454}.Debug|Any CPU.ActiveCfg = Debug|Any CPU
		{928BAEEE-56D1-41A7-90E6-03E988F9C454}.Debug|Any CPU.Build.0 = Debug|Any CPU
		{928BAEEE-56D1-41A7-90E6-03E988F9C454}.Debug|x64.ActiveCfg = Debug|Any CPU
		{928BAEEE-56D1-41A7-90E6-03E988F9C454}.Debug|x64.Build.0 = Debug|Any CPU
		{928BAEEE-56D1-41A7-90E6-03E988F9C454}.Debug|x86.ActiveCfg = Debug|Any CPU
		{928BAEEE-56D1-41A7-90E6-03E988F9C454}.Debug|x86.Build.0 = Debug|Any CPU
		{928BAEEE-56D1-41A7-90E6-03E988F9C454}.Release|Any CPU.ActiveCfg = Release|Any CPU
		{928BAEEE-56D1-41A7-90E6-03E988F9C454}.Release|Any CPU.Build.0 = Release|Any CPU
		{928BAEEE-56D1-41A7-90E6-03E988F9C454}.Release|x64.ActiveCfg = Release|Any CPU
		{928BAEEE-56D1-41A7-90E6-03E988F9C454}.Release|x64.Build.0 = Release|Any CPU
		{928BAEEE-56D1-41A7-90E6-03E988F9C454}.Release|x86.ActiveCfg = Release|Any CPU
		{928BAEEE-56D1-41A7-90E6-03E988F9C454}.Release|x86.Build.0 = Release|Any CPU
		{A124B48C-71C7-4409-9FDE-FB73A66AA964}.Debug|Any CPU.ActiveCfg = Debug|Any CPU
		{A124B48C-71C7-4409-9FDE-FB73A66AA964}.Debug|Any CPU.Build.0 = Debug|Any CPU
		{A124B48C-71C7-4409-9FDE-FB73A66AA964}.Debug|x64.ActiveCfg = Debug|Any CPU
		{A124B48C-71C7-4409-9FDE-FB73A66AA964}.Debug|x64.Build.0 = Debug|Any CPU
		{A124B48C-71C7-4409-9FDE-FB73A66AA964}.Debug|x86.ActiveCfg = Debug|Any CPU
		{A124B48C-71C7-4409-9FDE-FB73A66AA964}.Debug|x86.Build.0 = Debug|Any CPU
		{A124B48C-71C7-4409-9FDE-FB73A66AA964}.Release|Any CPU.ActiveCfg = Release|Any CPU
		{A124B48C-71C7-4409-9FDE-FB73A66AA964}.Release|Any CPU.Build.0 = Release|Any CPU
		{A124B48C-71C7-4409-9FDE-FB73A66AA964}.Release|x64.ActiveCfg = Release|Any CPU
		{A124B48C-71C7-4409-9FDE-FB73A66AA964}.Release|x64.Build.0 = Release|Any CPU
		{A124B48C-71C7-4409-9FDE-FB73A66AA964}.Release|x86.ActiveCfg = Release|Any CPU
		{A124B48C-71C7-4409-9FDE-FB73A66AA964}.Release|x86.Build.0 = Release|Any CPU
		{D3F42D31-A133-4DBD-8C9A-F4D4129350B9}.Debug|Any CPU.ActiveCfg = Debug|Any CPU
		{D3F42D31-A133-4DBD-8C9A-F4D4129350B9}.Debug|Any CPU.Build.0 = Debug|Any CPU
		{D3F42D31-A133-4DBD-8C9A-F4D4129350B9}.Debug|x64.ActiveCfg = Debug|Any CPU
		{D3F42D31-A133-4DBD-8C9A-F4D4129350B9}.Debug|x64.Build.0 = Debug|Any CPU
		{D3F42D31-A133-4DBD-8C9A-F4D4129350B9}.Debug|x86.ActiveCfg = Debug|Any CPU
		{D3F42D31-A133-4DBD-8C9A-F4D4129350B9}.Debug|x86.Build.0 = Debug|Any CPU
		{D3F42D31-A133-4DBD-8C9A-F4D4129350B9}.Release|Any CPU.ActiveCfg = Release|Any CPU
		{D3F42D31-A133-4DBD-8C9A-F4D4129350B9}.Release|Any CPU.Build.0 = Release|Any CPU
		{D3F42D31-A133-4DBD-8C9A-F4D4129350B9}.Release|x64.ActiveCfg = Release|Any CPU
		{D3F42D31-A133-4DBD-8C9A-F4D4129350B9}.Release|x64.Build.0 = Release|Any CPU
		{D3F42D31-A133-4DBD-8C9A-F4D4129350B9}.Release|x86.ActiveCfg = Release|Any CPU
		{D3F42D31-A133-4DBD-8C9A-F4D4129350B9}.Release|x86.Build.0 = Release|Any CPU
	EndGlobalSection
	GlobalSection(SolutionProperties) = preSolution
		HideSolutionNode = FALSE
	EndGlobalSection
	GlobalSection(NestedProjects) = preSolution
		{C3E171D1-9C94-4E1C-8763-0648AF65BE96} = {3B7A1B30-8D5A-496B-A734-9B80EB3C5794}
		{2D559181-5569-43E6-AB09-F5222FF54F62} = {3B7A1B30-8D5A-496B-A734-9B80EB3C5794}
		{F9D5392C-0599-4DB4-B5D5-1A208009BD38} = {3B7A1B30-8D5A-496B-A734-9B80EB3C5794}
		{FF8FF86D-EEA2-462B-8776-F3C7C0A97C5C} = {3B7A1B30-8D5A-496B-A734-9B80EB3C5794}
		{59B2D0BF-BC55-4BCB-A6E0-988829498436} = {3B7A1B30-8D5A-496B-A734-9B80EB3C5794}
		{FE7042F3-39FE-4EB9-A23A-FCDA15CA9B58} = {3B7A1B30-8D5A-496B-A734-9B80EB3C5794}
		{CD027F12-1979-42B4-82F3-283A21DAA155} = {3B7A1B30-8D5A-496B-A734-9B80EB3C5794}
		{FF6C416D-25E3-461E-9403-A8E92F742509} = {3B7A1B30-8D5A-496B-A734-9B80EB3C5794}
		{C5922011-85E2-4999-846B-4B837AD0F70F} = {3B7A1B30-8D5A-496B-A734-9B80EB3C5794}
		{FCAD825D-07E0-48AC-843C-FB21F15B3C89} = {64E875A7-9654-43CF-87C3-FB3169CB7E20}
		{0360EA85-7290-4AFF-BFB0-B7FDE6806D93} = {64E875A7-9654-43CF-87C3-FB3169CB7E20}
		{B43A16FE-816B-4A1F-A09E-2167E1BDABC0} = {64E875A7-9654-43CF-87C3-FB3169CB7E20}
		{043DF7C0-C6F7-4059-A5FD-2BA0F27CF2BE} = {64E875A7-9654-43CF-87C3-FB3169CB7E20}
		{8A88FE1B-407B-48D8-A74D-C672CC0B1DBB} = {3B7A1B30-8D5A-496B-A734-9B80EB3C5794}
		{E1F9306E-7906-4717-872B-0E5820ED1240} = {3B7A1B30-8D5A-496B-A734-9B80EB3C5794}
		{A0876FCB-3F88-4E61-A06B-68C69EFBBFA0} = {64E875A7-9654-43CF-87C3-FB3169CB7E20}
		{3426C460-A7A9-4AFB-9D42-04733A2F7C06} = {41D78046-D558-4714-8BA5-3423331D817A}
		{29527075-A890-40C7-820F-30A569EF3F84} = {3426C460-A7A9-4AFB-9D42-04733A2F7C06}
		{86E39638-F5CC-42B9-BF4B-0FA1E89DF314} = {3426C460-A7A9-4AFB-9D42-04733A2F7C06}
		{D70E4C0A-5891-4E11-BEDC-F41F6F825414} = {3426C460-A7A9-4AFB-9D42-04733A2F7C06}
		{61BDAA8D-99FC-441A-94B1-86DE4BCD374E} = {3426C460-A7A9-4AFB-9D42-04733A2F7C06}
		{C4ABCF62-0C67-470F-80D7-A18A2F999222} = {3426C460-A7A9-4AFB-9D42-04733A2F7C06}
		{5A3DBB09-C245-40C8-BBFF-8897CB9B4DF6} = {3426C460-A7A9-4AFB-9D42-04733A2F7C06}
		{F6A4E61E-EA29-45DA-A0C9-7001241653E3} = {3426C460-A7A9-4AFB-9D42-04733A2F7C06}
		{E31087D7-9090-4CDE-B9BA-F61B6B32B7F5} = {3426C460-A7A9-4AFB-9D42-04733A2F7C06}
		{5BBE7B3C-ECF9-4737-8F39-E6AACF9CDAB1} = {3426C460-A7A9-4AFB-9D42-04733A2F7C06}
		{549F95F9-E006-45F5-BC2E-F0258F648EA1} = {41D78046-D558-4714-8BA5-3423331D817A}
		{649B23B5-48D4-492C-9AAF-EA6B31C0F9A3} = {549F95F9-E006-45F5-BC2E-F0258F648EA1}
		{D4F12936-297B-4ED4-947D-BA7E091C3A00} = {549F95F9-E006-45F5-BC2E-F0258F648EA1}
		{8E4E9A9A-3183-47EA-B1A4-17AA994B110C} = {549F95F9-E006-45F5-BC2E-F0258F648EA1}
		{A01CF35C-D7FA-4ECA-9293-1E763E90F6E4} = {549F95F9-E006-45F5-BC2E-F0258F648EA1}
		{D6B0328E-51F1-4735-8501-4ABFB5D1AE11} = {549F95F9-E006-45F5-BC2E-F0258F648EA1}
		{48B84BC5-1F78-47FA-A492-CF81C3658E8B} = {3426C460-A7A9-4AFB-9D42-04733A2F7C06}
		{FD068D7A-DD6F-47FE-93A7-A86130E25C3C} = {3426C460-A7A9-4AFB-9D42-04733A2F7C06}
		{0B9B80B6-6084-43C9-A75D-C02EC07070F3} = {3426C460-A7A9-4AFB-9D42-04733A2F7C06}
		{6C00D901-6F48-418C-99D9-372613893315} = {3426C460-A7A9-4AFB-9D42-04733A2F7C06}
		{10A408F5-05F0-4808-94EF-799FADA6750E} = {3B7A1B30-8D5A-496B-A734-9B80EB3C5794}
		{A785D18E-6EB6-4725-B40A-0057CD592292} = {64E875A7-9654-43CF-87C3-FB3169CB7E20}
		{0A298474-987A-4A93-B6E5-4CDEC1AF4D37} = {64E875A7-9654-43CF-87C3-FB3169CB7E20}
		{928BAEEE-56D1-41A7-90E6-03E988F9C454} = {64E875A7-9654-43CF-87C3-FB3169CB7E20}
		{A124B48C-71C7-4409-9FDE-FB73A66AA964} = {3B7A1B30-8D5A-496B-A734-9B80EB3C5794}
		{D3F42D31-A133-4DBD-8C9A-F4D4129350B9} = {3B7A1B30-8D5A-496B-A734-9B80EB3C5794}
	EndGlobalSection
	GlobalSection(ExtensibilityGlobals) = postSolution
		SolutionGuid = {ECCBA704-EBC2-49C4-8521-486AF157D4B2}
	EndGlobalSection
EndGlobal
